// !$*UTF8*$!
{
	archiveVersion = 1;
	classes = {
	};
	objectVersion = 46;
	objects = {

/* Begin PBXBuildFile section */
		811A9CC0175FE2C400B42612 /* AcceptGiftViewController.m in Sources */ = {isa = PBXBuildFile; fileRef = 811A9CBF175FE2C400B42612 /* AcceptGiftViewController.m */; };
		8146D169177274450035F589 /* ActivityCell.m in Sources */ = {isa = PBXBuildFile; fileRef = 8146D168177274450035F589 /* ActivityCell.m */; };
		8146D16F17733B530035F589 /* BaseMerchantViewController.m in Sources */ = {isa = PBXBuildFile; fileRef = 8146D16E17733B520035F589 /* BaseMerchantViewController.m */; };
		8146D17217737EF80035F589 /* FindDealsViewController.m in Sources */ = {isa = PBXBuildFile; fileRef = 8146D17117737EF80035F589 /* FindDealsViewController.m */; };
		8146D175177394BD0035F589 /* MyDealsViewController.m in Sources */ = {isa = PBXBuildFile; fileRef = 8146D174177394BC0035F589 /* MyDealsViewController.m */; };
		8146D1781773EF140035F589 /* ActivityViewController.m in Sources */ = {isa = PBXBuildFile; fileRef = 8146D1771773EF130035F589 /* ActivityViewController.m */; };
		8146D17B17748B760035F589 /* BaseMerchantDetailViewController.m in Sources */ = {isa = PBXBuildFile; fileRef = 8146D17A17748B740035F589 /* BaseMerchantDetailViewController.m */; };
		8146D17E17748ED40035F589 /* MerchantDealViewController.m in Sources */ = {isa = PBXBuildFile; fileRef = 8146D17D17748ED30035F589 /* MerchantDealViewController.m */; };
		8146D181177495030035F589 /* MerchantDealOfferViewController.m in Sources */ = {isa = PBXBuildFile; fileRef = 8146D180177494F70035F589 /* MerchantDealOfferViewController.m */; };
		8146D18A1774D2740035F589 /* MerchantBannerView.m in Sources */ = {isa = PBXBuildFile; fileRef = 8146D1891774D2740035F589 /* MerchantBannerView.m */; };
		8146D18C1774D29E0035F589 /* MerchantBannerView.xib in Resources */ = {isa = PBXBuildFile; fileRef = 8146D18B1774D29E0035F589 /* MerchantBannerView.xib */; };
		817E537F1770A90A0049434A /* NSData+Base64.m in Sources */ = {isa = PBXBuildFile; fileRef = 817E537C1770A90A0049434A /* NSData+Base64.m */; };
		817E53801770A90A0049434A /* VerificationController.m in Sources */ = {isa = PBXBuildFile; fileRef = 817E537E1770A90A0049434A /* VerificationController.m */; };
		817E53811770A9150049434A /* IAPHelper.m in Sources */ = {isa = PBXBuildFile; fileRef = 817E53731770A82C0049434A /* IAPHelper.m */; };
		817E53821770A91D0049434A /* TaloolIAPHelper.m in Sources */ = {isa = PBXBuildFile; fileRef = 817E53791770A86A0049434A /* TaloolIAPHelper.m */; };
		817E53851770CE180049434A /* StoreKit.framework in Frameworks */ = {isa = PBXBuildFile; fileRef = 817E53841770CE180049434A /* StoreKit.framework */; };
		818D16B7176661D800DFB14A /* talool-api-ios.bundle in Resources */ = {isa = PBXBuildFile; fileRef = 818D16B6176661D700DFB14A /* talool-api-ios.bundle */; };
		81937B1B176A38BB002DDCA8 /* 000.png in Resources */ = {isa = PBXBuildFile; fileRef = 81937B1A176A38BB002DDCA8 /* 000.png */; };
		81937B20176A44FA002DDCA8 /* page-curl.png in Resources */ = {isa = PBXBuildFile; fileRef = 81937B1F176A44FA002DDCA8 /* page-curl.png */; };
		81937B23176A4A1A002DDCA8 /* TaloolDealViewController.m in Sources */ = {isa = PBXBuildFile; fileRef = 81937B22176A4A1A002DDCA8 /* TaloolDealViewController.m */; };
		81937B26176A6D70002DDCA8 /* TaloolDealActionViewController.m in Sources */ = {isa = PBXBuildFile; fileRef = 81937B25176A6D70002DDCA8 /* TaloolDealActionViewController.m */; };
		81937B2C176B6B1E002DDCA8 /* TextureHelper.m in Sources */ = {isa = PBXBuildFile; fileRef = 81937B2B176B6B1E002DDCA8 /* TextureHelper.m */; };
		81937B32176F7B7B002DDCA8 /* DealOfferCell.m in Sources */ = {isa = PBXBuildFile; fileRef = 81937B31176F7B7B002DDCA8 /* DealOfferCell.m */; };
		81937B35176FB51B002DDCA8 /* DealOfferViewController.m in Sources */ = {isa = PBXBuildFile; fileRef = 81937B34176FB51A002DDCA8 /* DealOfferViewController.m */; };
		81A869AD17750B810043ACE8 /* MerchantSearchView.m in Sources */ = {isa = PBXBuildFile; fileRef = 81A869AC17750B810043ACE8 /* MerchantSearchView.m */; };
		81A869B217750BA30043ACE8 /* MerchantSearchView.xib in Resources */ = {isa = PBXBuildFile; fileRef = 81A869B117750BA30043ACE8 /* MerchantSearchView.xib */; };
		81A869B5177633220043ACE8 /* MerchantSearchHelper.m in Sources */ = {isa = PBXBuildFile; fileRef = 81A869B4177633220043ACE8 /* MerchantSearchHelper.m */; };
		81A869B81777822E0043ACE8 /* ActivityFilterView.m in Sources */ = {isa = PBXBuildFile; fileRef = 81A869B71777822E0043ACE8 /* ActivityFilterView.m */; };
		81A869BA1777824B0043ACE8 /* ActivityFilterView.xib in Resources */ = {isa = PBXBuildFile; fileRef = 81A869B91777824B0043ACE8 /* ActivityFilterView.xib */; };
		81A869BD177792CB0043ACE8 /* ActivityStreamHelper.m in Sources */ = {isa = PBXBuildFile; fileRef = 81A869BC177792CB0043ACE8 /* ActivityStreamHelper.m */; };
		81F24B031750280D003A3A1A /* AddressBookUI.framework in Frameworks */ = {isa = PBXBuildFile; fileRef = 81F24B021750280D003A3A1A /* AddressBookUI.framework */; };
		81F24B061752E9D6003A3A1A /* TaloolUIButton.m in Sources */ = {isa = PBXBuildFile; fileRef = 81F24B051752E9D6003A3A1A /* TaloolUIButton.m */; };
		81F24B1A1754433A003A3A1A /* GradientButton.m in Sources */ = {isa = PBXBuildFile; fileRef = 81F24B191754433A003A3A1A /* GradientButton.m */; };
		81F24B24175950CA003A3A1A /* TaloolIconButton.m in Sources */ = {isa = PBXBuildFile; fileRef = 81F24B23175950C9003A3A1A /* TaloolIconButton.m */; };
		9103110D16D1E53800CEE814 /* UIKit.framework in Frameworks */ = {isa = PBXBuildFile; fileRef = 9103110C16D1E53800CEE814 /* UIKit.framework */; };
		9103110F16D1E53800CEE814 /* Foundation.framework in Frameworks */ = {isa = PBXBuildFile; fileRef = 9103110E16D1E53800CEE814 /* Foundation.framework */; };
		9103111116D1E53800CEE814 /* CoreGraphics.framework in Frameworks */ = {isa = PBXBuildFile; fileRef = 9103111016D1E53800CEE814 /* CoreGraphics.framework */; };
		9103111716D1E53800CEE814 /* InfoPlist.strings in Resources */ = {isa = PBXBuildFile; fileRef = 9103111516D1E53800CEE814 /* InfoPlist.strings */; };
		9103111916D1E53800CEE814 /* main.m in Sources */ = {isa = PBXBuildFile; fileRef = 9103111816D1E53800CEE814 /* main.m */; };
		9103111D16D1E53800CEE814 /* AppDelegate.m in Sources */ = {isa = PBXBuildFile; fileRef = 9103111C16D1E53800CEE814 /* AppDelegate.m */; };
		9103112616D1E53800CEE814 /* MainStoryboard.storyboard in Resources */ = {isa = PBXBuildFile; fileRef = 9103112416D1E53800CEE814 /* MainStoryboard.storyboard */; };
		9103113C16D1E53900CEE814 /* SenTestingKit.framework in Frameworks */ = {isa = PBXBuildFile; fileRef = 9103113B16D1E53800CEE814 /* SenTestingKit.framework */; };
		9103113D16D1E53900CEE814 /* UIKit.framework in Frameworks */ = {isa = PBXBuildFile; fileRef = 9103110C16D1E53800CEE814 /* UIKit.framework */; };
		9103113E16D1E53900CEE814 /* Foundation.framework in Frameworks */ = {isa = PBXBuildFile; fileRef = 9103110E16D1E53800CEE814 /* Foundation.framework */; };
		9103114616D1E53900CEE814 /* InfoPlist.strings in Resources */ = {isa = PBXBuildFile; fileRef = 9103114416D1E53900CEE814 /* InfoPlist.strings */; };
		9103114916D1E53900CEE814 /* mobileTests.m in Sources */ = {isa = PBXBuildFile; fileRef = 9103114816D1E53900CEE814 /* mobileTests.m */; };
		9103115E16D3179E00CEE814 /* MerchantCell.m in Sources */ = {isa = PBXBuildFile; fileRef = 9103115D16D3179E00CEE814 /* MerchantCell.m */; };
		9103116116D317E800CEE814 /* FavoriteMerchantCell.m in Sources */ = {isa = PBXBuildFile; fileRef = 9103116016D317E800CEE814 /* FavoriteMerchantCell.m */; };
		91490D311745DBD000622A85 /* CoreText.framework in Frameworks */ = {isa = PBXBuildFile; fileRef = 91490D301745DBD000622A85 /* CoreText.framework */; };
		91490D3C1745E02100622A85 /* FontAwesome.otf in Resources */ = {isa = PBXBuildFile; fileRef = 91490D391745E02100622A85 /* FontAwesome.otf */; };
		91490D3D1745E02100622A85 /* FontAwesomeKit.m in Sources */ = {isa = PBXBuildFile; fileRef = 91490D3B1745E02100622A85 /* FontAwesomeKit.m */; };
		91490D401746805400622A85 /* MerchantFilterControl.m in Sources */ = {isa = PBXBuildFile; fileRef = 91490D3F1746805400622A85 /* MerchantFilterControl.m */; };
		91490D80174810A600622A85 /* CategoryHelper.m in Sources */ = {isa = PBXBuildFile; fileRef = 91490D7F174810A600622A85 /* CategoryHelper.m */; };
		914B1EC016E3029A00C88B59 /* WelcomeViewController.m in Sources */ = {isa = PBXBuildFile; fileRef = 914B1EBF16E3029A00C88B59 /* WelcomeViewController.m */; };
		9161487616EAD758001C546C /* Social.framework in Frameworks */ = {isa = PBXBuildFile; fileRef = 9161487516EAD758001C546C /* Social.framework */; settings = {ATTRIBUTES = (Weak, ); }; };
		9161487916EAD76F001C546C /* Accounts.framework in Frameworks */ = {isa = PBXBuildFile; fileRef = 9161487816EAD76F001C546C /* Accounts.framework */; settings = {ATTRIBUTES = (Weak, ); }; };
		9161487B16EAD783001C546C /* AddressBook.framework in Frameworks */ = {isa = PBXBuildFile; fileRef = 9161487A16EAD783001C546C /* AddressBook.framework */; };
		9161488316EADC1A001C546C /* AdSupport.framework in Frameworks */ = {isa = PBXBuildFile; fileRef = 9161488216EADC1A001C546C /* AdSupport.framework */; settings = {ATTRIBUTES = (Weak, ); }; };
		916148CF16ED1C04001C546C /* CustomerHelper.m in Sources */ = {isa = PBXBuildFile; fileRef = 916148CE16ED1C04001C546C /* CustomerHelper.m */; };
		9168A4DB170496CC00E53EB1 /* SettingsTableViewController.m in Sources */ = {isa = PBXBuildFile; fileRef = 9168A4DA170496CC00E53EB1 /* SettingsTableViewController.m */; };
		9168A50A170B484400E53EB1 /* Default-568h@2x.png in Resources */ = {isa = PBXBuildFile; fileRef = 9168A507170B484300E53EB1 /* Default-568h@2x.png */; };
		9168A50B170B484400E53EB1 /* Default.png in Resources */ = {isa = PBXBuildFile; fileRef = 9168A508170B484300E53EB1 /* Default.png */; };
		9168A50C170B484400E53EB1 /* Default@2x.png in Resources */ = {isa = PBXBuildFile; fileRef = 9168A509170B484400E53EB1 /* Default@2x.png */; };
		9168A50E170B485600E53EB1 /* Icon.png in Resources */ = {isa = PBXBuildFile; fileRef = 9168A50D170B485500E53EB1 /* Icon.png */; };
		916B1167175D69590024A037 /* Security.framework in Frameworks */ = {isa = PBXBuildFile; fileRef = 916B1166175D69590024A037 /* Security.framework */; };
		916B116D175D6AD50024A037 /* FacebookSDKResources.bundle in Resources */ = {isa = PBXBuildFile; fileRef = 916B116B175D6AD50024A037 /* FacebookSDKResources.bundle */; };
		916B116E175D6AD50024A037 /* FBUserSettingsViewResources.bundle in Resources */ = {isa = PBXBuildFile; fileRef = 916B116C175D6AD50024A037 /* FBUserSettingsViewResources.bundle */; };
		916B1172175D6B1B0024A037 /* FacebookSDK.framework in Frameworks */ = {isa = PBXBuildFile; fileRef = 916B1171175D6B1B0024A037 /* FacebookSDK.framework */; };
		917CBE5317457C0F00383EA1 /* libtalool-api-ios.a in Frameworks */ = {isa = PBXBuildFile; fileRef = 91CC60E816F6CC1600647AEC /* libtalool-api-ios.a */; };
		917F0FD916DC66AB008A56E3 /* CoreData.framework in Frameworks */ = {isa = PBXBuildFile; fileRef = 917F0FD716DC66AB008A56E3 /* CoreData.framework */; };
		917F0FDA16DC66AB008A56E3 /* CoreLocation.framework in Frameworks */ = {isa = PBXBuildFile; fileRef = 917F0FD816DC66AB008A56E3 /* CoreLocation.framework */; };
		9183F4C6170342B000ED4844 /* AVFoundation.framework in Frameworks */ = {isa = PBXBuildFile; fileRef = 9183F4C4170342B000ED4844 /* AVFoundation.framework */; };
		9183F4C7170342B000ED4844 /* CoreMedia.framework in Frameworks */ = {isa = PBXBuildFile; fileRef = 9183F4C5170342B000ED4844 /* CoreMedia.framework */; };
		9183F4C9170342C800ED4844 /* CoreVideo.framework in Frameworks */ = {isa = PBXBuildFile; fileRef = 9183F4C8170342C800ED4844 /* CoreVideo.framework */; };
		9183F4CB170342D500ED4844 /* ImageIO.framework in Frameworks */ = {isa = PBXBuildFile; fileRef = 9183F4CA170342D500ED4844 /* ImageIO.framework */; };
		9183F4CD170342E200ED4844 /* QuartzCore.framework in Frameworks */ = {isa = PBXBuildFile; fileRef = 9183F4CC170342E100ED4844 /* QuartzCore.framework */; };
		9183F4D7170350BB00ED4844 /* ZXingObjC.framework in Frameworks */ = {isa = PBXBuildFile; fileRef = 9183F4D6170350BB00ED4844 /* ZXingObjC.framework */; };
		9197F97B170CB50500BDAA58 /* SDWebImage.framework in Frameworks */ = {isa = PBXBuildFile; fileRef = 9197F97A170CB50500BDAA58 /* SDWebImage.framework */; };
		9197F985170D24CB00BDAA58 /* Icon_brown.png in Resources */ = {isa = PBXBuildFile; fileRef = 9197F97F170D24CB00BDAA58 /* Icon_brown.png */; };
		9197F986170D24CB00BDAA58 /* Icon_green.png in Resources */ = {isa = PBXBuildFile; fileRef = 9197F980170D24CB00BDAA58 /* Icon_green.png */; };
		9197F987170D24CB00BDAA58 /* Icon_orange.png in Resources */ = {isa = PBXBuildFile; fileRef = 9197F981170D24CB00BDAA58 /* Icon_orange.png */; };
		9197F988170D24CB00BDAA58 /* Icon_red.png in Resources */ = {isa = PBXBuildFile; fileRef = 9197F982170D24CB00BDAA58 /* Icon_red.png */; };
		9197F989170D24CB00BDAA58 /* Icon_tan.png in Resources */ = {isa = PBXBuildFile; fileRef = 9197F983170D24CB00BDAA58 /* Icon_tan.png */; };
		9197F98A170D24CB00BDAA58 /* Icon_teal.png in Resources */ = {isa = PBXBuildFile; fileRef = 9197F984170D24CB00BDAA58 /* Icon_teal.png */; };
		9197F98E170F157200BDAA58 /* TaloolColor.m in Sources */ = {isa = PBXBuildFile; fileRef = 9197F98D170F157200BDAA58 /* TaloolColor.m */; };
		91986EFC16D7150400D1CA96 /* RewardCell.m in Sources */ = {isa = PBXBuildFile; fileRef = 91986EFB16D7150400D1CA96 /* RewardCell.m */; };
		91986F0C16DA88F900D1CA96 /* RegistrationViewController.m in Sources */ = {isa = PBXBuildFile; fileRef = 91986F0B16DA88F800D1CA96 /* RegistrationViewController.m */; };
		91986F0F16DA9E8B00D1CA96 /* TaloolTabBarController.m in Sources */ = {isa = PBXBuildFile; fileRef = 91986F0E16DA9E8900D1CA96 /* TaloolTabBarController.m */; };
		919A330C17447C3B0093FAC4 /* MerchantLocationViewController.m in Sources */ = {isa = PBXBuildFile; fileRef = 919A330B17447C3A0093FAC4 /* MerchantLocationViewController.m */; };
		919A3311174510AA0093FAC4 /* MapKit.framework in Frameworks */ = {isa = PBXBuildFile; fileRef = 919A3310174510A90093FAC4 /* MapKit.framework */; };
		919A3314174516620093FAC4 /* MerchantLocationAnnotation.m in Sources */ = {isa = PBXBuildFile; fileRef = 919A3313174516610093FAC4 /* MerchantLocationAnnotation.m */; };
		919A331717452F1C0093FAC4 /* LocationCell.m in Sources */ = {isa = PBXBuildFile; fileRef = 919A331617452F1B0093FAC4 /* LocationCell.m */; };
		919A331817453AF70093FAC4 /* MerchantLocationViewController.m in Sources */ = {isa = PBXBuildFile; fileRef = 919A330B17447C3A0093FAC4 /* MerchantLocationViewController.m */; };
		919A331917453B120093FAC4 /* LocationCell.m in Sources */ = {isa = PBXBuildFile; fileRef = 919A331617452F1B0093FAC4 /* LocationCell.m */; };
		919A331B17453B120093FAC4 /* MerchantLocationAnnotation.m in Sources */ = {isa = PBXBuildFile; fileRef = 919A3313174516610093FAC4 /* MerchantLocationAnnotation.m */; };
		91CC60BF16F5222C00647AEC /* FacebookHelper.m in Sources */ = {isa = PBXBuildFile; fileRef = 91CC60BE16F5222C00647AEC /* FacebookHelper.m */; };
/* End PBXBuildFile section */

/* Begin PBXContainerItemProxy section */
		9103113F16D1E53900CEE814 /* PBXContainerItemProxy */ = {
			isa = PBXContainerItemProxy;
			containerPortal = 9103110116D1E53800CEE814 /* Project object */;
			proxyType = 1;
			remoteGlobalIDString = 9103110816D1E53800CEE814;
			remoteInfo = mobile;
		};
		910FEB2E16FBF8D700B4CCFD /* PBXContainerItemProxy */ = {
			isa = PBXContainerItemProxy;
			containerPortal = 91CC60E016F6CC1500647AEC /* talool-api-ios.xcodeproj */;
			proxyType = 1;
			remoteGlobalIDString = 914A1AE316E6ECAC0043989A;
			remoteInfo = "talool-api-ios";
		};
		91CC60E716F6CC1600647AEC /* PBXContainerItemProxy */ = {
			isa = PBXContainerItemProxy;
			containerPortal = 91CC60E016F6CC1500647AEC /* talool-api-ios.xcodeproj */;
			proxyType = 2;
			remoteGlobalIDString = 914A1AE416E6ECAC0043989A;
			remoteInfo = "talool-api-ios";
		};
		91CC60E916F6CC1600647AEC /* PBXContainerItemProxy */ = {
			isa = PBXContainerItemProxy;
			containerPortal = 91CC60E016F6CC1500647AEC /* talool-api-ios.xcodeproj */;
			proxyType = 2;
			remoteGlobalIDString = 914A1AF516E6ECAD0043989A;
			remoteInfo = "talool-api-iosTests";
		};
		91CC60EB16F6CC1600647AEC /* PBXContainerItemProxy */ = {
			isa = PBXContainerItemProxy;
			containerPortal = 91CC60E016F6CC1500647AEC /* talool-api-ios.xcodeproj */;
			proxyType = 2;
			remoteGlobalIDString = 916148AA16EBC9E1001C546C;
			remoteInfo = TaloolAPIResources;
		};
/* End PBXContainerItemProxy section */

/* Begin PBXFileReference section */
		811A9CBE175FE2C400B42612 /* AcceptGiftViewController.h */ = {isa = PBXFileReference; fileEncoding = 4; lastKnownFileType = sourcecode.c.h; path = AcceptGiftViewController.h; sourceTree = "<group>"; };
		811A9CBF175FE2C400B42612 /* AcceptGiftViewController.m */ = {isa = PBXFileReference; fileEncoding = 4; lastKnownFileType = sourcecode.c.objc; path = AcceptGiftViewController.m; sourceTree = "<group>"; };
		8146D167177274450035F589 /* ActivityCell.h */ = {isa = PBXFileReference; fileEncoding = 4; lastKnownFileType = sourcecode.c.h; path = ActivityCell.h; sourceTree = "<group>"; };
		8146D168177274450035F589 /* ActivityCell.m */ = {isa = PBXFileReference; fileEncoding = 4; lastKnownFileType = sourcecode.c.objc; path = ActivityCell.m; sourceTree = "<group>"; };
		8146D16D17733B520035F589 /* BaseMerchantViewController.h */ = {isa = PBXFileReference; fileEncoding = 4; lastKnownFileType = sourcecode.c.h; path = BaseMerchantViewController.h; sourceTree = "<group>"; };
		8146D16E17733B520035F589 /* BaseMerchantViewController.m */ = {isa = PBXFileReference; fileEncoding = 4; lastKnownFileType = sourcecode.c.objc; path = BaseMerchantViewController.m; sourceTree = "<group>"; };
		8146D17017737EF80035F589 /* FindDealsViewController.h */ = {isa = PBXFileReference; fileEncoding = 4; lastKnownFileType = sourcecode.c.h; path = FindDealsViewController.h; sourceTree = "<group>"; };
		8146D17117737EF80035F589 /* FindDealsViewController.m */ = {isa = PBXFileReference; fileEncoding = 4; lastKnownFileType = sourcecode.c.objc; path = FindDealsViewController.m; sourceTree = "<group>"; };
		8146D173177394BC0035F589 /* MyDealsViewController.h */ = {isa = PBXFileReference; fileEncoding = 4; lastKnownFileType = sourcecode.c.h; path = MyDealsViewController.h; sourceTree = "<group>"; };
		8146D174177394BC0035F589 /* MyDealsViewController.m */ = {isa = PBXFileReference; fileEncoding = 4; lastKnownFileType = sourcecode.c.objc; path = MyDealsViewController.m; sourceTree = "<group>"; };
		8146D1761773EF110035F589 /* ActivityViewController.h */ = {isa = PBXFileReference; fileEncoding = 4; lastKnownFileType = sourcecode.c.h; path = ActivityViewController.h; sourceTree = "<group>"; };
		8146D1771773EF130035F589 /* ActivityViewController.m */ = {isa = PBXFileReference; fileEncoding = 4; lastKnownFileType = sourcecode.c.objc; path = ActivityViewController.m; sourceTree = "<group>"; };
		8146D17917748B730035F589 /* BaseMerchantDetailViewController.h */ = {isa = PBXFileReference; fileEncoding = 4; lastKnownFileType = sourcecode.c.h; path = BaseMerchantDetailViewController.h; sourceTree = "<group>"; };
		8146D17A17748B740035F589 /* BaseMerchantDetailViewController.m */ = {isa = PBXFileReference; fileEncoding = 4; lastKnownFileType = sourcecode.c.objc; path = BaseMerchantDetailViewController.m; sourceTree = "<group>"; };
		8146D17C17748ED20035F589 /* MerchantDealViewController.h */ = {isa = PBXFileReference; fileEncoding = 4; lastKnownFileType = sourcecode.c.h; path = MerchantDealViewController.h; sourceTree = "<group>"; };
		8146D17D17748ED30035F589 /* MerchantDealViewController.m */ = {isa = PBXFileReference; fileEncoding = 4; lastKnownFileType = sourcecode.c.objc; path = MerchantDealViewController.m; sourceTree = "<group>"; };
		8146D17F177494F00035F589 /* MerchantDealOfferViewController.h */ = {isa = PBXFileReference; fileEncoding = 4; lastKnownFileType = sourcecode.c.h; path = MerchantDealOfferViewController.h; sourceTree = "<group>"; };
		8146D180177494F70035F589 /* MerchantDealOfferViewController.m */ = {isa = PBXFileReference; fileEncoding = 4; lastKnownFileType = sourcecode.c.objc; path = MerchantDealOfferViewController.m; sourceTree = "<group>"; };
		8146D1881774D2740035F589 /* MerchantBannerView.h */ = {isa = PBXFileReference; fileEncoding = 4; lastKnownFileType = sourcecode.c.h; path = MerchantBannerView.h; sourceTree = "<group>"; };
		8146D1891774D2740035F589 /* MerchantBannerView.m */ = {isa = PBXFileReference; fileEncoding = 4; lastKnownFileType = sourcecode.c.objc; path = MerchantBannerView.m; sourceTree = "<group>"; };
		8146D18B1774D29E0035F589 /* MerchantBannerView.xib */ = {isa = PBXFileReference; fileEncoding = 4; lastKnownFileType = file.xib; path = MerchantBannerView.xib; sourceTree = "<group>"; };
		817E53721770A82C0049434A /* IAPHelper.h */ = {isa = PBXFileReference; fileEncoding = 4; lastKnownFileType = sourcecode.c.h; path = IAPHelper.h; sourceTree = "<group>"; };
		817E53731770A82C0049434A /* IAPHelper.m */ = {isa = PBXFileReference; fileEncoding = 4; lastKnownFileType = sourcecode.c.objc; path = IAPHelper.m; sourceTree = "<group>"; };
		817E53781770A86A0049434A /* TaloolIAPHelper.h */ = {isa = PBXFileReference; fileEncoding = 4; lastKnownFileType = sourcecode.c.h; path = TaloolIAPHelper.h; sourceTree = "<group>"; };
		817E53791770A86A0049434A /* TaloolIAPHelper.m */ = {isa = PBXFileReference; fileEncoding = 4; lastKnownFileType = sourcecode.c.objc; path = TaloolIAPHelper.m; sourceTree = "<group>"; };
		817E537B1770A90A0049434A /* NSData+Base64.h */ = {isa = PBXFileReference; fileEncoding = 4; lastKnownFileType = sourcecode.c.h; path = "NSData+Base64.h"; sourceTree = "<group>"; };
		817E537C1770A90A0049434A /* NSData+Base64.m */ = {isa = PBXFileReference; fileEncoding = 4; lastKnownFileType = sourcecode.c.objc; path = "NSData+Base64.m"; sourceTree = "<group>"; };
		817E537D1770A90A0049434A /* VerificationController.h */ = {isa = PBXFileReference; fileEncoding = 4; lastKnownFileType = sourcecode.c.h; path = VerificationController.h; sourceTree = "<group>"; };
		817E537E1770A90A0049434A /* VerificationController.m */ = {isa = PBXFileReference; fileEncoding = 4; lastKnownFileType = sourcecode.c.objc; path = VerificationController.m; sourceTree = "<group>"; };
		817E53841770CE180049434A /* StoreKit.framework */ = {isa = PBXFileReference; lastKnownFileType = wrapper.framework; name = StoreKit.framework; path = System/Library/Frameworks/StoreKit.framework; sourceTree = SDKROOT; };
		818D16B6176661D700DFB14A /* talool-api-ios.bundle */ = {isa = PBXFileReference; lastKnownFileType = "wrapper.plug-in"; path = "talool-api-ios.bundle"; sourceTree = "<group>"; };
		81937B1A176A38BB002DDCA8 /* 000.png */ = {isa = PBXFileReference; lastKnownFileType = image.png; path = 000.png; sourceTree = "<group>"; };
		81937B1F176A44FA002DDCA8 /* page-curl.png */ = {isa = PBXFileReference; lastKnownFileType = image.png; path = "page-curl.png"; sourceTree = "<group>"; };
		81937B21176A4A1A002DDCA8 /* TaloolDealViewController.h */ = {isa = PBXFileReference; fileEncoding = 4; lastKnownFileType = sourcecode.c.h; path = TaloolDealViewController.h; sourceTree = "<group>"; };
		81937B22176A4A1A002DDCA8 /* TaloolDealViewController.m */ = {isa = PBXFileReference; fileEncoding = 4; lastKnownFileType = sourcecode.c.objc; path = TaloolDealViewController.m; sourceTree = "<group>"; };
		81937B24176A6D6F002DDCA8 /* TaloolDealActionViewController.h */ = {isa = PBXFileReference; fileEncoding = 4; lastKnownFileType = sourcecode.c.h; path = TaloolDealActionViewController.h; sourceTree = "<group>"; };
		81937B25176A6D70002DDCA8 /* TaloolDealActionViewController.m */ = {isa = PBXFileReference; fileEncoding = 4; lastKnownFileType = sourcecode.c.objc; path = TaloolDealActionViewController.m; sourceTree = "<group>"; };
		81937B2A176B6B1E002DDCA8 /* TextureHelper.h */ = {isa = PBXFileReference; fileEncoding = 4; lastKnownFileType = sourcecode.c.h; path = TextureHelper.h; sourceTree = "<group>"; };
		81937B2B176B6B1E002DDCA8 /* TextureHelper.m */ = {isa = PBXFileReference; fileEncoding = 4; lastKnownFileType = sourcecode.c.objc; path = TextureHelper.m; sourceTree = "<group>"; };
		81937B30176F7B7B002DDCA8 /* DealOfferCell.h */ = {isa = PBXFileReference; fileEncoding = 4; lastKnownFileType = sourcecode.c.h; path = DealOfferCell.h; sourceTree = "<group>"; };
		81937B31176F7B7B002DDCA8 /* DealOfferCell.m */ = {isa = PBXFileReference; fileEncoding = 4; lastKnownFileType = sourcecode.c.objc; path = DealOfferCell.m; sourceTree = "<group>"; };
		81937B33176FB51A002DDCA8 /* DealOfferViewController.h */ = {isa = PBXFileReference; fileEncoding = 4; lastKnownFileType = sourcecode.c.h; path = DealOfferViewController.h; sourceTree = "<group>"; };
		81937B34176FB51A002DDCA8 /* DealOfferViewController.m */ = {isa = PBXFileReference; fileEncoding = 4; lastKnownFileType = sourcecode.c.objc; path = DealOfferViewController.m; sourceTree = "<group>"; };
		81A869AB17750B810043ACE8 /* MerchantSearchView.h */ = {isa = PBXFileReference; fileEncoding = 4; lastKnownFileType = sourcecode.c.h; path = MerchantSearchView.h; sourceTree = "<group>"; };
		81A869AC17750B810043ACE8 /* MerchantSearchView.m */ = {isa = PBXFileReference; fileEncoding = 4; lastKnownFileType = sourcecode.c.objc; path = MerchantSearchView.m; sourceTree = "<group>"; };
		81A869B117750BA30043ACE8 /* MerchantSearchView.xib */ = {isa = PBXFileReference; fileEncoding = 4; lastKnownFileType = file.xib; path = MerchantSearchView.xib; sourceTree = "<group>"; };
		81A869B3177633220043ACE8 /* MerchantSearchHelper.h */ = {isa = PBXFileReference; fileEncoding = 4; lastKnownFileType = sourcecode.c.h; path = MerchantSearchHelper.h; sourceTree = "<group>"; };
		81A869B4177633220043ACE8 /* MerchantSearchHelper.m */ = {isa = PBXFileReference; fileEncoding = 4; lastKnownFileType = sourcecode.c.objc; path = MerchantSearchHelper.m; sourceTree = "<group>"; };
		81A869B61777822E0043ACE8 /* ActivityFilterView.h */ = {isa = PBXFileReference; fileEncoding = 4; lastKnownFileType = sourcecode.c.h; path = ActivityFilterView.h; sourceTree = "<group>"; };
		81A869B71777822E0043ACE8 /* ActivityFilterView.m */ = {isa = PBXFileReference; fileEncoding = 4; lastKnownFileType = sourcecode.c.objc; path = ActivityFilterView.m; sourceTree = "<group>"; };
		81A869B91777824B0043ACE8 /* ActivityFilterView.xib */ = {isa = PBXFileReference; fileEncoding = 4; lastKnownFileType = file.xib; path = ActivityFilterView.xib; sourceTree = "<group>"; };
		81A869BB177792CB0043ACE8 /* ActivityStreamHelper.h */ = {isa = PBXFileReference; fileEncoding = 4; lastKnownFileType = sourcecode.c.h; path = ActivityStreamHelper.h; sourceTree = "<group>"; };
		81A869BC177792CB0043ACE8 /* ActivityStreamHelper.m */ = {isa = PBXFileReference; fileEncoding = 4; lastKnownFileType = sourcecode.c.objc; path = ActivityStreamHelper.m; sourceTree = "<group>"; };
		81F24B021750280D003A3A1A /* AddressBookUI.framework */ = {isa = PBXFileReference; lastKnownFileType = wrapper.framework; name = AddressBookUI.framework; path = System/Library/Frameworks/AddressBookUI.framework; sourceTree = SDKROOT; };
		81F24B041752E9D6003A3A1A /* TaloolUIButton.h */ = {isa = PBXFileReference; fileEncoding = 4; lastKnownFileType = sourcecode.c.h; path = TaloolUIButton.h; sourceTree = "<group>"; };
		81F24B051752E9D6003A3A1A /* TaloolUIButton.m */ = {isa = PBXFileReference; fileEncoding = 4; lastKnownFileType = sourcecode.c.objc; path = TaloolUIButton.m; sourceTree = "<group>"; };
		81F24B181754433A003A3A1A /* GradientButton.h */ = {isa = PBXFileReference; fileEncoding = 4; lastKnownFileType = sourcecode.c.h; path = GradientButton.h; sourceTree = "<group>"; };
		81F24B191754433A003A3A1A /* GradientButton.m */ = {isa = PBXFileReference; fileEncoding = 4; lastKnownFileType = sourcecode.c.objc; path = GradientButton.m; sourceTree = "<group>"; };
		81F24B22175950C9003A3A1A /* TaloolIconButton.h */ = {isa = PBXFileReference; fileEncoding = 4; lastKnownFileType = sourcecode.c.h; path = TaloolIconButton.h; sourceTree = "<group>"; };
		81F24B23175950C9003A3A1A /* TaloolIconButton.m */ = {isa = PBXFileReference; fileEncoding = 4; lastKnownFileType = sourcecode.c.objc; path = TaloolIconButton.m; sourceTree = "<group>"; };
		81F24B25175ABA66003A3A1A /* TaloolProtocols.h */ = {isa = PBXFileReference; lastKnownFileType = sourcecode.c.h; path = TaloolProtocols.h; sourceTree = "<group>"; };
		9103110916D1E53800CEE814 /* Talool.app */ = {isa = PBXFileReference; explicitFileType = wrapper.application; includeInIndex = 0; path = Talool.app; sourceTree = BUILT_PRODUCTS_DIR; };
		9103110C16D1E53800CEE814 /* UIKit.framework */ = {isa = PBXFileReference; lastKnownFileType = wrapper.framework; name = UIKit.framework; path = System/Library/Frameworks/UIKit.framework; sourceTree = SDKROOT; };
		9103110E16D1E53800CEE814 /* Foundation.framework */ = {isa = PBXFileReference; lastKnownFileType = wrapper.framework; name = Foundation.framework; path = System/Library/Frameworks/Foundation.framework; sourceTree = SDKROOT; };
		9103111016D1E53800CEE814 /* CoreGraphics.framework */ = {isa = PBXFileReference; lastKnownFileType = wrapper.framework; name = CoreGraphics.framework; path = System/Library/Frameworks/CoreGraphics.framework; sourceTree = SDKROOT; };
		9103111416D1E53800CEE814 /* Talool-Info.plist */ = {isa = PBXFileReference; lastKnownFileType = text.plist.xml; path = "Talool-Info.plist"; sourceTree = "<group>"; };
		9103111616D1E53800CEE814 /* en */ = {isa = PBXFileReference; lastKnownFileType = text.plist.strings; name = en; path = en.lproj/InfoPlist.strings; sourceTree = "<group>"; };
		9103111816D1E53800CEE814 /* main.m */ = {isa = PBXFileReference; lastKnownFileType = sourcecode.c.objc; path = main.m; sourceTree = "<group>"; };
		9103111A16D1E53800CEE814 /* Talool-Prefix.pch */ = {isa = PBXFileReference; lastKnownFileType = sourcecode.c.h; path = "Talool-Prefix.pch"; sourceTree = "<group>"; };
		9103111B16D1E53800CEE814 /* AppDelegate.h */ = {isa = PBXFileReference; lastKnownFileType = sourcecode.c.h; path = AppDelegate.h; sourceTree = "<group>"; };
		9103111C16D1E53800CEE814 /* AppDelegate.m */ = {isa = PBXFileReference; lastKnownFileType = sourcecode.c.objc; path = AppDelegate.m; sourceTree = "<group>"; };
		9103112516D1E53800CEE814 /* en */ = {isa = PBXFileReference; lastKnownFileType = file.storyboard; name = en; path = en.lproj/MainStoryboard.storyboard; sourceTree = "<group>"; };
		9103113A16D1E53800CEE814 /* TaloolTests.octest */ = {isa = PBXFileReference; explicitFileType = wrapper.cfbundle; includeInIndex = 0; path = TaloolTests.octest; sourceTree = BUILT_PRODUCTS_DIR; };
		9103113B16D1E53800CEE814 /* SenTestingKit.framework */ = {isa = PBXFileReference; lastKnownFileType = wrapper.framework; name = SenTestingKit.framework; path = Library/Frameworks/SenTestingKit.framework; sourceTree = DEVELOPER_DIR; };
		9103114316D1E53900CEE814 /* TaloolTests-Info.plist */ = {isa = PBXFileReference; lastKnownFileType = text.plist.xml; path = "TaloolTests-Info.plist"; sourceTree = "<group>"; };
		9103114516D1E53900CEE814 /* en */ = {isa = PBXFileReference; lastKnownFileType = text.plist.strings; name = en; path = en.lproj/InfoPlist.strings; sourceTree = "<group>"; };
		9103114716D1E53900CEE814 /* mobileTests.h */ = {isa = PBXFileReference; lastKnownFileType = sourcecode.c.h; path = mobileTests.h; sourceTree = "<group>"; };
		9103114816D1E53900CEE814 /* mobileTests.m */ = {isa = PBXFileReference; lastKnownFileType = sourcecode.c.objc; path = mobileTests.m; sourceTree = "<group>"; };
		9103115C16D3179E00CEE814 /* MerchantCell.h */ = {isa = PBXFileReference; fileEncoding = 4; lastKnownFileType = sourcecode.c.h; path = MerchantCell.h; sourceTree = "<group>"; };
		9103115D16D3179E00CEE814 /* MerchantCell.m */ = {isa = PBXFileReference; fileEncoding = 4; lastKnownFileType = sourcecode.c.objc; path = MerchantCell.m; sourceTree = "<group>"; };
		9103115F16D317E800CEE814 /* FavoriteMerchantCell.h */ = {isa = PBXFileReference; fileEncoding = 4; lastKnownFileType = sourcecode.c.h; path = FavoriteMerchantCell.h; sourceTree = "<group>"; };
		9103116016D317E800CEE814 /* FavoriteMerchantCell.m */ = {isa = PBXFileReference; fileEncoding = 4; lastKnownFileType = sourcecode.c.objc; path = FavoriteMerchantCell.m; sourceTree = "<group>"; };
		91490D301745DBD000622A85 /* CoreText.framework */ = {isa = PBXFileReference; lastKnownFileType = wrapper.framework; name = CoreText.framework; path = System/Library/Frameworks/CoreText.framework; sourceTree = SDKROOT; };
		91490D391745E02100622A85 /* FontAwesome.otf */ = {isa = PBXFileReference; lastKnownFileType = file; path = FontAwesome.otf; sourceTree = "<group>"; };
		91490D3A1745E02100622A85 /* FontAwesomeKit.h */ = {isa = PBXFileReference; fileEncoding = 4; lastKnownFileType = sourcecode.c.h; path = FontAwesomeKit.h; sourceTree = "<group>"; };
		91490D3B1745E02100622A85 /* FontAwesomeKit.m */ = {isa = PBXFileReference; fileEncoding = 4; lastKnownFileType = sourcecode.c.objc; path = FontAwesomeKit.m; sourceTree = "<group>"; };
		91490D3E1746805400622A85 /* MerchantFilterControl.h */ = {isa = PBXFileReference; fileEncoding = 4; lastKnownFileType = sourcecode.c.h; path = MerchantFilterControl.h; sourceTree = "<group>"; };
		91490D3F1746805400622A85 /* MerchantFilterControl.m */ = {isa = PBXFileReference; fileEncoding = 4; lastKnownFileType = sourcecode.c.objc; path = MerchantFilterControl.m; sourceTree = "<group>"; };
		91490D7E174810A600622A85 /* CategoryHelper.h */ = {isa = PBXFileReference; fileEncoding = 4; lastKnownFileType = sourcecode.c.h; path = CategoryHelper.h; sourceTree = "<group>"; };
		91490D7F174810A600622A85 /* CategoryHelper.m */ = {isa = PBXFileReference; fileEncoding = 4; lastKnownFileType = sourcecode.c.objc; path = CategoryHelper.m; sourceTree = "<group>"; };
		914B1EBE16E3029A00C88B59 /* WelcomeViewController.h */ = {isa = PBXFileReference; fileEncoding = 4; lastKnownFileType = sourcecode.c.h; path = WelcomeViewController.h; sourceTree = "<group>"; };
		914B1EBF16E3029A00C88B59 /* WelcomeViewController.m */ = {isa = PBXFileReference; fileEncoding = 4; lastKnownFileType = sourcecode.c.objc; path = WelcomeViewController.m; sourceTree = "<group>"; };
		9161487516EAD758001C546C /* Social.framework */ = {isa = PBXFileReference; lastKnownFileType = wrapper.framework; name = Social.framework; path = System/Library/Frameworks/Social.framework; sourceTree = SDKROOT; };
		9161487816EAD76F001C546C /* Accounts.framework */ = {isa = PBXFileReference; lastKnownFileType = wrapper.framework; name = Accounts.framework; path = System/Library/Frameworks/Accounts.framework; sourceTree = SDKROOT; };
		9161487A16EAD783001C546C /* AddressBook.framework */ = {isa = PBXFileReference; lastKnownFileType = wrapper.framework; name = AddressBook.framework; path = System/Library/Frameworks/AddressBook.framework; sourceTree = SDKROOT; };
		9161488216EADC1A001C546C /* AdSupport.framework */ = {isa = PBXFileReference; lastKnownFileType = wrapper.framework; name = AdSupport.framework; path = System/Library/Frameworks/AdSupport.framework; sourceTree = SDKROOT; };
		916148CD16ED1C03001C546C /* CustomerHelper.h */ = {isa = PBXFileReference; fileEncoding = 4; lastKnownFileType = sourcecode.c.h; path = CustomerHelper.h; sourceTree = "<group>"; };
		916148CE16ED1C04001C546C /* CustomerHelper.m */ = {isa = PBXFileReference; fileEncoding = 4; lastKnownFileType = sourcecode.c.objc; path = CustomerHelper.m; sourceTree = "<group>"; };
		9168A4D9170496CC00E53EB1 /* SettingsTableViewController.h */ = {isa = PBXFileReference; fileEncoding = 4; lastKnownFileType = sourcecode.c.h; path = SettingsTableViewController.h; sourceTree = "<group>"; };
		9168A4DA170496CC00E53EB1 /* SettingsTableViewController.m */ = {isa = PBXFileReference; fileEncoding = 4; lastKnownFileType = sourcecode.c.objc; path = SettingsTableViewController.m; sourceTree = "<group>"; };
		9168A507170B484300E53EB1 /* Default-568h@2x.png */ = {isa = PBXFileReference; lastKnownFileType = image.png; path = "Default-568h@2x.png"; sourceTree = "<group>"; };
		9168A508170B484300E53EB1 /* Default.png */ = {isa = PBXFileReference; lastKnownFileType = image.png; path = Default.png; sourceTree = "<group>"; };
		9168A509170B484400E53EB1 /* Default@2x.png */ = {isa = PBXFileReference; lastKnownFileType = image.png; path = "Default@2x.png"; sourceTree = "<group>"; };
		9168A50D170B485500E53EB1 /* Icon.png */ = {isa = PBXFileReference; lastKnownFileType = image.png; path = Icon.png; sourceTree = "<group>"; };
		916B1166175D69590024A037 /* Security.framework */ = {isa = PBXFileReference; lastKnownFileType = wrapper.framework; name = Security.framework; path = System/Library/Frameworks/Security.framework; sourceTree = SDKROOT; };
		916B116B175D6AD50024A037 /* FacebookSDKResources.bundle */ = {isa = PBXFileReference; lastKnownFileType = "wrapper.plug-in"; path = FacebookSDKResources.bundle; sourceTree = "<group>"; };
		916B116C175D6AD50024A037 /* FBUserSettingsViewResources.bundle */ = {isa = PBXFileReference; lastKnownFileType = "wrapper.plug-in"; path = FBUserSettingsViewResources.bundle; sourceTree = "<group>"; };
		916B1171175D6B1B0024A037 /* FacebookSDK.framework */ = {isa = PBXFileReference; lastKnownFileType = wrapper.framework; path = FacebookSDK.framework; sourceTree = "<group>"; };
		917F0FD716DC66AB008A56E3 /* CoreData.framework */ = {isa = PBXFileReference; lastKnownFileType = wrapper.framework; name = CoreData.framework; path = System/Library/Frameworks/CoreData.framework; sourceTree = SDKROOT; };
		917F0FD816DC66AB008A56E3 /* CoreLocation.framework */ = {isa = PBXFileReference; lastKnownFileType = wrapper.framework; name = CoreLocation.framework; path = System/Library/Frameworks/CoreLocation.framework; sourceTree = SDKROOT; };
		9183F4C4170342B000ED4844 /* AVFoundation.framework */ = {isa = PBXFileReference; lastKnownFileType = wrapper.framework; name = AVFoundation.framework; path = System/Library/Frameworks/AVFoundation.framework; sourceTree = SDKROOT; };
		9183F4C5170342B000ED4844 /* CoreMedia.framework */ = {isa = PBXFileReference; lastKnownFileType = wrapper.framework; name = CoreMedia.framework; path = System/Library/Frameworks/CoreMedia.framework; sourceTree = SDKROOT; };
		9183F4C8170342C800ED4844 /* CoreVideo.framework */ = {isa = PBXFileReference; lastKnownFileType = wrapper.framework; name = CoreVideo.framework; path = System/Library/Frameworks/CoreVideo.framework; sourceTree = SDKROOT; };
		9183F4CA170342D500ED4844 /* ImageIO.framework */ = {isa = PBXFileReference; lastKnownFileType = wrapper.framework; name = ImageIO.framework; path = System/Library/Frameworks/ImageIO.framework; sourceTree = SDKROOT; };
		9183F4CC170342E100ED4844 /* QuartzCore.framework */ = {isa = PBXFileReference; lastKnownFileType = wrapper.framework; name = QuartzCore.framework; path = System/Library/Frameworks/QuartzCore.framework; sourceTree = SDKROOT; };
		9183F4D6170350BB00ED4844 /* ZXingObjC.framework */ = {isa = PBXFileReference; lastKnownFileType = wrapper.framework; path = ZXingObjC.framework; sourceTree = "<group>"; };
		9197F97A170CB50500BDAA58 /* SDWebImage.framework */ = {isa = PBXFileReference; lastKnownFileType = wrapper.framework; path = SDWebImage.framework; sourceTree = "<group>"; };
		9197F97F170D24CB00BDAA58 /* Icon_brown.png */ = {isa = PBXFileReference; lastKnownFileType = image.png; path = Icon_brown.png; sourceTree = "<group>"; };
		9197F980170D24CB00BDAA58 /* Icon_green.png */ = {isa = PBXFileReference; lastKnownFileType = image.png; path = Icon_green.png; sourceTree = "<group>"; };
		9197F981170D24CB00BDAA58 /* Icon_orange.png */ = {isa = PBXFileReference; lastKnownFileType = image.png; path = Icon_orange.png; sourceTree = "<group>"; };
		9197F982170D24CB00BDAA58 /* Icon_red.png */ = {isa = PBXFileReference; lastKnownFileType = image.png; path = Icon_red.png; sourceTree = "<group>"; };
		9197F983170D24CB00BDAA58 /* Icon_tan.png */ = {isa = PBXFileReference; lastKnownFileType = image.png; path = Icon_tan.png; sourceTree = "<group>"; };
		9197F984170D24CB00BDAA58 /* Icon_teal.png */ = {isa = PBXFileReference; lastKnownFileType = image.png; path = Icon_teal.png; sourceTree = "<group>"; };
		9197F98C170F157200BDAA58 /* TaloolColor.h */ = {isa = PBXFileReference; fileEncoding = 4; lastKnownFileType = sourcecode.c.h; path = TaloolColor.h; sourceTree = "<group>"; };
		9197F98D170F157200BDAA58 /* TaloolColor.m */ = {isa = PBXFileReference; fileEncoding = 4; lastKnownFileType = sourcecode.c.objc; path = TaloolColor.m; sourceTree = "<group>"; };
		91986EFA16D7150400D1CA96 /* RewardCell.h */ = {isa = PBXFileReference; fileEncoding = 4; lastKnownFileType = sourcecode.c.h; path = RewardCell.h; sourceTree = "<group>"; };
		91986EFB16D7150400D1CA96 /* RewardCell.m */ = {isa = PBXFileReference; fileEncoding = 4; lastKnownFileType = sourcecode.c.objc; path = RewardCell.m; sourceTree = "<group>"; };
		91986F0A16DA88F800D1CA96 /* RegistrationViewController.h */ = {isa = PBXFileReference; fileEncoding = 4; lastKnownFileType = sourcecode.c.h; path = RegistrationViewController.h; sourceTree = "<group>"; };
		91986F0B16DA88F800D1CA96 /* RegistrationViewController.m */ = {isa = PBXFileReference; fileEncoding = 4; lastKnownFileType = sourcecode.c.objc; path = RegistrationViewController.m; sourceTree = "<group>"; };
		91986F0D16DA9E8900D1CA96 /* TaloolTabBarController.h */ = {isa = PBXFileReference; fileEncoding = 4; lastKnownFileType = sourcecode.c.h; path = TaloolTabBarController.h; sourceTree = "<group>"; };
		91986F0E16DA9E8900D1CA96 /* TaloolTabBarController.m */ = {isa = PBXFileReference; fileEncoding = 4; lastKnownFileType = sourcecode.c.objc; path = TaloolTabBarController.m; sourceTree = "<group>"; };
		919A330A17447C390093FAC4 /* MerchantLocationViewController.h */ = {isa = PBXFileReference; fileEncoding = 4; lastKnownFileType = sourcecode.c.h; path = MerchantLocationViewController.h; sourceTree = "<group>"; };
		919A330B17447C3A0093FAC4 /* MerchantLocationViewController.m */ = {isa = PBXFileReference; fileEncoding = 4; lastKnownFileType = sourcecode.c.objc; path = MerchantLocationViewController.m; sourceTree = "<group>"; };
		919A3310174510A90093FAC4 /* MapKit.framework */ = {isa = PBXFileReference; lastKnownFileType = wrapper.framework; name = MapKit.framework; path = System/Library/Frameworks/MapKit.framework; sourceTree = SDKROOT; };
		919A3312174516610093FAC4 /* MerchantLocationAnnotation.h */ = {isa = PBXFileReference; fileEncoding = 4; lastKnownFileType = sourcecode.c.h; path = MerchantLocationAnnotation.h; sourceTree = "<group>"; };
		919A3313174516610093FAC4 /* MerchantLocationAnnotation.m */ = {isa = PBXFileReference; fileEncoding = 4; lastKnownFileType = sourcecode.c.objc; path = MerchantLocationAnnotation.m; sourceTree = "<group>"; };
		919A331517452F1B0093FAC4 /* LocationCell.h */ = {isa = PBXFileReference; fileEncoding = 4; lastKnownFileType = sourcecode.c.h; path = LocationCell.h; sourceTree = "<group>"; };
		919A331617452F1B0093FAC4 /* LocationCell.m */ = {isa = PBXFileReference; fileEncoding = 4; lastKnownFileType = sourcecode.c.objc; path = LocationCell.m; sourceTree = "<group>"; };
		91CC60BD16F5222C00647AEC /* FacebookHelper.h */ = {isa = PBXFileReference; fileEncoding = 4; lastKnownFileType = sourcecode.c.h; path = FacebookHelper.h; sourceTree = "<group>"; };
		91CC60BE16F5222C00647AEC /* FacebookHelper.m */ = {isa = PBXFileReference; fileEncoding = 4; lastKnownFileType = sourcecode.c.objc; path = FacebookHelper.m; sourceTree = "<group>"; };
		91CC60E016F6CC1500647AEC /* talool-api-ios.xcodeproj */ = {isa = PBXFileReference; lastKnownFileType = "wrapper.pb-project"; name = "talool-api-ios.xcodeproj"; path = "talool-api-ios/talool-api-ios/talool-api-ios.xcodeproj"; sourceTree = "<group>"; };
/* End PBXFileReference section */

/* Begin PBXFrameworksBuildPhase section */
		9103110616D1E53800CEE814 /* Frameworks */ = {
			isa = PBXFrameworksBuildPhase;
			buildActionMask = 2147483647;
			files = (
				817E53851770CE180049434A /* StoreKit.framework in Frameworks */,
				916B1167175D69590024A037 /* Security.framework in Frameworks */,
				81F24B031750280D003A3A1A /* AddressBookUI.framework in Frameworks */,
				91490D311745DBD000622A85 /* CoreText.framework in Frameworks */,
				917CBE5317457C0F00383EA1 /* libtalool-api-ios.a in Frameworks */,
				919A3311174510AA0093FAC4 /* MapKit.framework in Frameworks */,
				9183F4CD170342E200ED4844 /* QuartzCore.framework in Frameworks */,
				9183F4CB170342D500ED4844 /* ImageIO.framework in Frameworks */,
				9183F4C9170342C800ED4844 /* CoreVideo.framework in Frameworks */,
				9183F4C6170342B000ED4844 /* AVFoundation.framework in Frameworks */,
				9183F4C7170342B000ED4844 /* CoreMedia.framework in Frameworks */,
				9161488316EADC1A001C546C /* AdSupport.framework in Frameworks */,
				9161487616EAD758001C546C /* Social.framework in Frameworks */,
				9161487916EAD76F001C546C /* Accounts.framework in Frameworks */,
				917F0FD916DC66AB008A56E3 /* CoreData.framework in Frameworks */,
				917F0FDA16DC66AB008A56E3 /* CoreLocation.framework in Frameworks */,
				9103110D16D1E53800CEE814 /* UIKit.framework in Frameworks */,
				9103110F16D1E53800CEE814 /* Foundation.framework in Frameworks */,
				9103111116D1E53800CEE814 /* CoreGraphics.framework in Frameworks */,
				9161487B16EAD783001C546C /* AddressBook.framework in Frameworks */,
				9183F4D7170350BB00ED4844 /* ZXingObjC.framework in Frameworks */,
				9197F97B170CB50500BDAA58 /* SDWebImage.framework in Frameworks */,
				916B1172175D6B1B0024A037 /* FacebookSDK.framework in Frameworks */,
			);
			runOnlyForDeploymentPostprocessing = 0;
		};
		9103113616D1E53800CEE814 /* Frameworks */ = {
			isa = PBXFrameworksBuildPhase;
			buildActionMask = 2147483647;
			files = (
				9103113C16D1E53900CEE814 /* SenTestingKit.framework in Frameworks */,
				9103113D16D1E53900CEE814 /* UIKit.framework in Frameworks */,
				9103113E16D1E53900CEE814 /* Foundation.framework in Frameworks */,
			);
			runOnlyForDeploymentPostprocessing = 0;
		};
/* End PBXFrameworksBuildPhase section */

/* Begin PBXGroup section */
		8146D18217749F440035F589 /* Merchant Detail */ = {
			isa = PBXGroup;
			children = (
				8146D17917748B730035F589 /* BaseMerchantDetailViewController.h */,
				8146D17A17748B740035F589 /* BaseMerchantDetailViewController.m */,
				8146D17C17748ED20035F589 /* MerchantDealViewController.h */,
				8146D17D17748ED30035F589 /* MerchantDealViewController.m */,
				8146D17F177494F00035F589 /* MerchantDealOfferViewController.h */,
				8146D180177494F70035F589 /* MerchantDealOfferViewController.m */,
				919A330A17447C390093FAC4 /* MerchantLocationViewController.h */,
				919A330B17447C3A0093FAC4 /* MerchantLocationViewController.m */,
			);
			name = "Merchant Detail";
			sourceTree = "<group>";
		};
		8146D1831774A00A0035F589 /* Navigation Controllers */ = {
			isa = PBXGroup;
			children = (
				8146D16D17733B520035F589 /* BaseMerchantViewController.h */,
				8146D16E17733B520035F589 /* BaseMerchantViewController.m */,
				8146D173177394BC0035F589 /* MyDealsViewController.h */,
				8146D174177394BC0035F589 /* MyDealsViewController.m */,
				8146D17017737EF80035F589 /* FindDealsViewController.h */,
				8146D17117737EF80035F589 /* FindDealsViewController.m */,
				8146D1761773EF110035F589 /* ActivityViewController.h */,
				8146D1771773EF130035F589 /* ActivityViewController.m */,
			);
			name = "Navigation Controllers";
			sourceTree = "<group>";
		};
		8146D1841774A0480035F589 /* Action Views */ = {
			isa = PBXGroup;
			children = (
				811A9CBE175FE2C400B42612 /* AcceptGiftViewController.h */,
				811A9CBF175FE2C400B42612 /* AcceptGiftViewController.m */,
				81937B21176A4A1A002DDCA8 /* TaloolDealViewController.h */,
				81937B22176A4A1A002DDCA8 /* TaloolDealViewController.m */,
				81937B24176A6D6F002DDCA8 /* TaloolDealActionViewController.h */,
				81937B25176A6D70002DDCA8 /* TaloolDealActionViewController.m */,
				81937B33176FB51A002DDCA8 /* DealOfferViewController.h */,
				81937B34176FB51A002DDCA8 /* DealOfferViewController.m */,
			);
			name = "Action Views";
			sourceTree = "<group>";
		};
		8146D1861774A0F80035F589 /* Customer Account */ = {
			isa = PBXGroup;
			children = (
				9168A4D9170496CC00E53EB1 /* SettingsTableViewController.h */,
				9168A4DA170496CC00E53EB1 /* SettingsTableViewController.m */,
				91986F0A16DA88F800D1CA96 /* RegistrationViewController.h */,
				91986F0B16DA88F800D1CA96 /* RegistrationViewController.m */,
				914B1EBE16E3029A00C88B59 /* WelcomeViewController.h */,
				914B1EBF16E3029A00C88B59 /* WelcomeViewController.m */,
			);
			name = "Customer Account";
			sourceTree = "<group>";
		};
		817E53831770A9490049434A /* In App Purchase Verification */ = {
			isa = PBXGroup;
			children = (
				817E537B1770A90A0049434A /* NSData+Base64.h */,
				817E537C1770A90A0049434A /* NSData+Base64.m */,
				817E537D1770A90A0049434A /* VerificationController.h */,
				817E537E1770A90A0049434A /* VerificationController.m */,
			);
			name = "In App Purchase Verification";
			sourceTree = "<group>";
		};
		9103110016D1E53800CEE814 = {
			isa = PBXGroup;
			children = (
				817E53841770CE180049434A /* StoreKit.framework */,
				818D16B6176661D700DFB14A /* talool-api-ios.bundle */,
				91CC60E016F6CC1500647AEC /* talool-api-ios.xcodeproj */,
				9103111216D1E53800CEE814 /* mobile */,
				9103114116D1E53900CEE814 /* mobileTests */,
				9103110B16D1E53800CEE814 /* Frameworks */,
				9103110A16D1E53800CEE814 /* Products */,
			);
			sourceTree = "<group>";
		};
		9103110A16D1E53800CEE814 /* Products */ = {
			isa = PBXGroup;
			children = (
				9103110916D1E53800CEE814 /* Talool.app */,
				9103113A16D1E53800CEE814 /* TaloolTests.octest */,
			);
			name = Products;
			sourceTree = "<group>";
		};
		9103110B16D1E53800CEE814 /* Frameworks */ = {
			isa = PBXGroup;
			children = (
				916B1166175D69590024A037 /* Security.framework */,
				81F24B021750280D003A3A1A /* AddressBookUI.framework */,
				916B1171175D6B1B0024A037 /* FacebookSDK.framework */,
				916B116B175D6AD50024A037 /* FacebookSDKResources.bundle */,
				916B116C175D6AD50024A037 /* FBUserSettingsViewResources.bundle */,
				91490D301745DBD000622A85 /* CoreText.framework */,
				919A3310174510A90093FAC4 /* MapKit.framework */,
				9197F97A170CB50500BDAA58 /* SDWebImage.framework */,
				9183F4D6170350BB00ED4844 /* ZXingObjC.framework */,
				9183F4CC170342E100ED4844 /* QuartzCore.framework */,
				9183F4CA170342D500ED4844 /* ImageIO.framework */,
				9183F4C8170342C800ED4844 /* CoreVideo.framework */,
				9183F4C4170342B000ED4844 /* AVFoundation.framework */,
				9183F4C5170342B000ED4844 /* CoreMedia.framework */,
				9161488216EADC1A001C546C /* AdSupport.framework */,
				9161487A16EAD783001C546C /* AddressBook.framework */,
				9161487816EAD76F001C546C /* Accounts.framework */,
				9161487516EAD758001C546C /* Social.framework */,
				917F0FD716DC66AB008A56E3 /* CoreData.framework */,
				917F0FD816DC66AB008A56E3 /* CoreLocation.framework */,
				9103110C16D1E53800CEE814 /* UIKit.framework */,
				9103110E16D1E53800CEE814 /* Foundation.framework */,
				9103111016D1E53800CEE814 /* CoreGraphics.framework */,
				9103113B16D1E53800CEE814 /* SenTestingKit.framework */,
			);
			name = Frameworks;
			sourceTree = "<group>";
		};
		9103111216D1E53800CEE814 /* mobile */ = {
			isa = PBXGroup;
			children = (
				817E53831770A9490049434A /* In App Purchase Verification */,
				916148D016ED1C18001C546C /* Helpers */,
				91490D7A1747BE7400622A85 /* Components */,
				9103117B16D467C500CEE814 /* View Controllers */,
				91490D381745E02100622A85 /* FontAwesomeKit */,
				9103116A16D3271D00CEE814 /* Resources */,
				9103111B16D1E53800CEE814 /* AppDelegate.h */,
				9103111C16D1E53800CEE814 /* AppDelegate.m */,
				9103112416D1E53800CEE814 /* MainStoryboard.storyboard */,
				9103111316D1E53800CEE814 /* Supporting Files */,
			);
			path = mobile;
			sourceTree = "<group>";
		};
		9103111316D1E53800CEE814 /* Supporting Files */ = {
			isa = PBXGroup;
			children = (
				9168A507170B484300E53EB1 /* Default-568h@2x.png */,
				9168A508170B484300E53EB1 /* Default.png */,
				9168A509170B484400E53EB1 /* Default@2x.png */,
				9168A50D170B485500E53EB1 /* Icon.png */,
				9103111416D1E53800CEE814 /* Talool-Info.plist */,
				9103111516D1E53800CEE814 /* InfoPlist.strings */,
				9103111816D1E53800CEE814 /* main.m */,
				9103111A16D1E53800CEE814 /* Talool-Prefix.pch */,
			);
			name = "Supporting Files";
			sourceTree = "<group>";
		};
		9103114116D1E53900CEE814 /* mobileTests */ = {
			isa = PBXGroup;
			children = (
				9103114716D1E53900CEE814 /* mobileTests.h */,
				9103114816D1E53900CEE814 /* mobileTests.m */,
				9103114216D1E53900CEE814 /* Supporting Files */,
			);
			path = mobileTests;
			sourceTree = "<group>";
		};
		9103114216D1E53900CEE814 /* Supporting Files */ = {
			isa = PBXGroup;
			children = (
				9103114316D1E53900CEE814 /* TaloolTests-Info.plist */,
				9103114416D1E53900CEE814 /* InfoPlist.strings */,
			);
			name = "Supporting Files";
			sourceTree = "<group>";
		};
		9103116A16D3271D00CEE814 /* Resources */ = {
			isa = PBXGroup;
			children = (
				81937B1F176A44FA002DDCA8 /* page-curl.png */,
				81937B1A176A38BB002DDCA8 /* 000.png */,
				9197F98B170D24DB00BDAA58 /* icons */,
			);
			name = Resources;
			sourceTree = "<group>";
		};
		9103117A16D467AE00CEE814 /* Table Cells */ = {
			isa = PBXGroup;
			children = (
				9103115C16D3179E00CEE814 /* MerchantCell.h */,
				9103115D16D3179E00CEE814 /* MerchantCell.m */,
				9103115F16D317E800CEE814 /* FavoriteMerchantCell.h */,
				9103116016D317E800CEE814 /* FavoriteMerchantCell.m */,
				91986EFA16D7150400D1CA96 /* RewardCell.h */,
				91986EFB16D7150400D1CA96 /* RewardCell.m */,
				919A331517452F1B0093FAC4 /* LocationCell.h */,
				919A331617452F1B0093FAC4 /* LocationCell.m */,
				81937B30176F7B7B002DDCA8 /* DealOfferCell.h */,
				81937B31176F7B7B002DDCA8 /* DealOfferCell.m */,
				8146D167177274450035F589 /* ActivityCell.h */,
				8146D168177274450035F589 /* ActivityCell.m */,
			);
			name = "Table Cells";
			sourceTree = "<group>";
		};
		9103117B16D467C500CEE814 /* View Controllers */ = {
			isa = PBXGroup;
			children = (
				91986F0D16DA9E8900D1CA96 /* TaloolTabBarController.h */,
				91986F0E16DA9E8900D1CA96 /* TaloolTabBarController.m */,
				8146D1831774A00A0035F589 /* Navigation Controllers */,
				8146D18217749F440035F589 /* Merchant Detail */,
				8146D1841774A0480035F589 /* Action Views */,
				8146D1861774A0F80035F589 /* Customer Account */,
				9103117A16D467AE00CEE814 /* Table Cells */,
			);
			name = "View Controllers";
			sourceTree = "<group>";
		};
		91490D381745E02100622A85 /* FontAwesomeKit */ = {
			isa = PBXGroup;
			children = (
				91490D391745E02100622A85 /* FontAwesome.otf */,
				91490D3A1745E02100622A85 /* FontAwesomeKit.h */,
				91490D3B1745E02100622A85 /* FontAwesomeKit.m */,
			);
			path = FontAwesomeKit;
			sourceTree = "<group>";
		};
		91490D7A1747BE7400622A85 /* Components */ = {
			isa = PBXGroup;
			children = (
				919A3312174516610093FAC4 /* MerchantLocationAnnotation.h */,
				919A3313174516610093FAC4 /* MerchantLocationAnnotation.m */,
				91490D3E1746805400622A85 /* MerchantFilterControl.h */,
				91490D3F1746805400622A85 /* MerchantFilterControl.m */,
				81F24B181754433A003A3A1A /* GradientButton.h */,
				81F24B191754433A003A3A1A /* GradientButton.m */,
				81F24B041752E9D6003A3A1A /* TaloolUIButton.h */,
				81F24B051752E9D6003A3A1A /* TaloolUIButton.m */,
				81F24B22175950C9003A3A1A /* TaloolIconButton.h */,
				81F24B23175950C9003A3A1A /* TaloolIconButton.m */,
				8146D1881774D2740035F589 /* MerchantBannerView.h */,
				8146D1891774D2740035F589 /* MerchantBannerView.m */,
				8146D18B1774D29E0035F589 /* MerchantBannerView.xib */,
				81A869AB17750B810043ACE8 /* MerchantSearchView.h */,
				81A869AC17750B810043ACE8 /* MerchantSearchView.m */,
				81A869B117750BA30043ACE8 /* MerchantSearchView.xib */,
				81A869B61777822E0043ACE8 /* ActivityFilterView.h */,
				81A869B71777822E0043ACE8 /* ActivityFilterView.m */,
				81A869B91777824B0043ACE8 /* ActivityFilterView.xib */,
			);
			name = Components;
			sourceTree = "<group>";
		};
		916148D016ED1C18001C546C /* Helpers */ = {
			isa = PBXGroup;
			children = (
				916148CD16ED1C03001C546C /* CustomerHelper.h */,
				916148CE16ED1C04001C546C /* CustomerHelper.m */,
				91CC60BD16F5222C00647AEC /* FacebookHelper.h */,
				91CC60BE16F5222C00647AEC /* FacebookHelper.m */,
				9197F98C170F157200BDAA58 /* TaloolColor.h */,
				9197F98D170F157200BDAA58 /* TaloolColor.m */,
				91490D7E174810A600622A85 /* CategoryHelper.h */,
				91490D7F174810A600622A85 /* CategoryHelper.m */,
				81F24B25175ABA66003A3A1A /* TaloolProtocols.h */,
				81937B2A176B6B1E002DDCA8 /* TextureHelper.h */,
				81937B2B176B6B1E002DDCA8 /* TextureHelper.m */,
				817E53721770A82C0049434A /* IAPHelper.h */,
				817E53731770A82C0049434A /* IAPHelper.m */,
				817E53781770A86A0049434A /* TaloolIAPHelper.h */,
				817E53791770A86A0049434A /* TaloolIAPHelper.m */,
				81A869B3177633220043ACE8 /* MerchantSearchHelper.h */,
				81A869B4177633220043ACE8 /* MerchantSearchHelper.m */,
				81A869BB177792CB0043ACE8 /* ActivityStreamHelper.h */,
				81A869BC177792CB0043ACE8 /* ActivityStreamHelper.m */,
			);
			name = Helpers;
			sourceTree = "<group>";
		};
		9197F98B170D24DB00BDAA58 /* icons */ = {
			isa = PBXGroup;
			children = (
				9197F97F170D24CB00BDAA58 /* Icon_brown.png */,
				9197F980170D24CB00BDAA58 /* Icon_green.png */,
				9197F981170D24CB00BDAA58 /* Icon_orange.png */,
				9197F982170D24CB00BDAA58 /* Icon_red.png */,
				9197F983170D24CB00BDAA58 /* Icon_tan.png */,
				9197F984170D24CB00BDAA58 /* Icon_teal.png */,
			);
			name = icons;
			sourceTree = "<group>";
		};
		91CC60E116F6CC1500647AEC /* Products */ = {
			isa = PBXGroup;
			children = (
				91CC60E816F6CC1600647AEC /* libtalool-api-ios.a */,
				91CC60EA16F6CC1600647AEC /* talool-api-iosTests.octest */,
				91CC60EC16F6CC1600647AEC /* talool-api-ios.bundle */,
			);
			name = Products;
			sourceTree = "<group>";
		};
/* End PBXGroup section */

/* Begin PBXNativeTarget section */
		9103110816D1E53800CEE814 /* Talool */ = {
			isa = PBXNativeTarget;
			buildConfigurationList = 9103114C16D1E53900CEE814 /* Build configuration list for PBXNativeTarget "Talool" */;
			buildPhases = (
				9103110516D1E53800CEE814 /* Sources */,
				9103110616D1E53800CEE814 /* Frameworks */,
				9103110716D1E53800CEE814 /* Resources */,
			);
			buildRules = (
			);
			dependencies = (
				910FEB2F16FBF8D700B4CCFD /* PBXTargetDependency */,
			);
			name = Talool;
			productName = mobile;
			productReference = 9103110916D1E53800CEE814 /* Talool.app */;
			productType = "com.apple.product-type.application";
		};
		9103113916D1E53800CEE814 /* TaloolTests */ = {
			isa = PBXNativeTarget;
			buildConfigurationList = 9103114F16D1E53900CEE814 /* Build configuration list for PBXNativeTarget "TaloolTests" */;
			buildPhases = (
				9103113516D1E53800CEE814 /* Sources */,
				9103113616D1E53800CEE814 /* Frameworks */,
				9103113716D1E53800CEE814 /* Resources */,
				9103113816D1E53800CEE814 /* ShellScript */,
			);
			buildRules = (
			);
			dependencies = (
				9103114016D1E53900CEE814 /* PBXTargetDependency */,
			);
			name = TaloolTests;
			productName = mobileTests;
			productReference = 9103113A16D1E53800CEE814 /* TaloolTests.octest */;
			productType = "com.apple.product-type.bundle";
		};
/* End PBXNativeTarget section */

/* Begin PBXProject section */
		9103110116D1E53800CEE814 /* Project object */ = {
			isa = PBXProject;
			attributes = {
				LastUpgradeCheck = 0460;
				ORGANIZATIONNAME = "Douglas McCuen";
			};
			buildConfigurationList = 9103110416D1E53800CEE814 /* Build configuration list for PBXProject "Talool" */;
			compatibilityVersion = "Xcode 3.2";
			developmentRegion = English;
			hasScannedForEncodings = 0;
			knownRegions = (
				en,
			);
			mainGroup = 9103110016D1E53800CEE814;
			productRefGroup = 9103110A16D1E53800CEE814 /* Products */;
			projectDirPath = "";
			projectReferences = (
				{
					ProductGroup = 91CC60E116F6CC1500647AEC /* Products */;
					ProjectRef = 91CC60E016F6CC1500647AEC /* talool-api-ios.xcodeproj */;
				},
			);
			projectRoot = "";
			targets = (
				9103110816D1E53800CEE814 /* Talool */,
				9103113916D1E53800CEE814 /* TaloolTests */,
			);
		};
/* End PBXProject section */

/* Begin PBXReferenceProxy section */
		91CC60E816F6CC1600647AEC /* libtalool-api-ios.a */ = {
			isa = PBXReferenceProxy;
			fileType = archive.ar;
			path = "libtalool-api-ios.a";
			remoteRef = 91CC60E716F6CC1600647AEC /* PBXContainerItemProxy */;
			sourceTree = BUILT_PRODUCTS_DIR;
		};
		91CC60EA16F6CC1600647AEC /* talool-api-iosTests.octest */ = {
			isa = PBXReferenceProxy;
			fileType = wrapper.cfbundle;
			path = "talool-api-iosTests.octest";
			remoteRef = 91CC60E916F6CC1600647AEC /* PBXContainerItemProxy */;
			sourceTree = BUILT_PRODUCTS_DIR;
		};
		91CC60EC16F6CC1600647AEC /* talool-api-ios.bundle */ = {
			isa = PBXReferenceProxy;
			fileType = wrapper.cfbundle;
			path = "talool-api-ios.bundle";
			remoteRef = 91CC60EB16F6CC1600647AEC /* PBXContainerItemProxy */;
			sourceTree = BUILT_PRODUCTS_DIR;
		};
/* End PBXReferenceProxy section */

/* Begin PBXResourcesBuildPhase section */
		9103110716D1E53800CEE814 /* Resources */ = {
			isa = PBXResourcesBuildPhase;
			buildActionMask = 2147483647;
			files = (
				9103111716D1E53800CEE814 /* InfoPlist.strings in Resources */,
				9103112616D1E53800CEE814 /* MainStoryboard.storyboard in Resources */,
				9168A50A170B484400E53EB1 /* Default-568h@2x.png in Resources */,
				9168A50B170B484400E53EB1 /* Default.png in Resources */,
				9168A50C170B484400E53EB1 /* Default@2x.png in Resources */,
				9168A50E170B485600E53EB1 /* Icon.png in Resources */,
				9197F985170D24CB00BDAA58 /* Icon_brown.png in Resources */,
				9197F986170D24CB00BDAA58 /* Icon_green.png in Resources */,
				9197F987170D24CB00BDAA58 /* Icon_orange.png in Resources */,
				9197F988170D24CB00BDAA58 /* Icon_red.png in Resources */,
				9197F989170D24CB00BDAA58 /* Icon_tan.png in Resources */,
				9197F98A170D24CB00BDAA58 /* Icon_teal.png in Resources */,
				91490D3C1745E02100622A85 /* FontAwesome.otf in Resources */,
				916B116D175D6AD50024A037 /* FacebookSDKResources.bundle in Resources */,
				916B116E175D6AD50024A037 /* FBUserSettingsViewResources.bundle in Resources */,
				818D16B7176661D800DFB14A /* talool-api-ios.bundle in Resources */,
				81937B1B176A38BB002DDCA8 /* 000.png in Resources */,
				81937B20176A44FA002DDCA8 /* page-curl.png in Resources */,
				8146D18C1774D29E0035F589 /* MerchantBannerView.xib in Resources */,
				81A869B217750BA30043ACE8 /* MerchantSearchView.xib in Resources */,
				81A869BA1777824B0043ACE8 /* ActivityFilterView.xib in Resources */,
			);
			runOnlyForDeploymentPostprocessing = 0;
		};
		9103113716D1E53800CEE814 /* Resources */ = {
			isa = PBXResourcesBuildPhase;
			buildActionMask = 2147483647;
			files = (
				9103114616D1E53900CEE814 /* InfoPlist.strings in Resources */,
			);
			runOnlyForDeploymentPostprocessing = 0;
		};
/* End PBXResourcesBuildPhase section */

/* Begin PBXShellScriptBuildPhase section */
		9103113816D1E53800CEE814 /* ShellScript */ = {
			isa = PBXShellScriptBuildPhase;
			buildActionMask = 2147483647;
			files = (
			);
			inputPaths = (
			);
			outputPaths = (
			);
			runOnlyForDeploymentPostprocessing = 0;
			shellPath = /bin/sh;
			shellScript = "# Run the unit tests in this test bundle.\n\"${SYSTEM_DEVELOPER_DIR}/Tools/RunUnitTests\"\n";
		};
/* End PBXShellScriptBuildPhase section */

/* Begin PBXSourcesBuildPhase section */
		9103110516D1E53800CEE814 /* Sources */ = {
			isa = PBXSourcesBuildPhase;
			buildActionMask = 2147483647;
			files = (
				919A331917453B120093FAC4 /* LocationCell.m in Sources */,
				919A331B17453B120093FAC4 /* MerchantLocationAnnotation.m in Sources */,
				919A331817453AF70093FAC4 /* MerchantLocationViewController.m in Sources */,
				9103111916D1E53800CEE814 /* main.m in Sources */,
				9103111D16D1E53800CEE814 /* AppDelegate.m in Sources */,
				9103115E16D3179E00CEE814 /* MerchantCell.m in Sources */,
				9103116116D317E800CEE814 /* FavoriteMerchantCell.m in Sources */,
				91986EFC16D7150400D1CA96 /* RewardCell.m in Sources */,
				91986F0C16DA88F900D1CA96 /* RegistrationViewController.m in Sources */,
				91986F0F16DA9E8B00D1CA96 /* TaloolTabBarController.m in Sources */,
				914B1EC016E3029A00C88B59 /* WelcomeViewController.m in Sources */,
				916148CF16ED1C04001C546C /* CustomerHelper.m in Sources */,
				91CC60BF16F5222C00647AEC /* FacebookHelper.m in Sources */,
				9168A4DB170496CC00E53EB1 /* SettingsTableViewController.m in Sources */,
				9197F98E170F157200BDAA58 /* TaloolColor.m in Sources */,
				91490D3D1745E02100622A85 /* FontAwesomeKit.m in Sources */,
				91490D401746805400622A85 /* MerchantFilterControl.m in Sources */,
				91490D80174810A600622A85 /* CategoryHelper.m in Sources */,
				81F24B061752E9D6003A3A1A /* TaloolUIButton.m in Sources */,
				81F24B1A1754433A003A3A1A /* GradientButton.m in Sources */,
				81F24B24175950CA003A3A1A /* TaloolIconButton.m in Sources */,
				811A9CC0175FE2C400B42612 /* AcceptGiftViewController.m in Sources */,
				81937B23176A4A1A002DDCA8 /* TaloolDealViewController.m in Sources */,
				81937B26176A6D70002DDCA8 /* TaloolDealActionViewController.m in Sources */,
				81937B2C176B6B1E002DDCA8 /* TextureHelper.m in Sources */,
				81937B32176F7B7B002DDCA8 /* DealOfferCell.m in Sources */,
				81937B35176FB51B002DDCA8 /* DealOfferViewController.m in Sources */,
				817E537F1770A90A0049434A /* NSData+Base64.m in Sources */,
				817E53801770A90A0049434A /* VerificationController.m in Sources */,
				817E53811770A9150049434A /* IAPHelper.m in Sources */,
				817E53821770A91D0049434A /* TaloolIAPHelper.m in Sources */,
				8146D169177274450035F589 /* ActivityCell.m in Sources */,
				8146D16F17733B530035F589 /* BaseMerchantViewController.m in Sources */,
				8146D17217737EF80035F589 /* FindDealsViewController.m in Sources */,
				8146D175177394BD0035F589 /* MyDealsViewController.m in Sources */,
				8146D1781773EF140035F589 /* ActivityViewController.m in Sources */,
				8146D17B17748B760035F589 /* BaseMerchantDetailViewController.m in Sources */,
				8146D17E17748ED40035F589 /* MerchantDealViewController.m in Sources */,
				8146D181177495030035F589 /* MerchantDealOfferViewController.m in Sources */,
				8146D18A1774D2740035F589 /* MerchantBannerView.m in Sources */,
				81A869AD17750B810043ACE8 /* MerchantSearchView.m in Sources */,
				81A869B5177633220043ACE8 /* MerchantSearchHelper.m in Sources */,
				81A869B81777822E0043ACE8 /* ActivityFilterView.m in Sources */,
				81A869BD177792CB0043ACE8 /* ActivityStreamHelper.m in Sources */,
			);
			runOnlyForDeploymentPostprocessing = 0;
		};
		9103113516D1E53800CEE814 /* Sources */ = {
			isa = PBXSourcesBuildPhase;
			buildActionMask = 2147483647;
			files = (
				9103114916D1E53900CEE814 /* mobileTests.m in Sources */,
				919A330C17447C3B0093FAC4 /* MerchantLocationViewController.m in Sources */,
				919A3314174516620093FAC4 /* MerchantLocationAnnotation.m in Sources */,
				919A331717452F1C0093FAC4 /* LocationCell.m in Sources */,
			);
			runOnlyForDeploymentPostprocessing = 0;
		};
/* End PBXSourcesBuildPhase section */

/* Begin PBXTargetDependency section */
		9103114016D1E53900CEE814 /* PBXTargetDependency */ = {
			isa = PBXTargetDependency;
			target = 9103110816D1E53800CEE814 /* Talool */;
			targetProxy = 9103113F16D1E53900CEE814 /* PBXContainerItemProxy */;
		};
		910FEB2F16FBF8D700B4CCFD /* PBXTargetDependency */ = {
			isa = PBXTargetDependency;
			name = "talool-api-ios";
			targetProxy = 910FEB2E16FBF8D700B4CCFD /* PBXContainerItemProxy */;
		};
/* End PBXTargetDependency section */

/* Begin PBXVariantGroup section */
		9103111516D1E53800CEE814 /* InfoPlist.strings */ = {
			isa = PBXVariantGroup;
			children = (
				9103111616D1E53800CEE814 /* en */,
			);
			name = InfoPlist.strings;
			sourceTree = "<group>";
		};
		9103112416D1E53800CEE814 /* MainStoryboard.storyboard */ = {
			isa = PBXVariantGroup;
			children = (
				9103112516D1E53800CEE814 /* en */,
			);
			name = MainStoryboard.storyboard;
			sourceTree = "<group>";
		};
		9103114416D1E53900CEE814 /* InfoPlist.strings */ = {
			isa = PBXVariantGroup;
			children = (
				9103114516D1E53900CEE814 /* en */,
			);
			name = InfoPlist.strings;
			sourceTree = "<group>";
		};
/* End PBXVariantGroup section */

/* Begin XCBuildConfiguration section */
		9103114A16D1E53900CEE814 /* Debug */ = {
			isa = XCBuildConfiguration;
			buildSettings = {
				ALWAYS_SEARCH_USER_PATHS = NO;
				CLANG_CXX_LANGUAGE_STANDARD = "gnu++0x";
				CLANG_CXX_LIBRARY = "libc++";
				CLANG_ENABLE_OBJC_ARC = YES;
				CLANG_WARN_CONSTANT_CONVERSION = YES;
				CLANG_WARN_EMPTY_BODY = YES;
				CLANG_WARN_ENUM_CONVERSION = YES;
				CLANG_WARN_INT_CONVERSION = YES;
				CLANG_WARN__DUPLICATE_METHOD_MATCH = YES;
				"CODE_SIGN_IDENTITY[sdk=iphoneos*]" = "iPhone Developer";
				COPY_PHASE_STRIP = NO;
				GCC_C_LANGUAGE_STANDARD = gnu99;
				GCC_DYNAMIC_NO_PIC = NO;
				GCC_OPTIMIZATION_LEVEL = 0;
				GCC_PREPROCESSOR_DEFINITIONS = (
					"DEBUG=1",
					"$(inherited)",
				);
				GCC_SYMBOLS_PRIVATE_EXTERN = NO;
				GCC_WARN_ABOUT_RETURN_TYPE = YES;
				GCC_WARN_UNINITIALIZED_AUTOS = YES;
				GCC_WARN_UNUSED_VARIABLE = YES;
				IPHONEOS_DEPLOYMENT_TARGET = 6.1;
				ONLY_ACTIVE_ARCH = YES;
				PRODUCT_NAME = Talool;
				SDKROOT = iphoneos;
			};
			name = Debug;
		};
		9103114B16D1E53900CEE814 /* Release */ = {
			isa = XCBuildConfiguration;
			buildSettings = {
				ALWAYS_SEARCH_USER_PATHS = NO;
				CLANG_CXX_LANGUAGE_STANDARD = "gnu++0x";
				CLANG_CXX_LIBRARY = "libc++";
				CLANG_ENABLE_OBJC_ARC = YES;
				CLANG_WARN_CONSTANT_CONVERSION = YES;
				CLANG_WARN_EMPTY_BODY = YES;
				CLANG_WARN_ENUM_CONVERSION = YES;
				CLANG_WARN_INT_CONVERSION = YES;
				CLANG_WARN__DUPLICATE_METHOD_MATCH = YES;
				"CODE_SIGN_IDENTITY[sdk=iphoneos*]" = "iPhone Developer";
				COPY_PHASE_STRIP = YES;
				GCC_C_LANGUAGE_STANDARD = gnu99;
				GCC_WARN_ABOUT_RETURN_TYPE = YES;
				GCC_WARN_UNINITIALIZED_AUTOS = YES;
				GCC_WARN_UNUSED_VARIABLE = YES;
				IPHONEOS_DEPLOYMENT_TARGET = 6.1;
				OTHER_CFLAGS = "-DNS_BLOCK_ASSERTIONS=1";
				PRODUCT_NAME = Talool;
				SDKROOT = iphoneos;
				VALIDATE_PRODUCT = YES;
			};
			name = Release;
		};
		9103114D16D1E53900CEE814 /* Debug */ = {
			isa = XCBuildConfiguration;
			buildSettings = {
				ALWAYS_SEARCH_USER_PATHS = YES;
				FRAMEWORK_SEARCH_PATHS = (
					"$(inherited)",
					"$(SRCROOT)",
				);
				GCC_PRECOMPILE_PREFIX_HEADER = YES;
				GCC_PREFIX_HEADER = "mobile/Talool-Prefix.pch";
				HEADER_SEARCH_PATHS = (
					"\"$(OBJROOT)/UninstalledProducts/include\"",
					"\"$(TARGET_BUILD_DIR)/usr/local/lib/include\"",
				);
				INFOPLIST_FILE = "mobile/Talool-Info.plist";
				LIBRARY_SEARCH_PATHS = (
					"$(inherited)",
					"\"$(SRCROOT)\"",
				);
				OTHER_LDFLAGS = (
					"-all_load",
					"-lsqlite3.0",
					"-ObjC",
				);
				PRODUCT_NAME = Talool;
				WRAPPER_EXTENSION = app;
			};
			name = Debug;
		};
		9103114E16D1E53900CEE814 /* Release */ = {
			isa = XCBuildConfiguration;
			buildSettings = {
				ALWAYS_SEARCH_USER_PATHS = YES;
				FRAMEWORK_SEARCH_PATHS = (
					"$(inherited)",
					"$(SRCROOT)",
				);
				GCC_PRECOMPILE_PREFIX_HEADER = YES;
				GCC_PREFIX_HEADER = "mobile/Talool-Prefix.pch";
				HEADER_SEARCH_PATHS = (
					"\"$(OBJROOT)/UninstalledProducts/include\"",
					"\"$(TARGET_BUILD_DIR)/usr/local/lib/include\"",
				);
				INFOPLIST_FILE = "mobile/Talool-Info.plist";
				LIBRARY_SEARCH_PATHS = (
					"$(inherited)",
					"\"$(SRCROOT)\"",
				);
				OTHER_LDFLAGS = (
					"-all_load",
					"-lsqlite3.0",
					"-ObjC",
				);
				PRODUCT_NAME = Talool;
				WRAPPER_EXTENSION = app;
			};
			name = Release;
		};
		9103115016D1E53900CEE814 /* Debug */ = {
			isa = XCBuildConfiguration;
			buildSettings = {
				BUNDLE_LOADER = "$(BUILT_PRODUCTS_DIR)/mobile.app/mobile";
				FRAMEWORK_SEARCH_PATHS = (
					"\"$(SDKROOT)/Developer/Library/Frameworks\"",
					"\"$(DEVELOPER_LIBRARY_DIR)/Frameworks\"",
				);
				GCC_PRECOMPILE_PREFIX_HEADER = YES;
				GCC_PREFIX_HEADER = "mobile/mobile-Prefix.pch";
				INFOPLIST_FILE = "mobileTests/TaloolTests-Info.plist";
				PRODUCT_NAME = TaloolTests;
				TEST_HOST = "$(BUNDLE_LOADER)";
				WRAPPER_EXTENSION = octest;
			};
			name = Debug;
		};
		9103115116D1E53900CEE814 /* Release */ = {
			isa = XCBuildConfiguration;
			buildSettings = {
				BUNDLE_LOADER = "$(BUILT_PRODUCTS_DIR)/mobile.app/mobile";
				FRAMEWORK_SEARCH_PATHS = (
					"\"$(SDKROOT)/Developer/Library/Frameworks\"",
					"\"$(DEVELOPER_LIBRARY_DIR)/Frameworks\"",
				);
				GCC_PRECOMPILE_PREFIX_HEADER = YES;
				GCC_PREFIX_HEADER = "mobile/mobile-Prefix.pch";
				INFOPLIST_FILE = "mobileTests/TaloolTests-Info.plist";
				PRODUCT_NAME = TaloolTests;
				TEST_HOST = "$(BUNDLE_LOADER)";
				WRAPPER_EXTENSION = octest;
			};
			name = Release;
		};
/* End XCBuildConfiguration section */

/* Begin XCConfigurationList section */
		9103110416D1E53800CEE814 /* Build configuration list for PBXProject "Talool" */ = {
			isa = XCConfigurationList;
			buildConfigurations = (
				9103114A16D1E53900CEE814 /* Debug */,
				9103114B16D1E53900CEE814 /* Release */,
			);
			defaultConfigurationIsVisible = 0;
			defaultConfigurationName = Release;
		};
		9103114C16D1E53900CEE814 /* Build configuration list for PBXNativeTarget "Talool" */ = {
			isa = XCConfigurationList;
			buildConfigurations = (
				9103114D16D1E53900CEE814 /* Debug */,
				9103114E16D1E53900CEE814 /* Release */,
			);
			defaultConfigurationIsVisible = 0;
			defaultConfigurationName = Release;
		};
		9103114F16D1E53900CEE814 /* Build configuration list for PBXNativeTarget "TaloolTests" */ = {
			isa = XCConfigurationList;
			buildConfigurations = (
				9103115016D1E53900CEE814 /* Debug */,
				9103115116D1E53900CEE814 /* Release */,
			);
			defaultConfigurationIsVisible = 0;
			defaultConfigurationName = Release;
		};
/* End XCConfigurationList section */
	};
	rootObject = 9103110116D1E53800CEE814 /* Project object */;
}
