// !$*UTF8*$!
{
	archiveVersion = 1;
	classes = {
	};
	objectVersion = 46;
	objects = {

/* Begin PBXBuildFile section */
		6D1542516A0F4B2F8BB1C81A /* libPods.a in Frameworks */ = {isa = PBXBuildFile; fileRef = 5749444CD6524D9DB18E06E3 /* libPods.a */; };
		81058AFB17B70D1900BDD260 /* HelpDealOffers-568h@2x.png in Resources */ = {isa = PBXBuildFile; fileRef = 81058AF817B70D1900BDD260 /* HelpDealOffers-568h@2x.png */; };
		81058AFC17B70D1900BDD260 /* HelpDealOffers.png in Resources */ = {isa = PBXBuildFile; fileRef = 81058AF917B70D1900BDD260 /* HelpDealOffers.png */; };
		81058AFD17B70D1900BDD260 /* HelpDealOffers@2x.png in Resources */ = {isa = PBXBuildFile; fileRef = 81058AFA17B70D1900BDD260 /* HelpDealOffers@2x.png */; };
		8108CBB81836D032006E39EC /* DealOfferCell.m in Sources */ = {isa = PBXBuildFile; fileRef = 8108CBB71836D032006E39EC /* DealOfferCell.m */; };
		8108CBBB1836D065006E39EC /* FindDealsTableViewController.m in Sources */ = {isa = PBXBuildFile; fileRef = 8108CBBA1836D065006E39EC /* FindDealsTableViewController.m */; };
		810BB75F1783295600C65540 /* KeyboardAccessoryView.m in Sources */ = {isa = PBXBuildFile; fileRef = 810BB75E1783295500C65540 /* KeyboardAccessoryView.m */; };
		810BB7611783296D00C65540 /* KeyboardAccessoryView.xib in Resources */ = {isa = PBXBuildFile; fileRef = 810BB7601783296D00C65540 /* KeyboardAccessoryView.xib */; };
		811A9CC0175FE2C400B42612 /* AcceptGiftViewController.m in Sources */ = {isa = PBXBuildFile; fileRef = 811A9CBF175FE2C400B42612 /* AcceptGiftViewController.m */; };
		8145C45F177A1CE800880294 /* DealCell.m in Sources */ = {isa = PBXBuildFile; fileRef = 8145C45E177A1CE800880294 /* DealCell.m */; };
		8146D169177274450035F589 /* ActivityCell.m in Sources */ = {isa = PBXBuildFile; fileRef = 8146D168177274450035F589 /* ActivityCell.m */; };
		8146D175177394BD0035F589 /* MyDealsViewController.m in Sources */ = {isa = PBXBuildFile; fileRef = 8146D174177394BC0035F589 /* MyDealsViewController.m */; };
		8146D1781773EF140035F589 /* ActivityViewController.m in Sources */ = {isa = PBXBuildFile; fileRef = 8146D1771773EF130035F589 /* ActivityViewController.m */; };
		81471F3F179F0B3900C6DAB8 /* SplashViewController.m in Sources */ = {isa = PBXBuildFile; fileRef = 81471F3E179F0B3800C6DAB8 /* SplashViewController.m */; };
		81517B4917FB7F070020A688 /* ActivateCodeViewController.m in Sources */ = {isa = PBXBuildFile; fileRef = 81517B4817FB7F070020A688 /* ActivateCodeViewController.m */; };
		81517B4E17FBB5470020A688 /* hero-568h@2x.png in Resources */ = {isa = PBXBuildFile; fileRef = 81517B4C17FBB5470020A688 /* hero-568h@2x.png */; };
		81517B4F17FBB5470020A688 /* hero@2x.png in Resources */ = {isa = PBXBuildFile; fileRef = 81517B4D17FBB5470020A688 /* hero@2x.png */; };
		81517B5217FC62650020A688 /* TaloolTextField.m in Sources */ = {isa = PBXBuildFile; fileRef = 81517B5117FC62650020A688 /* TaloolTextField.m */; };
		8157F8D517CC0DA400061B62 /* Icon_29.png in Resources */ = {isa = PBXBuildFile; fileRef = 8157F8D217CC0DA400061B62 /* Icon_29.png */; };
		8157F8D617CC0DA400061B62 /* Icon_58.png in Resources */ = {isa = PBXBuildFile; fileRef = 8157F8D317CC0DA400061B62 /* Icon_58.png */; };
		8157F8D717CC0DA400061B62 /* Icon_80.png in Resources */ = {isa = PBXBuildFile; fileRef = 8157F8D417CC0DA400061B62 /* Icon_80.png */; };
		817914AC1798D34300576CDD /* HelpNetworkFailureViewController.m in Sources */ = {isa = PBXBuildFile; fileRef = 817914AB1798D34300576CDD /* HelpNetworkFailureViewController.m */; };
		818641711798FED100DE0C2E /* DealActionBar3View.xib in Resources */ = {isa = PBXBuildFile; fileRef = 818641701798FED100DE0C2E /* DealActionBar3View.xib */; };
		8186417C179904B500DE0C2E /* DealActionBar3View.m in Sources */ = {isa = PBXBuildFile; fileRef = 8186417B179904B500DE0C2E /* DealActionBar3View.m */; };
		81867EC817CFEC7A0069EC9E /* Icon_120.png in Resources */ = {isa = PBXBuildFile; fileRef = 8157F8D117CC0D8000061B62 /* Icon_120.png */; };
		819092CE17FCB2CF00699C39 /* Default-568h@2x.png in Resources */ = {isa = PBXBuildFile; fileRef = 819092CB17FCB2CF00699C39 /* Default-568h@2x.png */; };
		819092CF17FCB2CF00699C39 /* Default.png in Resources */ = {isa = PBXBuildFile; fileRef = 819092CC17FCB2CF00699C39 /* Default.png */; };
		819092D017FCB2CF00699C39 /* Default@2x.png in Resources */ = {isa = PBXBuildFile; fileRef = 819092CD17FCB2CF00699C39 /* Default@2x.png */; };
		819092D217FCCB0800699C39 /* compass.png in Resources */ = {isa = PBXBuildFile; fileRef = 819092D117FCCB0800699C39 /* compass.png */; };
		819092D417FCCB3B00699C39 /* no-wifi-icon.png in Resources */ = {isa = PBXBuildFile; fileRef = 819092D317FCCB3B00699C39 /* no-wifi-icon.png */; };
		81937B1B176A38BB002DDCA8 /* 000.png in Resources */ = {isa = PBXBuildFile; fileRef = 81937B1A176A38BB002DDCA8 /* 000.png */; };
		81937B2C176B6B1E002DDCA8 /* TextureHelper.m in Sources */ = {isa = PBXBuildFile; fileRef = 81937B2B176B6B1E002DDCA8 /* TextureHelper.m */; };
		819A0E21183D0653008D43C8 /* DealOfferIcon.png in Resources */ = {isa = PBXBuildFile; fileRef = 819A0E20183D0653008D43C8 /* DealOfferIcon.png */; };
		819A0E25183D19E9008D43C8 /* DealOfferBG.png in Resources */ = {isa = PBXBuildFile; fileRef = 819A0E24183D19E9008D43C8 /* DealOfferBG.png */; };
		819B26BE179B1DA400744C04 /* DealLocationCell.m in Sources */ = {isa = PBXBuildFile; fileRef = 819B26BD179B1DA400744C04 /* DealLocationCell.m */; };
		819B26C1179B203200744C04 /* DealOfferLogoCell.m in Sources */ = {isa = PBXBuildFile; fileRef = 819B26C0179B203200744C04 /* DealOfferLogoCell.m */; };
		819B26D7179B8A8200744C04 /* MerchantActionBar3View.m in Sources */ = {isa = PBXBuildFile; fileRef = 819B26D6179B8A8200744C04 /* MerchantActionBar3View.m */; };
		819B26D9179B8AA200744C04 /* MerchantActionBar3View.xib in Resources */ = {isa = PBXBuildFile; fileRef = 819B26D8179B8AA100744C04 /* MerchantActionBar3View.xib */; };
		819B26E9179C6F5F00744C04 /* FooterPromptCell.m in Sources */ = {isa = PBXBuildFile; fileRef = 819B26E8179C6F5E00744C04 /* FooterPromptCell.m */; };
		819FA953177B99DE006A819B /* IconHelper.m in Sources */ = {isa = PBXBuildFile; fileRef = 819FA952177B99DD006A819B /* IconHelper.m */; };
		819FA956177BA2CF006A819B /* ActivityFilterControl.m in Sources */ = {isa = PBXBuildFile; fileRef = 819FA955177BA2CE006A819B /* ActivityFilterControl.m */; };
		819FA959177CC564006A819B /* TaloolMobileWebViewController.m in Sources */ = {isa = PBXBuildFile; fileRef = 819FA958177CC563006A819B /* TaloolMobileWebViewController.m */; };
		81A57C8717EBA57A00A68B71 /* TaloolLogoAndIcon.png in Resources */ = {isa = PBXBuildFile; fileRef = 81A57C8617EBA57A00A68B71 /* TaloolLogoAndIcon.png */; };
		81A57C8C17ECEAA400A68B71 /* SendPasswordResetViewController.m in Sources */ = {isa = PBXBuildFile; fileRef = 81A57C8B17ECEAA400A68B71 /* SendPasswordResetViewController.m */; };
		81A869AD17750B810043ACE8 /* MerchantSearchView.m in Sources */ = {isa = PBXBuildFile; fileRef = 81A869AC17750B810043ACE8 /* MerchantSearchView.m */; };
		81A869B217750BA30043ACE8 /* MerchantSearchView.xib in Resources */ = {isa = PBXBuildFile; fileRef = 81A869B117750BA30043ACE8 /* MerchantSearchView.xib */; };
		81A869B5177633220043ACE8 /* MerchantSearchHelper.m in Sources */ = {isa = PBXBuildFile; fileRef = 81A869B4177633220043ACE8 /* MerchantSearchHelper.m */; };
		81A869B81777822E0043ACE8 /* ActivityFilterView.m in Sources */ = {isa = PBXBuildFile; fileRef = 81A869B71777822E0043ACE8 /* ActivityFilterView.m */; };
		81A869BA1777824B0043ACE8 /* ActivityFilterView.xib in Resources */ = {isa = PBXBuildFile; fileRef = 81A869B91777824B0043ACE8 /* ActivityFilterView.xib */; };
		81A869BD177792CB0043ACE8 /* ActivityStreamHelper.m in Sources */ = {isa = PBXBuildFile; fileRef = 81A869BC177792CB0043ACE8 /* ActivityStreamHelper.m */; };
		81AE459517A379D300F5643E /* Icon.png in Resources */ = {isa = PBXBuildFile; fileRef = 81AE459317A379D300F5643E /* Icon.png */; };
		81AE459617A379D300F5643E /* Icon@2x.png in Resources */ = {isa = PBXBuildFile; fileRef = 81AE459417A379D300F5643E /* Icon@2x.png */; };
		81AE6DAD179F77CF000596E8 /* HelpBuyDealsWithCode-568h@2x.png in Resources */ = {isa = PBXBuildFile; fileRef = 81AE6DAA179F77CF000596E8 /* HelpBuyDealsWithCode-568h@2x.png */; };
		81AE6DAE179F77CF000596E8 /* HelpBuyDealsWithCode.png in Resources */ = {isa = PBXBuildFile; fileRef = 81AE6DAB179F77CF000596E8 /* HelpBuyDealsWithCode.png */; };
		81AE6DAF179F77CF000596E8 /* HelpBuyDealsWithCode@2x.png in Resources */ = {isa = PBXBuildFile; fileRef = 81AE6DAC179F77CF000596E8 /* HelpBuyDealsWithCode@2x.png */; };
		81AE6DB217A02053000596E8 /* UIImage+H568.m in Sources */ = {isa = PBXBuildFile; fileRef = 81AE6DB117A02053000596E8 /* UIImage+H568.m */; };
		81AE6DB517A0823B000596E8 /* HeaderPromptCell.m in Sources */ = {isa = PBXBuildFile; fileRef = 81AE6DB417A0823B000596E8 /* HeaderPromptCell.m */; };
		81AE6DCD17A1BB78000596E8 /* GiftActionBar2View.m in Sources */ = {isa = PBXBuildFile; fileRef = 81AE6DCC17A1BB78000596E8 /* GiftActionBar2View.m */; };
		81AE6DD217A1BB99000596E8 /* GiftActionBar2View.xib in Resources */ = {isa = PBXBuildFile; fileRef = 81AE6DD117A1BB99000596E8 /* GiftActionBar2View.xib */; };
		81AE6DD517A1BE75000596E8 /* DefaultGiftLayoutState.m in Sources */ = {isa = PBXBuildFile; fileRef = 81AE6DD417A1BE75000596E8 /* DefaultGiftLayoutState.m */; };
		81AE6DD817A1CE0A000596E8 /* GiftDetailCell.m in Sources */ = {isa = PBXBuildFile; fileRef = 81AE6DD717A1CE09000596E8 /* GiftDetailCell.m */; };
		81AE6DDB17A1D938000596E8 /* ribbonbadge.png in Resources */ = {isa = PBXBuildFile; fileRef = 81AE6DD917A1D938000596E8 /* ribbonbadge.png */; };
		81AE6DDC17A1D938000596E8 /* ribbonbadge@2x.png in Resources */ = {isa = PBXBuildFile; fileRef = 81AE6DDA17A1D938000596E8 /* ribbonbadge@2x.png */; };
		81BD126B17870F4E00AF7475 /* DealOfferTableViewController.m in Sources */ = {isa = PBXBuildFile; fileRef = 81BD126A17870F4E00AF7475 /* DealOfferTableViewController.m */; };
		81BD127317872AD000AF7475 /* OfferActionView.m in Sources */ = {isa = PBXBuildFile; fileRef = 81BD127217872AD000AF7475 /* OfferActionView.m */; };
		81BD127517872AEB00AF7475 /* OfferActionView.xib in Resources */ = {isa = PBXBuildFile; fileRef = 81BD127417872AEB00AF7475 /* OfferActionView.xib */; };
		81BD12781787575A00AF7475 /* OfferSummaryCell.m in Sources */ = {isa = PBXBuildFile; fileRef = 81BD12771787575A00AF7475 /* OfferSummaryCell.m */; };
		81BD127B1787602A00AF7475 /* MapCell.m in Sources */ = {isa = PBXBuildFile; fileRef = 81BD127A1787602A00AF7475 /* MapCell.m */; };
		81BD12A0178F117700AF7475 /* MerchantTableViewController.m in Sources */ = {isa = PBXBuildFile; fileRef = 81BD129F178F117500AF7475 /* MerchantTableViewController.m */; };
		81BD12AA178F37B200AF7475 /* DealTableViewController.m in Sources */ = {isa = PBXBuildFile; fileRef = 81BD12A9178F37B200AF7475 /* DealTableViewController.m */; };
		81BD12B3178F453D00AF7475 /* DealDetailCell.m in Sources */ = {isa = PBXBuildFile; fileRef = 81BD12B2178F453C00AF7475 /* DealDetailCell.m */; };
		81BD12B9178F457800AF7475 /* BarCodeCell.m in Sources */ = {isa = PBXBuildFile; fileRef = 81BD12B8178F457700AF7475 /* BarCodeCell.m */; };
		81BD12C11791B9CC00AF7475 /* DefaultDealLayoutState.m in Sources */ = {isa = PBXBuildFile; fileRef = 81BD12C01791B9CA00AF7475 /* DefaultDealLayoutState.m */; };
		81BD12C51791BCA400AF7475 /* DealLayoutState.m in Sources */ = {isa = PBXBuildFile; fileRef = 81BD12C41791BCA300AF7475 /* DealLayoutState.m */; };
		81E3AA6017EB5E5F00B5EE5A /* ResetPasswordViewController.m in Sources */ = {isa = PBXBuildFile; fileRef = 81E3AA5F17EB5E5F00B5EE5A /* ResetPasswordViewController.m */; };
		81E3AA6317EB71D100B5EE5A /* TaloolAppCall.m in Sources */ = {isa = PBXBuildFile; fileRef = 81E3AA6217EB71D100B5EE5A /* TaloolAppCall.m */; };
		81E5504F17F9EB1C000BF3A5 /* TaloolLogoIcon2.png in Resources */ = {isa = PBXBuildFile; fileRef = 81E5504E17F9EB1C000BF3A5 /* TaloolLogoIcon2.png */; };
		81E5505217F9FB58000BF3A5 /* LoginViewController.m in Sources */ = {isa = PBXBuildFile; fileRef = 81E5505117F9FB58000BF3A5 /* LoginViewController.m */; };
		81F24B031750280D003A3A1A /* AddressBookUI.framework in Frameworks */ = {isa = PBXBuildFile; fileRef = 81F24B021750280D003A3A1A /* AddressBookUI.framework */; };
		81F24B061752E9D6003A3A1A /* TaloolUIButton.m in Sources */ = {isa = PBXBuildFile; fileRef = 81F24B051752E9D6003A3A1A /* TaloolUIButton.m */; };
		81F24B1A1754433A003A3A1A /* GradientButton.m in Sources */ = {isa = PBXBuildFile; fileRef = 81F24B191754433A003A3A1A /* GradientButton.m */; };
		81F24B24175950CA003A3A1A /* TaloolIconButton.m in Sources */ = {isa = PBXBuildFile; fileRef = 81F24B23175950C9003A3A1A /* TaloolIconButton.m */; };
		81FBEC5B1815ACC600751F3A /* EmailViewController.m in Sources */ = {isa = PBXBuildFile; fileRef = 81FBEC5A1815ACC600751F3A /* EmailViewController.m */; };
		9103110D16D1E53800CEE814 /* UIKit.framework in Frameworks */ = {isa = PBXBuildFile; fileRef = 9103110C16D1E53800CEE814 /* UIKit.framework */; };
		9103110F16D1E53800CEE814 /* Foundation.framework in Frameworks */ = {isa = PBXBuildFile; fileRef = 9103110E16D1E53800CEE814 /* Foundation.framework */; };
		9103111116D1E53800CEE814 /* CoreGraphics.framework in Frameworks */ = {isa = PBXBuildFile; fileRef = 9103111016D1E53800CEE814 /* CoreGraphics.framework */; };
		9103111716D1E53800CEE814 /* InfoPlist.strings in Resources */ = {isa = PBXBuildFile; fileRef = 9103111516D1E53800CEE814 /* InfoPlist.strings */; };
		9103111916D1E53800CEE814 /* main.m in Sources */ = {isa = PBXBuildFile; fileRef = 9103111816D1E53800CEE814 /* main.m */; };
		9103111D16D1E53800CEE814 /* AppDelegate.m in Sources */ = {isa = PBXBuildFile; fileRef = 9103111C16D1E53800CEE814 /* AppDelegate.m */; };
		9103112616D1E53800CEE814 /* MainStoryboard.storyboard in Resources */ = {isa = PBXBuildFile; fileRef = 9103112416D1E53800CEE814 /* MainStoryboard.storyboard */; };
		9103115E16D3179E00CEE814 /* MerchantCell.m in Sources */ = {isa = PBXBuildFile; fileRef = 9103115D16D3179E00CEE814 /* MerchantCell.m */; };
		9103116116D317E800CEE814 /* FavoriteMerchantCell.m in Sources */ = {isa = PBXBuildFile; fileRef = 9103116016D317E800CEE814 /* FavoriteMerchantCell.m */; };
		91490D311745DBD000622A85 /* CoreText.framework in Frameworks */ = {isa = PBXBuildFile; fileRef = 91490D301745DBD000622A85 /* CoreText.framework */; };
		91490D401746805400622A85 /* MerchantFilterControl.m in Sources */ = {isa = PBXBuildFile; fileRef = 91490D3F1746805400622A85 /* MerchantFilterControl.m */; };
		91490D80174810A600622A85 /* CategoryHelper.m in Sources */ = {isa = PBXBuildFile; fileRef = 91490D7F174810A600622A85 /* CategoryHelper.m */; };
		914B1EC016E3029A00C88B59 /* WelcomeViewController.m in Sources */ = {isa = PBXBuildFile; fileRef = 914B1EBF16E3029A00C88B59 /* WelcomeViewController.m */; };
		9161487616EAD758001C546C /* Social.framework in Frameworks */ = {isa = PBXBuildFile; fileRef = 9161487516EAD758001C546C /* Social.framework */; settings = {ATTRIBUTES = (Weak, ); }; };
		9161487916EAD76F001C546C /* Accounts.framework in Frameworks */ = {isa = PBXBuildFile; fileRef = 9161487816EAD76F001C546C /* Accounts.framework */; settings = {ATTRIBUTES = (Weak, ); }; };
		9161487B16EAD783001C546C /* AddressBook.framework in Frameworks */ = {isa = PBXBuildFile; fileRef = 9161487A16EAD783001C546C /* AddressBook.framework */; };
		9161488316EADC1A001C546C /* AdSupport.framework in Frameworks */ = {isa = PBXBuildFile; fileRef = 9161488216EADC1A001C546C /* AdSupport.framework */; settings = {ATTRIBUTES = (Weak, ); }; };
		916148CF16ED1C04001C546C /* CustomerHelper.m in Sources */ = {isa = PBXBuildFile; fileRef = 916148CE16ED1C04001C546C /* CustomerHelper.m */; };
		9168A4DB170496CC00E53EB1 /* SettingsTableViewController.m in Sources */ = {isa = PBXBuildFile; fileRef = 9168A4DA170496CC00E53EB1 /* SettingsTableViewController.m */; };
		916B1167175D69590024A037 /* Security.framework in Frameworks */ = {isa = PBXBuildFile; fileRef = 916B1166175D69590024A037 /* Security.framework */; };
		917F0FD916DC66AB008A56E3 /* CoreData.framework in Frameworks */ = {isa = PBXBuildFile; fileRef = 917F0FD716DC66AB008A56E3 /* CoreData.framework */; };
		917F0FDA16DC66AB008A56E3 /* CoreLocation.framework in Frameworks */ = {isa = PBXBuildFile; fileRef = 917F0FD816DC66AB008A56E3 /* CoreLocation.framework */; };
		9183F4C6170342B000ED4844 /* AVFoundation.framework in Frameworks */ = {isa = PBXBuildFile; fileRef = 9183F4C4170342B000ED4844 /* AVFoundation.framework */; };
		9183F4C7170342B000ED4844 /* CoreMedia.framework in Frameworks */ = {isa = PBXBuildFile; fileRef = 9183F4C5170342B000ED4844 /* CoreMedia.framework */; };
		9183F4C9170342C800ED4844 /* CoreVideo.framework in Frameworks */ = {isa = PBXBuildFile; fileRef = 9183F4C8170342C800ED4844 /* CoreVideo.framework */; };
		9183F4CB170342D500ED4844 /* ImageIO.framework in Frameworks */ = {isa = PBXBuildFile; fileRef = 9183F4CA170342D500ED4844 /* ImageIO.framework */; };
		9183F4CD170342E200ED4844 /* QuartzCore.framework in Frameworks */ = {isa = PBXBuildFile; fileRef = 9183F4CC170342E100ED4844 /* QuartzCore.framework */; };
		9183F4D7170350BB00ED4844 /* ZXingObjC.framework in Frameworks */ = {isa = PBXBuildFile; fileRef = 9183F4D6170350BB00ED4844 /* ZXingObjC.framework */; };
		9197F97B170CB50500BDAA58 /* SDWebImage.framework in Frameworks */ = {isa = PBXBuildFile; fileRef = 9197F97A170CB50500BDAA58 /* SDWebImage.framework */; };
		9197F98E170F157200BDAA58 /* TaloolColor.m in Sources */ = {isa = PBXBuildFile; fileRef = 9197F98D170F157200BDAA58 /* TaloolColor.m */; };
		91986EFC16D7150400D1CA96 /* DealAcquireCell.m in Sources */ = {isa = PBXBuildFile; fileRef = 91986EFB16D7150400D1CA96 /* DealAcquireCell.m */; };
		91986F0C16DA88F900D1CA96 /* RegistrationViewController.m in Sources */ = {isa = PBXBuildFile; fileRef = 91986F0B16DA88F800D1CA96 /* RegistrationViewController.m */; };
		91986F0F16DA9E8B00D1CA96 /* TaloolTabBarController.m in Sources */ = {isa = PBXBuildFile; fileRef = 91986F0E16DA9E8900D1CA96 /* TaloolTabBarController.m */; };
		919A3311174510AA0093FAC4 /* MapKit.framework in Frameworks */ = {isa = PBXBuildFile; fileRef = 919A3310174510A90093FAC4 /* MapKit.framework */; };
		919A331817453AF70093FAC4 /* MerchantLocationViewController.m in Sources */ = {isa = PBXBuildFile; fileRef = 919A330B17447C3A0093FAC4 /* MerchantLocationViewController.m */; };
		919A331917453B120093FAC4 /* LocationCell.m in Sources */ = {isa = PBXBuildFile; fileRef = 919A331617452F1B0093FAC4 /* LocationCell.m */; };
		919A331B17453B120093FAC4 /* MerchantLocationAnnotation.m in Sources */ = {isa = PBXBuildFile; fileRef = 919A3313174516610093FAC4 /* MerchantLocationAnnotation.m */; };
		91CC60BF16F5222C00647AEC /* FacebookHelper.m in Sources */ = {isa = PBXBuildFile; fileRef = 91CC60BE16F5222C00647AEC /* FacebookHelper.m */; };
/* End PBXBuildFile section */

/* Begin PBXFileReference section */
		2C02141BBEA44D77AC6B30E9 /* Pods.xcconfig */ = {isa = PBXFileReference; includeInIndex = 1; lastKnownFileType = text.xcconfig; name = Pods.xcconfig; path = Pods/Pods.xcconfig; sourceTree = SOURCE_ROOT; };
		5749444CD6524D9DB18E06E3 /* libPods.a */ = {isa = PBXFileReference; explicitFileType = archive.ar; includeInIndex = 0; path = libPods.a; sourceTree = BUILT_PRODUCTS_DIR; };
		81058AF817B70D1900BDD260 /* HelpDealOffers-568h@2x.png */ = {isa = PBXFileReference; lastKnownFileType = image.png; path = "HelpDealOffers-568h@2x.png"; sourceTree = "<group>"; };
		81058AF917B70D1900BDD260 /* HelpDealOffers.png */ = {isa = PBXFileReference; lastKnownFileType = image.png; path = HelpDealOffers.png; sourceTree = "<group>"; };
		81058AFA17B70D1900BDD260 /* HelpDealOffers@2x.png */ = {isa = PBXFileReference; lastKnownFileType = image.png; path = "HelpDealOffers@2x.png"; sourceTree = "<group>"; };
		8108CBB61836D032006E39EC /* DealOfferCell.h */ = {isa = PBXFileReference; fileEncoding = 4; lastKnownFileType = sourcecode.c.h; path = DealOfferCell.h; sourceTree = "<group>"; };
		8108CBB71836D032006E39EC /* DealOfferCell.m */ = {isa = PBXFileReference; fileEncoding = 4; lastKnownFileType = sourcecode.c.objc; path = DealOfferCell.m; sourceTree = "<group>"; };
		8108CBB91836D065006E39EC /* FindDealsTableViewController.h */ = {isa = PBXFileReference; fileEncoding = 4; lastKnownFileType = sourcecode.c.h; path = FindDealsTableViewController.h; sourceTree = "<group>"; };
		8108CBBA1836D065006E39EC /* FindDealsTableViewController.m */ = {isa = PBXFileReference; fileEncoding = 4; lastKnownFileType = sourcecode.c.objc; path = FindDealsTableViewController.m; sourceTree = "<group>"; };
		810BB75D1783295500C65540 /* KeyboardAccessoryView.h */ = {isa = PBXFileReference; fileEncoding = 4; lastKnownFileType = sourcecode.c.h; path = KeyboardAccessoryView.h; sourceTree = "<group>"; };
		810BB75E1783295500C65540 /* KeyboardAccessoryView.m */ = {isa = PBXFileReference; fileEncoding = 4; lastKnownFileType = sourcecode.c.objc; path = KeyboardAccessoryView.m; sourceTree = "<group>"; };
		810BB7601783296D00C65540 /* KeyboardAccessoryView.xib */ = {isa = PBXFileReference; fileEncoding = 4; lastKnownFileType = file.xib; path = KeyboardAccessoryView.xib; sourceTree = "<group>"; };
		811A9CBE175FE2C400B42612 /* AcceptGiftViewController.h */ = {isa = PBXFileReference; fileEncoding = 4; lastKnownFileType = sourcecode.c.h; path = AcceptGiftViewController.h; sourceTree = "<group>"; };
		811A9CBF175FE2C400B42612 /* AcceptGiftViewController.m */ = {isa = PBXFileReference; fileEncoding = 4; lastKnownFileType = sourcecode.c.objc; path = AcceptGiftViewController.m; sourceTree = "<group>"; };
		8145C45D177A1CE800880294 /* DealCell.h */ = {isa = PBXFileReference; fileEncoding = 4; lastKnownFileType = sourcecode.c.h; path = DealCell.h; sourceTree = "<group>"; };
		8145C45E177A1CE800880294 /* DealCell.m */ = {isa = PBXFileReference; fileEncoding = 4; lastKnownFileType = sourcecode.c.objc; path = DealCell.m; sourceTree = "<group>"; };
		8146D167177274450035F589 /* ActivityCell.h */ = {isa = PBXFileReference; fileEncoding = 4; lastKnownFileType = sourcecode.c.h; path = ActivityCell.h; sourceTree = "<group>"; };
		8146D168177274450035F589 /* ActivityCell.m */ = {isa = PBXFileReference; fileEncoding = 4; lastKnownFileType = sourcecode.c.objc; path = ActivityCell.m; sourceTree = "<group>"; };
		8146D173177394BC0035F589 /* MyDealsViewController.h */ = {isa = PBXFileReference; fileEncoding = 4; lastKnownFileType = sourcecode.c.h; path = MyDealsViewController.h; sourceTree = "<group>"; };
		8146D174177394BC0035F589 /* MyDealsViewController.m */ = {isa = PBXFileReference; fileEncoding = 4; lastKnownFileType = sourcecode.c.objc; path = MyDealsViewController.m; sourceTree = "<group>"; };
		8146D1761773EF110035F589 /* ActivityViewController.h */ = {isa = PBXFileReference; fileEncoding = 4; lastKnownFileType = sourcecode.c.h; path = ActivityViewController.h; sourceTree = "<group>"; };
		8146D1771773EF130035F589 /* ActivityViewController.m */ = {isa = PBXFileReference; fileEncoding = 4; lastKnownFileType = sourcecode.c.objc; path = ActivityViewController.m; sourceTree = "<group>"; };
		81471F3D179F0B3800C6DAB8 /* SplashViewController.h */ = {isa = PBXFileReference; fileEncoding = 4; lastKnownFileType = sourcecode.c.h; name = SplashViewController.h; path = ../SplashViewController.h; sourceTree = "<group>"; };
		81471F3E179F0B3800C6DAB8 /* SplashViewController.m */ = {isa = PBXFileReference; fileEncoding = 4; lastKnownFileType = sourcecode.c.objc; name = SplashViewController.m; path = ../SplashViewController.m; sourceTree = "<group>"; };
		81517B4717FB7F060020A688 /* ActivateCodeViewController.h */ = {isa = PBXFileReference; fileEncoding = 4; lastKnownFileType = sourcecode.c.h; path = ActivateCodeViewController.h; sourceTree = "<group>"; };
		81517B4817FB7F070020A688 /* ActivateCodeViewController.m */ = {isa = PBXFileReference; fileEncoding = 4; lastKnownFileType = sourcecode.c.objc; path = ActivateCodeViewController.m; sourceTree = "<group>"; };
		81517B4C17FBB5470020A688 /* hero-568h@2x.png */ = {isa = PBXFileReference; lastKnownFileType = image.png; path = "hero-568h@2x.png"; sourceTree = "<group>"; };
		81517B4D17FBB5470020A688 /* hero@2x.png */ = {isa = PBXFileReference; lastKnownFileType = image.png; path = "hero@2x.png"; sourceTree = "<group>"; };
		81517B5017FC62650020A688 /* TaloolTextField.h */ = {isa = PBXFileReference; fileEncoding = 4; lastKnownFileType = sourcecode.c.h; path = TaloolTextField.h; sourceTree = "<group>"; };
		81517B5117FC62650020A688 /* TaloolTextField.m */ = {isa = PBXFileReference; fileEncoding = 4; lastKnownFileType = sourcecode.c.objc; path = TaloolTextField.m; sourceTree = "<group>"; };
		8151CBA4179452F0007894B2 /* SystemConfiguration.framework */ = {isa = PBXFileReference; lastKnownFileType = wrapper.framework; name = SystemConfiguration.framework; path = System/Library/Frameworks/SystemConfiguration.framework; sourceTree = SDKROOT; };
		8157F8D117CC0D8000061B62 /* Icon_120.png */ = {isa = PBXFileReference; lastKnownFileType = image.png; path = Icon_120.png; sourceTree = "<group>"; };
		8157F8D217CC0DA400061B62 /* Icon_29.png */ = {isa = PBXFileReference; lastKnownFileType = image.png; path = Icon_29.png; sourceTree = "<group>"; };
		8157F8D317CC0DA400061B62 /* Icon_58.png */ = {isa = PBXFileReference; lastKnownFileType = image.png; path = Icon_58.png; sourceTree = "<group>"; };
		8157F8D417CC0DA400061B62 /* Icon_80.png */ = {isa = PBXFileReference; lastKnownFileType = image.png; path = Icon_80.png; sourceTree = "<group>"; };
		817914AA1798D34300576CDD /* HelpNetworkFailureViewController.h */ = {isa = PBXFileReference; fileEncoding = 4; lastKnownFileType = sourcecode.c.h; path = HelpNetworkFailureViewController.h; sourceTree = "<group>"; };
		817914AB1798D34300576CDD /* HelpNetworkFailureViewController.m */ = {isa = PBXFileReference; fileEncoding = 4; lastKnownFileType = sourcecode.c.objc; path = HelpNetworkFailureViewController.m; sourceTree = "<group>"; };
		817E53841770CE180049434A /* StoreKit.framework */ = {isa = PBXFileReference; lastKnownFileType = wrapper.framework; name = StoreKit.framework; path = System/Library/Frameworks/StoreKit.framework; sourceTree = SDKROOT; };
		818641701798FED100DE0C2E /* DealActionBar3View.xib */ = {isa = PBXFileReference; fileEncoding = 4; lastKnownFileType = file.xib; path = DealActionBar3View.xib; sourceTree = "<group>"; };
		8186417A179904B500DE0C2E /* DealActionBar3View.h */ = {isa = PBXFileReference; fileEncoding = 4; lastKnownFileType = sourcecode.c.h; path = DealActionBar3View.h; sourceTree = "<group>"; };
		8186417B179904B500DE0C2E /* DealActionBar3View.m */ = {isa = PBXFileReference; fileEncoding = 4; lastKnownFileType = sourcecode.c.objc; path = DealActionBar3View.m; sourceTree = "<group>"; };
		819092CB17FCB2CF00699C39 /* Default-568h@2x.png */ = {isa = PBXFileReference; lastKnownFileType = image.png; path = "Default-568h@2x.png"; sourceTree = "<group>"; };
		819092CC17FCB2CF00699C39 /* Default.png */ = {isa = PBXFileReference; lastKnownFileType = image.png; path = Default.png; sourceTree = "<group>"; };
		819092CD17FCB2CF00699C39 /* Default@2x.png */ = {isa = PBXFileReference; lastKnownFileType = image.png; path = "Default@2x.png"; sourceTree = "<group>"; };
		819092D117FCCB0800699C39 /* compass.png */ = {isa = PBXFileReference; lastKnownFileType = image.png; path = compass.png; sourceTree = "<group>"; };
		819092D317FCCB3B00699C39 /* no-wifi-icon.png */ = {isa = PBXFileReference; lastKnownFileType = image.png; path = "no-wifi-icon.png"; sourceTree = "<group>"; };
		81937B1A176A38BB002DDCA8 /* 000.png */ = {isa = PBXFileReference; lastKnownFileType = image.png; path = 000.png; sourceTree = "<group>"; };
		81937B2A176B6B1E002DDCA8 /* TextureHelper.h */ = {isa = PBXFileReference; fileEncoding = 4; lastKnownFileType = sourcecode.c.h; path = TextureHelper.h; sourceTree = "<group>"; };
		81937B2B176B6B1E002DDCA8 /* TextureHelper.m */ = {isa = PBXFileReference; fileEncoding = 4; lastKnownFileType = sourcecode.c.objc; path = TextureHelper.m; sourceTree = "<group>"; };
		819A0E20183D0653008D43C8 /* DealOfferIcon.png */ = {isa = PBXFileReference; lastKnownFileType = image.png; path = DealOfferIcon.png; sourceTree = "<group>"; };
		819A0E24183D19E9008D43C8 /* DealOfferBG.png */ = {isa = PBXFileReference; lastKnownFileType = image.png; path = DealOfferBG.png; sourceTree = "<group>"; };
		819B26BC179B1DA400744C04 /* DealLocationCell.h */ = {isa = PBXFileReference; fileEncoding = 4; lastKnownFileType = sourcecode.c.h; path = DealLocationCell.h; sourceTree = "<group>"; };
		819B26BD179B1DA400744C04 /* DealLocationCell.m */ = {isa = PBXFileReference; fileEncoding = 4; lastKnownFileType = sourcecode.c.objc; path = DealLocationCell.m; sourceTree = "<group>"; };
		819B26BF179B203200744C04 /* DealOfferLogoCell.h */ = {isa = PBXFileReference; fileEncoding = 4; lastKnownFileType = sourcecode.c.h; path = DealOfferLogoCell.h; sourceTree = "<group>"; };
		819B26C0179B203200744C04 /* DealOfferLogoCell.m */ = {isa = PBXFileReference; fileEncoding = 4; lastKnownFileType = sourcecode.c.objc; path = DealOfferLogoCell.m; sourceTree = "<group>"; };
		819B26D5179B8A8100744C04 /* MerchantActionBar3View.h */ = {isa = PBXFileReference; fileEncoding = 4; lastKnownFileType = sourcecode.c.h; path = MerchantActionBar3View.h; sourceTree = "<group>"; };
		819B26D6179B8A8200744C04 /* MerchantActionBar3View.m */ = {isa = PBXFileReference; fileEncoding = 4; lastKnownFileType = sourcecode.c.objc; path = MerchantActionBar3View.m; sourceTree = "<group>"; };
		819B26D8179B8AA100744C04 /* MerchantActionBar3View.xib */ = {isa = PBXFileReference; fileEncoding = 4; lastKnownFileType = file.xib; path = MerchantActionBar3View.xib; sourceTree = "<group>"; };
		819B26E7179C6F5E00744C04 /* FooterPromptCell.h */ = {isa = PBXFileReference; fileEncoding = 4; lastKnownFileType = sourcecode.c.h; path = FooterPromptCell.h; sourceTree = "<group>"; };
		819B26E8179C6F5E00744C04 /* FooterPromptCell.m */ = {isa = PBXFileReference; fileEncoding = 4; lastKnownFileType = sourcecode.c.objc; path = FooterPromptCell.m; sourceTree = "<group>"; };
		819FA951177B99DD006A819B /* IconHelper.h */ = {isa = PBXFileReference; fileEncoding = 4; lastKnownFileType = sourcecode.c.h; path = IconHelper.h; sourceTree = "<group>"; };
		819FA952177B99DD006A819B /* IconHelper.m */ = {isa = PBXFileReference; fileEncoding = 4; lastKnownFileType = sourcecode.c.objc; path = IconHelper.m; sourceTree = "<group>"; };
		819FA954177BA2CE006A819B /* ActivityFilterControl.h */ = {isa = PBXFileReference; fileEncoding = 4; lastKnownFileType = sourcecode.c.h; path = ActivityFilterControl.h; sourceTree = "<group>"; };
		819FA955177BA2CE006A819B /* ActivityFilterControl.m */ = {isa = PBXFileReference; fileEncoding = 4; lastKnownFileType = sourcecode.c.objc; path = ActivityFilterControl.m; sourceTree = "<group>"; };
		819FA957177CC563006A819B /* TaloolMobileWebViewController.h */ = {isa = PBXFileReference; fileEncoding = 4; lastKnownFileType = sourcecode.c.h; path = TaloolMobileWebViewController.h; sourceTree = "<group>"; };
		819FA958177CC563006A819B /* TaloolMobileWebViewController.m */ = {isa = PBXFileReference; fileEncoding = 4; lastKnownFileType = sourcecode.c.objc; path = TaloolMobileWebViewController.m; sourceTree = "<group>"; };
		81A57C8617EBA57A00A68B71 /* TaloolLogoAndIcon.png */ = {isa = PBXFileReference; lastKnownFileType = image.png; path = TaloolLogoAndIcon.png; sourceTree = "<group>"; };
		81A57C8A17ECEAA400A68B71 /* SendPasswordResetViewController.h */ = {isa = PBXFileReference; fileEncoding = 4; lastKnownFileType = sourcecode.c.h; path = SendPasswordResetViewController.h; sourceTree = "<group>"; };
		81A57C8B17ECEAA400A68B71 /* SendPasswordResetViewController.m */ = {isa = PBXFileReference; fileEncoding = 4; lastKnownFileType = sourcecode.c.objc; path = SendPasswordResetViewController.m; sourceTree = "<group>"; };
		81A869AB17750B810043ACE8 /* MerchantSearchView.h */ = {isa = PBXFileReference; fileEncoding = 4; lastKnownFileType = sourcecode.c.h; path = MerchantSearchView.h; sourceTree = "<group>"; };
		81A869AC17750B810043ACE8 /* MerchantSearchView.m */ = {isa = PBXFileReference; fileEncoding = 4; lastKnownFileType = sourcecode.c.objc; path = MerchantSearchView.m; sourceTree = "<group>"; };
		81A869B117750BA30043ACE8 /* MerchantSearchView.xib */ = {isa = PBXFileReference; fileEncoding = 4; lastKnownFileType = file.xib; path = MerchantSearchView.xib; sourceTree = "<group>"; };
		81A869B3177633220043ACE8 /* MerchantSearchHelper.h */ = {isa = PBXFileReference; fileEncoding = 4; lastKnownFileType = sourcecode.c.h; path = MerchantSearchHelper.h; sourceTree = "<group>"; };
		81A869B4177633220043ACE8 /* MerchantSearchHelper.m */ = {isa = PBXFileReference; fileEncoding = 4; lastKnownFileType = sourcecode.c.objc; path = MerchantSearchHelper.m; sourceTree = "<group>"; };
		81A869B61777822E0043ACE8 /* ActivityFilterView.h */ = {isa = PBXFileReference; fileEncoding = 4; lastKnownFileType = sourcecode.c.h; path = ActivityFilterView.h; sourceTree = "<group>"; };
		81A869B71777822E0043ACE8 /* ActivityFilterView.m */ = {isa = PBXFileReference; fileEncoding = 4; lastKnownFileType = sourcecode.c.objc; path = ActivityFilterView.m; sourceTree = "<group>"; };
		81A869B91777824B0043ACE8 /* ActivityFilterView.xib */ = {isa = PBXFileReference; fileEncoding = 4; lastKnownFileType = file.xib; path = ActivityFilterView.xib; sourceTree = "<group>"; };
		81A869BB177792CB0043ACE8 /* ActivityStreamHelper.h */ = {isa = PBXFileReference; fileEncoding = 4; lastKnownFileType = sourcecode.c.h; path = ActivityStreamHelper.h; sourceTree = "<group>"; };
		81A869BC177792CB0043ACE8 /* ActivityStreamHelper.m */ = {isa = PBXFileReference; fileEncoding = 4; lastKnownFileType = sourcecode.c.objc; path = ActivityStreamHelper.m; sourceTree = "<group>"; };
		81AE459317A379D300F5643E /* Icon.png */ = {isa = PBXFileReference; lastKnownFileType = image.png; path = Icon.png; sourceTree = "<group>"; };
		81AE459417A379D300F5643E /* Icon@2x.png */ = {isa = PBXFileReference; lastKnownFileType = image.png; path = "Icon@2x.png"; sourceTree = "<group>"; };
		81AE6DAA179F77CF000596E8 /* HelpBuyDealsWithCode-568h@2x.png */ = {isa = PBXFileReference; lastKnownFileType = image.png; path = "HelpBuyDealsWithCode-568h@2x.png"; sourceTree = "<group>"; };
		81AE6DAB179F77CF000596E8 /* HelpBuyDealsWithCode.png */ = {isa = PBXFileReference; lastKnownFileType = image.png; path = HelpBuyDealsWithCode.png; sourceTree = "<group>"; };
		81AE6DAC179F77CF000596E8 /* HelpBuyDealsWithCode@2x.png */ = {isa = PBXFileReference; lastKnownFileType = image.png; path = "HelpBuyDealsWithCode@2x.png"; sourceTree = "<group>"; };
		81AE6DB017A02053000596E8 /* UIImage+H568.h */ = {isa = PBXFileReference; fileEncoding = 4; lastKnownFileType = sourcecode.c.h; path = "UIImage+H568.h"; sourceTree = "<group>"; };
		81AE6DB117A02053000596E8 /* UIImage+H568.m */ = {isa = PBXFileReference; fileEncoding = 4; lastKnownFileType = sourcecode.c.objc; path = "UIImage+H568.m"; sourceTree = "<group>"; };
		81AE6DB317A0823A000596E8 /* HeaderPromptCell.h */ = {isa = PBXFileReference; fileEncoding = 4; lastKnownFileType = sourcecode.c.h; path = HeaderPromptCell.h; sourceTree = "<group>"; };
		81AE6DB417A0823B000596E8 /* HeaderPromptCell.m */ = {isa = PBXFileReference; fileEncoding = 4; lastKnownFileType = sourcecode.c.objc; path = HeaderPromptCell.m; sourceTree = "<group>"; };
		81AE6DCB17A1BB78000596E8 /* GiftActionBar2View.h */ = {isa = PBXFileReference; fileEncoding = 4; lastKnownFileType = sourcecode.c.h; path = GiftActionBar2View.h; sourceTree = "<group>"; };
		81AE6DCC17A1BB78000596E8 /* GiftActionBar2View.m */ = {isa = PBXFileReference; fileEncoding = 4; lastKnownFileType = sourcecode.c.objc; path = GiftActionBar2View.m; sourceTree = "<group>"; };
		81AE6DD117A1BB99000596E8 /* GiftActionBar2View.xib */ = {isa = PBXFileReference; fileEncoding = 4; lastKnownFileType = file.xib; path = GiftActionBar2View.xib; sourceTree = "<group>"; };
		81AE6DD317A1BE75000596E8 /* DefaultGiftLayoutState.h */ = {isa = PBXFileReference; fileEncoding = 4; lastKnownFileType = sourcecode.c.h; path = DefaultGiftLayoutState.h; sourceTree = "<group>"; };
		81AE6DD417A1BE75000596E8 /* DefaultGiftLayoutState.m */ = {isa = PBXFileReference; fileEncoding = 4; lastKnownFileType = sourcecode.c.objc; path = DefaultGiftLayoutState.m; sourceTree = "<group>"; };
		81AE6DD617A1CE09000596E8 /* GiftDetailCell.h */ = {isa = PBXFileReference; fileEncoding = 4; lastKnownFileType = sourcecode.c.h; path = GiftDetailCell.h; sourceTree = "<group>"; };
		81AE6DD717A1CE09000596E8 /* GiftDetailCell.m */ = {isa = PBXFileReference; fileEncoding = 4; lastKnownFileType = sourcecode.c.objc; path = GiftDetailCell.m; sourceTree = "<group>"; };
		81AE6DD917A1D938000596E8 /* ribbonbadge.png */ = {isa = PBXFileReference; lastKnownFileType = image.png; path = ribbonbadge.png; sourceTree = "<group>"; };
		81AE6DDA17A1D938000596E8 /* ribbonbadge@2x.png */ = {isa = PBXFileReference; lastKnownFileType = image.png; path = "ribbonbadge@2x.png"; sourceTree = "<group>"; };
		81BB9143181ABB3A00C4D2CF /* BraintreeHelper.h */ = {isa = PBXFileReference; fileEncoding = 4; lastKnownFileType = sourcecode.c.h; path = BraintreeHelper.h; sourceTree = "<group>"; };
		81BD126917870F4E00AF7475 /* DealOfferTableViewController.h */ = {isa = PBXFileReference; fileEncoding = 4; lastKnownFileType = sourcecode.c.h; path = DealOfferTableViewController.h; sourceTree = "<group>"; };
		81BD126A17870F4E00AF7475 /* DealOfferTableViewController.m */ = {isa = PBXFileReference; fileEncoding = 4; lastKnownFileType = sourcecode.c.objc; path = DealOfferTableViewController.m; sourceTree = "<group>"; };
		81BD127117872ACF00AF7475 /* OfferActionView.h */ = {isa = PBXFileReference; fileEncoding = 4; lastKnownFileType = sourcecode.c.h; path = OfferActionView.h; sourceTree = "<group>"; };
		81BD127217872AD000AF7475 /* OfferActionView.m */ = {isa = PBXFileReference; fileEncoding = 4; lastKnownFileType = sourcecode.c.objc; path = OfferActionView.m; sourceTree = "<group>"; };
		81BD127417872AEB00AF7475 /* OfferActionView.xib */ = {isa = PBXFileReference; fileEncoding = 4; lastKnownFileType = file.xib; path = OfferActionView.xib; sourceTree = "<group>"; };
		81BD12761787575A00AF7475 /* OfferSummaryCell.h */ = {isa = PBXFileReference; fileEncoding = 4; lastKnownFileType = sourcecode.c.h; path = OfferSummaryCell.h; sourceTree = "<group>"; };
		81BD12771787575A00AF7475 /* OfferSummaryCell.m */ = {isa = PBXFileReference; fileEncoding = 4; lastKnownFileType = sourcecode.c.objc; path = OfferSummaryCell.m; sourceTree = "<group>"; };
		81BD12791787602A00AF7475 /* MapCell.h */ = {isa = PBXFileReference; fileEncoding = 4; lastKnownFileType = sourcecode.c.h; path = MapCell.h; sourceTree = "<group>"; };
		81BD127A1787602A00AF7475 /* MapCell.m */ = {isa = PBXFileReference; fileEncoding = 4; lastKnownFileType = sourcecode.c.objc; path = MapCell.m; sourceTree = "<group>"; };
		81BD129E178F117500AF7475 /* MerchantTableViewController.h */ = {isa = PBXFileReference; fileEncoding = 4; lastKnownFileType = sourcecode.c.h; path = MerchantTableViewController.h; sourceTree = "<group>"; };
		81BD129F178F117500AF7475 /* MerchantTableViewController.m */ = {isa = PBXFileReference; fileEncoding = 4; lastKnownFileType = sourcecode.c.objc; path = MerchantTableViewController.m; sourceTree = "<group>"; };
		81BD12A8178F37B200AF7475 /* DealTableViewController.h */ = {isa = PBXFileReference; fileEncoding = 4; lastKnownFileType = sourcecode.c.h; path = DealTableViewController.h; sourceTree = "<group>"; };
		81BD12A9178F37B200AF7475 /* DealTableViewController.m */ = {isa = PBXFileReference; fileEncoding = 4; lastKnownFileType = sourcecode.c.objc; path = DealTableViewController.m; sourceTree = "<group>"; };
		81BD12B1178F453B00AF7475 /* DealDetailCell.h */ = {isa = PBXFileReference; fileEncoding = 4; lastKnownFileType = sourcecode.c.h; path = DealDetailCell.h; sourceTree = "<group>"; };
		81BD12B2178F453C00AF7475 /* DealDetailCell.m */ = {isa = PBXFileReference; fileEncoding = 4; lastKnownFileType = sourcecode.c.objc; path = DealDetailCell.m; sourceTree = "<group>"; };
		81BD12B7178F457600AF7475 /* BarCodeCell.h */ = {isa = PBXFileReference; fileEncoding = 4; lastKnownFileType = sourcecode.c.h; path = BarCodeCell.h; sourceTree = "<group>"; };
		81BD12B8178F457700AF7475 /* BarCodeCell.m */ = {isa = PBXFileReference; fileEncoding = 4; lastKnownFileType = sourcecode.c.objc; path = BarCodeCell.m; sourceTree = "<group>"; };
		81BD12BF1791B9C900AF7475 /* DefaultDealLayoutState.h */ = {isa = PBXFileReference; fileEncoding = 4; lastKnownFileType = sourcecode.c.h; path = DefaultDealLayoutState.h; sourceTree = "<group>"; };
		81BD12C01791B9CA00AF7475 /* DefaultDealLayoutState.m */ = {isa = PBXFileReference; fileEncoding = 4; lastKnownFileType = sourcecode.c.objc; path = DefaultDealLayoutState.m; sourceTree = "<group>"; };
		81BD12C31791BCA300AF7475 /* DealLayoutState.h */ = {isa = PBXFileReference; fileEncoding = 4; lastKnownFileType = sourcecode.c.h; path = DealLayoutState.h; sourceTree = "<group>"; };
		81BD12C41791BCA300AF7475 /* DealLayoutState.m */ = {isa = PBXFileReference; fileEncoding = 4; lastKnownFileType = sourcecode.c.objc; path = DealLayoutState.m; sourceTree = "<group>"; };
		81E3AA5E17EB5E5F00B5EE5A /* ResetPasswordViewController.h */ = {isa = PBXFileReference; fileEncoding = 4; lastKnownFileType = sourcecode.c.h; path = ResetPasswordViewController.h; sourceTree = "<group>"; };
		81E3AA5F17EB5E5F00B5EE5A /* ResetPasswordViewController.m */ = {isa = PBXFileReference; fileEncoding = 4; lastKnownFileType = sourcecode.c.objc; path = ResetPasswordViewController.m; sourceTree = "<group>"; };
		81E3AA6117EB71D100B5EE5A /* TaloolAppCall.h */ = {isa = PBXFileReference; fileEncoding = 4; lastKnownFileType = sourcecode.c.h; path = TaloolAppCall.h; sourceTree = "<group>"; };
		81E3AA6217EB71D100B5EE5A /* TaloolAppCall.m */ = {isa = PBXFileReference; fileEncoding = 4; lastKnownFileType = sourcecode.c.objc; path = TaloolAppCall.m; sourceTree = "<group>"; };
		81E5504E17F9EB1C000BF3A5 /* TaloolLogoIcon2.png */ = {isa = PBXFileReference; lastKnownFileType = image.png; path = TaloolLogoIcon2.png; sourceTree = "<group>"; };
		81E5505017F9FB58000BF3A5 /* LoginViewController.h */ = {isa = PBXFileReference; fileEncoding = 4; lastKnownFileType = sourcecode.c.h; path = LoginViewController.h; sourceTree = "<group>"; };
		81E5505117F9FB58000BF3A5 /* LoginViewController.m */ = {isa = PBXFileReference; fileEncoding = 4; lastKnownFileType = sourcecode.c.objc; path = LoginViewController.m; sourceTree = "<group>"; };
		81F24B021750280D003A3A1A /* AddressBookUI.framework */ = {isa = PBXFileReference; lastKnownFileType = wrapper.framework; name = AddressBookUI.framework; path = System/Library/Frameworks/AddressBookUI.framework; sourceTree = SDKROOT; };
		81F24B041752E9D6003A3A1A /* TaloolUIButton.h */ = {isa = PBXFileReference; fileEncoding = 4; lastKnownFileType = sourcecode.c.h; path = TaloolUIButton.h; sourceTree = "<group>"; };
		81F24B051752E9D6003A3A1A /* TaloolUIButton.m */ = {isa = PBXFileReference; fileEncoding = 4; lastKnownFileType = sourcecode.c.objc; path = TaloolUIButton.m; sourceTree = "<group>"; };
		81F24B181754433A003A3A1A /* GradientButton.h */ = {isa = PBXFileReference; fileEncoding = 4; lastKnownFileType = sourcecode.c.h; path = GradientButton.h; sourceTree = "<group>"; };
		81F24B191754433A003A3A1A /* GradientButton.m */ = {isa = PBXFileReference; fileEncoding = 4; lastKnownFileType = sourcecode.c.objc; path = GradientButton.m; sourceTree = "<group>"; };
		81F24B22175950C9003A3A1A /* TaloolIconButton.h */ = {isa = PBXFileReference; fileEncoding = 4; lastKnownFileType = sourcecode.c.h; path = TaloolIconButton.h; sourceTree = "<group>"; };
		81F24B23175950C9003A3A1A /* TaloolIconButton.m */ = {isa = PBXFileReference; fileEncoding = 4; lastKnownFileType = sourcecode.c.objc; path = TaloolIconButton.m; sourceTree = "<group>"; };
		81F24B25175ABA66003A3A1A /* TaloolProtocols.h */ = {isa = PBXFileReference; lastKnownFileType = sourcecode.c.h; path = TaloolProtocols.h; sourceTree = "<group>"; };
		81FBEC591815ACC600751F3A /* EmailViewController.h */ = {isa = PBXFileReference; fileEncoding = 4; lastKnownFileType = sourcecode.c.h; path = EmailViewController.h; sourceTree = "<group>"; };
		81FBEC5A1815ACC600751F3A /* EmailViewController.m */ = {isa = PBXFileReference; fileEncoding = 4; lastKnownFileType = sourcecode.c.objc; path = EmailViewController.m; sourceTree = "<group>"; };
		9103110916D1E53800CEE814 /* Talool.app */ = {isa = PBXFileReference; explicitFileType = wrapper.application; includeInIndex = 0; path = Talool.app; sourceTree = BUILT_PRODUCTS_DIR; };
		9103110C16D1E53800CEE814 /* UIKit.framework */ = {isa = PBXFileReference; lastKnownFileType = wrapper.framework; name = UIKit.framework; path = System/Library/Frameworks/UIKit.framework; sourceTree = SDKROOT; };
		9103110E16D1E53800CEE814 /* Foundation.framework */ = {isa = PBXFileReference; lastKnownFileType = wrapper.framework; name = Foundation.framework; path = System/Library/Frameworks/Foundation.framework; sourceTree = SDKROOT; };
		9103111016D1E53800CEE814 /* CoreGraphics.framework */ = {isa = PBXFileReference; lastKnownFileType = wrapper.framework; name = CoreGraphics.framework; path = System/Library/Frameworks/CoreGraphics.framework; sourceTree = SDKROOT; };
		9103111416D1E53800CEE814 /* Talool-Info.plist */ = {isa = PBXFileReference; lastKnownFileType = text.plist.xml; path = "Talool-Info.plist"; sourceTree = "<group>"; };
		9103111616D1E53800CEE814 /* en */ = {isa = PBXFileReference; lastKnownFileType = text.plist.strings; name = en; path = en.lproj/InfoPlist.strings; sourceTree = "<group>"; };
		9103111816D1E53800CEE814 /* main.m */ = {isa = PBXFileReference; lastKnownFileType = sourcecode.c.objc; path = main.m; sourceTree = "<group>"; };
		9103111A16D1E53800CEE814 /* Talool-Prefix.pch */ = {isa = PBXFileReference; lastKnownFileType = sourcecode.c.h; path = "Talool-Prefix.pch"; sourceTree = "<group>"; };
		9103111B16D1E53800CEE814 /* AppDelegate.h */ = {isa = PBXFileReference; lastKnownFileType = sourcecode.c.h; path = AppDelegate.h; sourceTree = "<group>"; };
		9103111C16D1E53800CEE814 /* AppDelegate.m */ = {isa = PBXFileReference; lastKnownFileType = sourcecode.c.objc; path = AppDelegate.m; sourceTree = "<group>"; };
		9103112516D1E53800CEE814 /* en */ = {isa = PBXFileReference; lastKnownFileType = file.storyboard; name = en; path = en.lproj/MainStoryboard.storyboard; sourceTree = "<group>"; };
		9103113B16D1E53800CEE814 /* SenTestingKit.framework */ = {isa = PBXFileReference; lastKnownFileType = wrapper.framework; name = SenTestingKit.framework; path = Library/Frameworks/SenTestingKit.framework; sourceTree = DEVELOPER_DIR; };
		9103114316D1E53900CEE814 /* TaloolTests-Info.plist */ = {isa = PBXFileReference; lastKnownFileType = text.plist.xml; path = "TaloolTests-Info.plist"; sourceTree = "<group>"; };
		9103114516D1E53900CEE814 /* en */ = {isa = PBXFileReference; lastKnownFileType = text.plist.strings; name = en; path = en.lproj/InfoPlist.strings; sourceTree = "<group>"; };
		9103114716D1E53900CEE814 /* mobileTests.h */ = {isa = PBXFileReference; lastKnownFileType = sourcecode.c.h; path = mobileTests.h; sourceTree = "<group>"; };
		9103114816D1E53900CEE814 /* mobileTests.m */ = {isa = PBXFileReference; lastKnownFileType = sourcecode.c.objc; path = mobileTests.m; sourceTree = "<group>"; };
		9103115C16D3179E00CEE814 /* MerchantCell.h */ = {isa = PBXFileReference; fileEncoding = 4; lastKnownFileType = sourcecode.c.h; path = MerchantCell.h; sourceTree = "<group>"; };
		9103115D16D3179E00CEE814 /* MerchantCell.m */ = {isa = PBXFileReference; fileEncoding = 4; lastKnownFileType = sourcecode.c.objc; path = MerchantCell.m; sourceTree = "<group>"; };
		9103115F16D317E800CEE814 /* FavoriteMerchantCell.h */ = {isa = PBXFileReference; fileEncoding = 4; lastKnownFileType = sourcecode.c.h; path = FavoriteMerchantCell.h; sourceTree = "<group>"; };
		9103116016D317E800CEE814 /* FavoriteMerchantCell.m */ = {isa = PBXFileReference; fileEncoding = 4; lastKnownFileType = sourcecode.c.objc; path = FavoriteMerchantCell.m; sourceTree = "<group>"; };
		91490D301745DBD000622A85 /* CoreText.framework */ = {isa = PBXFileReference; lastKnownFileType = wrapper.framework; name = CoreText.framework; path = System/Library/Frameworks/CoreText.framework; sourceTree = SDKROOT; };
		91490D3E1746805400622A85 /* MerchantFilterControl.h */ = {isa = PBXFileReference; fileEncoding = 4; lastKnownFileType = sourcecode.c.h; path = MerchantFilterControl.h; sourceTree = "<group>"; };
		91490D3F1746805400622A85 /* MerchantFilterControl.m */ = {isa = PBXFileReference; fileEncoding = 4; lastKnownFileType = sourcecode.c.objc; path = MerchantFilterControl.m; sourceTree = "<group>"; };
		91490D7E174810A600622A85 /* CategoryHelper.h */ = {isa = PBXFileReference; fileEncoding = 4; lastKnownFileType = sourcecode.c.h; path = CategoryHelper.h; sourceTree = "<group>"; };
		91490D7F174810A600622A85 /* CategoryHelper.m */ = {isa = PBXFileReference; fileEncoding = 4; lastKnownFileType = sourcecode.c.objc; path = CategoryHelper.m; sourceTree = "<group>"; };
		914B1EBE16E3029A00C88B59 /* WelcomeViewController.h */ = {isa = PBXFileReference; fileEncoding = 4; lastKnownFileType = sourcecode.c.h; path = WelcomeViewController.h; sourceTree = "<group>"; };
		914B1EBF16E3029A00C88B59 /* WelcomeViewController.m */ = {isa = PBXFileReference; fileEncoding = 4; lastKnownFileType = sourcecode.c.objc; path = WelcomeViewController.m; sourceTree = "<group>"; };
		9161487516EAD758001C546C /* Social.framework */ = {isa = PBXFileReference; lastKnownFileType = wrapper.framework; name = Social.framework; path = System/Library/Frameworks/Social.framework; sourceTree = SDKROOT; };
		9161487816EAD76F001C546C /* Accounts.framework */ = {isa = PBXFileReference; lastKnownFileType = wrapper.framework; name = Accounts.framework; path = System/Library/Frameworks/Accounts.framework; sourceTree = SDKROOT; };
		9161487A16EAD783001C546C /* AddressBook.framework */ = {isa = PBXFileReference; lastKnownFileType = wrapper.framework; name = AddressBook.framework; path = System/Library/Frameworks/AddressBook.framework; sourceTree = SDKROOT; };
		9161488216EADC1A001C546C /* AdSupport.framework */ = {isa = PBXFileReference; lastKnownFileType = wrapper.framework; name = AdSupport.framework; path = System/Library/Frameworks/AdSupport.framework; sourceTree = SDKROOT; };
		916148CD16ED1C03001C546C /* CustomerHelper.h */ = {isa = PBXFileReference; fileEncoding = 4; lastKnownFileType = sourcecode.c.h; path = CustomerHelper.h; sourceTree = "<group>"; };
		916148CE16ED1C04001C546C /* CustomerHelper.m */ = {isa = PBXFileReference; fileEncoding = 4; lastKnownFileType = sourcecode.c.objc; path = CustomerHelper.m; sourceTree = "<group>"; };
		9168A4D9170496CC00E53EB1 /* SettingsTableViewController.h */ = {isa = PBXFileReference; fileEncoding = 4; lastKnownFileType = sourcecode.c.h; path = SettingsTableViewController.h; sourceTree = "<group>"; };
		9168A4DA170496CC00E53EB1 /* SettingsTableViewController.m */ = {isa = PBXFileReference; fileEncoding = 4; lastKnownFileType = sourcecode.c.objc; path = SettingsTableViewController.m; sourceTree = "<group>"; };
		916B1166175D69590024A037 /* Security.framework */ = {isa = PBXFileReference; lastKnownFileType = wrapper.framework; name = Security.framework; path = System/Library/Frameworks/Security.framework; sourceTree = SDKROOT; };
		917F0FD716DC66AB008A56E3 /* CoreData.framework */ = {isa = PBXFileReference; lastKnownFileType = wrapper.framework; name = CoreData.framework; path = System/Library/Frameworks/CoreData.framework; sourceTree = SDKROOT; };
		917F0FD816DC66AB008A56E3 /* CoreLocation.framework */ = {isa = PBXFileReference; lastKnownFileType = wrapper.framework; name = CoreLocation.framework; path = System/Library/Frameworks/CoreLocation.framework; sourceTree = SDKROOT; };
		9183F4C4170342B000ED4844 /* AVFoundation.framework */ = {isa = PBXFileReference; lastKnownFileType = wrapper.framework; name = AVFoundation.framework; path = System/Library/Frameworks/AVFoundation.framework; sourceTree = SDKROOT; };
		9183F4C5170342B000ED4844 /* CoreMedia.framework */ = {isa = PBXFileReference; lastKnownFileType = wrapper.framework; name = CoreMedia.framework; path = System/Library/Frameworks/CoreMedia.framework; sourceTree = SDKROOT; };
		9183F4C8170342C800ED4844 /* CoreVideo.framework */ = {isa = PBXFileReference; lastKnownFileType = wrapper.framework; name = CoreVideo.framework; path = System/Library/Frameworks/CoreVideo.framework; sourceTree = SDKROOT; };
		9183F4CA170342D500ED4844 /* ImageIO.framework */ = {isa = PBXFileReference; lastKnownFileType = wrapper.framework; name = ImageIO.framework; path = System/Library/Frameworks/ImageIO.framework; sourceTree = SDKROOT; };
		9183F4CC170342E100ED4844 /* QuartzCore.framework */ = {isa = PBXFileReference; lastKnownFileType = wrapper.framework; name = QuartzCore.framework; path = System/Library/Frameworks/QuartzCore.framework; sourceTree = SDKROOT; };
		9183F4D6170350BB00ED4844 /* ZXingObjC.framework */ = {isa = PBXFileReference; lastKnownFileType = wrapper.framework; path = ZXingObjC.framework; sourceTree = "<group>"; };
		9197F97A170CB50500BDAA58 /* SDWebImage.framework */ = {isa = PBXFileReference; lastKnownFileType = wrapper.framework; path = SDWebImage.framework; sourceTree = "<group>"; };
		9197F98C170F157200BDAA58 /* TaloolColor.h */ = {isa = PBXFileReference; fileEncoding = 4; lastKnownFileType = sourcecode.c.h; path = TaloolColor.h; sourceTree = "<group>"; };
		9197F98D170F157200BDAA58 /* TaloolColor.m */ = {isa = PBXFileReference; fileEncoding = 4; lastKnownFileType = sourcecode.c.objc; path = TaloolColor.m; sourceTree = "<group>"; };
		91986EFA16D7150400D1CA96 /* DealAcquireCell.h */ = {isa = PBXFileReference; fileEncoding = 4; lastKnownFileType = sourcecode.c.h; path = DealAcquireCell.h; sourceTree = "<group>"; };
		91986EFB16D7150400D1CA96 /* DealAcquireCell.m */ = {isa = PBXFileReference; fileEncoding = 4; lastKnownFileType = sourcecode.c.objc; path = DealAcquireCell.m; sourceTree = "<group>"; };
		91986F0A16DA88F800D1CA96 /* RegistrationViewController.h */ = {isa = PBXFileReference; fileEncoding = 4; lastKnownFileType = sourcecode.c.h; path = RegistrationViewController.h; sourceTree = "<group>"; };
		91986F0B16DA88F800D1CA96 /* RegistrationViewController.m */ = {isa = PBXFileReference; fileEncoding = 4; lastKnownFileType = sourcecode.c.objc; path = RegistrationViewController.m; sourceTree = "<group>"; };
		91986F0D16DA9E8900D1CA96 /* TaloolTabBarController.h */ = {isa = PBXFileReference; fileEncoding = 4; lastKnownFileType = sourcecode.c.h; path = TaloolTabBarController.h; sourceTree = "<group>"; };
		91986F0E16DA9E8900D1CA96 /* TaloolTabBarController.m */ = {isa = PBXFileReference; fileEncoding = 4; lastKnownFileType = sourcecode.c.objc; path = TaloolTabBarController.m; sourceTree = "<group>"; };
		919A330A17447C390093FAC4 /* MerchantLocationViewController.h */ = {isa = PBXFileReference; fileEncoding = 4; lastKnownFileType = sourcecode.c.h; path = MerchantLocationViewController.h; sourceTree = "<group>"; };
		919A330B17447C3A0093FAC4 /* MerchantLocationViewController.m */ = {isa = PBXFileReference; fileEncoding = 4; lastKnownFileType = sourcecode.c.objc; path = MerchantLocationViewController.m; sourceTree = "<group>"; };
		919A3310174510A90093FAC4 /* MapKit.framework */ = {isa = PBXFileReference; lastKnownFileType = wrapper.framework; name = MapKit.framework; path = System/Library/Frameworks/MapKit.framework; sourceTree = SDKROOT; };
		919A3312174516610093FAC4 /* MerchantLocationAnnotation.h */ = {isa = PBXFileReference; fileEncoding = 4; lastKnownFileType = sourcecode.c.h; path = MerchantLocationAnnotation.h; sourceTree = "<group>"; };
		919A3313174516610093FAC4 /* MerchantLocationAnnotation.m */ = {isa = PBXFileReference; fileEncoding = 4; lastKnownFileType = sourcecode.c.objc; path = MerchantLocationAnnotation.m; sourceTree = "<group>"; };
		919A331517452F1B0093FAC4 /* LocationCell.h */ = {isa = PBXFileReference; fileEncoding = 4; lastKnownFileType = sourcecode.c.h; path = LocationCell.h; sourceTree = "<group>"; };
		919A331617452F1B0093FAC4 /* LocationCell.m */ = {isa = PBXFileReference; fileEncoding = 4; lastKnownFileType = sourcecode.c.objc; path = LocationCell.m; sourceTree = "<group>"; };
		91CC60BD16F5222C00647AEC /* FacebookHelper.h */ = {isa = PBXFileReference; fileEncoding = 4; lastKnownFileType = sourcecode.c.h; path = FacebookHelper.h; sourceTree = "<group>"; };
		91CC60BE16F5222C00647AEC /* FacebookHelper.m */ = {isa = PBXFileReference; fileEncoding = 4; lastKnownFileType = sourcecode.c.objc; path = FacebookHelper.m; sourceTree = "<group>"; };
/* End PBXFileReference section */

/* Begin PBXFrameworksBuildPhase section */
		9103110616D1E53800CEE814 /* Frameworks */ = {
			isa = PBXFrameworksBuildPhase;
			buildActionMask = 2147483647;
			files = (
				916B1167175D69590024A037 /* Security.framework in Frameworks */,
				81F24B031750280D003A3A1A /* AddressBookUI.framework in Frameworks */,
				91490D311745DBD000622A85 /* CoreText.framework in Frameworks */,
				919A3311174510AA0093FAC4 /* MapKit.framework in Frameworks */,
				9183F4CD170342E200ED4844 /* QuartzCore.framework in Frameworks */,
				9183F4CB170342D500ED4844 /* ImageIO.framework in Frameworks */,
				9183F4C9170342C800ED4844 /* CoreVideo.framework in Frameworks */,
				9183F4C6170342B000ED4844 /* AVFoundation.framework in Frameworks */,
				9183F4C7170342B000ED4844 /* CoreMedia.framework in Frameworks */,
				9161488316EADC1A001C546C /* AdSupport.framework in Frameworks */,
				9161487616EAD758001C546C /* Social.framework in Frameworks */,
				9161487916EAD76F001C546C /* Accounts.framework in Frameworks */,
				917F0FD916DC66AB008A56E3 /* CoreData.framework in Frameworks */,
				917F0FDA16DC66AB008A56E3 /* CoreLocation.framework in Frameworks */,
				9103110D16D1E53800CEE814 /* UIKit.framework in Frameworks */,
				9103110F16D1E53800CEE814 /* Foundation.framework in Frameworks */,
				9103111116D1E53800CEE814 /* CoreGraphics.framework in Frameworks */,
				9161487B16EAD783001C546C /* AddressBook.framework in Frameworks */,
				9183F4D7170350BB00ED4844 /* ZXingObjC.framework in Frameworks */,
				9197F97B170CB50500BDAA58 /* SDWebImage.framework in Frameworks */,
				6D1542516A0F4B2F8BB1C81A /* libPods.a in Frameworks */,
			);
			runOnlyForDeploymentPostprocessing = 0;
		};
/* End PBXFrameworksBuildPhase section */

/* Begin PBXGroup section */
		810BB7441781FFCF00C65540 /* Help Controllers */ = {
			isa = PBXGroup;
			children = (
				817914AA1798D34300576CDD /* HelpNetworkFailureViewController.h */,
				817914AB1798D34300576CDD /* HelpNetworkFailureViewController.m */,
			);
			name = "Help Controllers";
			sourceTree = "<group>";
		};
		8146D18217749F440035F589 /* Merchant Detail */ = {
			isa = PBXGroup;
			children = (
				919A330A17447C390093FAC4 /* MerchantLocationViewController.h */,
				919A330B17447C3A0093FAC4 /* MerchantLocationViewController.m */,
				81BD129E178F117500AF7475 /* MerchantTableViewController.h */,
				81BD129F178F117500AF7475 /* MerchantTableViewController.m */,
			);
			name = "Merchant Detail";
			sourceTree = "<group>";
		};
		8146D1831774A00A0035F589 /* Navigation Controllers */ = {
			isa = PBXGroup;
			children = (
				8146D173177394BC0035F589 /* MyDealsViewController.h */,
				8146D174177394BC0035F589 /* MyDealsViewController.m */,
				8146D1761773EF110035F589 /* ActivityViewController.h */,
				8146D1771773EF130035F589 /* ActivityViewController.m */,
				8108CBB91836D065006E39EC /* FindDealsTableViewController.h */,
				8108CBBA1836D065006E39EC /* FindDealsTableViewController.m */,
			);
			name = "Navigation Controllers";
			sourceTree = "<group>";
		};
		8146D1841774A0480035F589 /* Action Views */ = {
			isa = PBXGroup;
			children = (
				811A9CBE175FE2C400B42612 /* AcceptGiftViewController.h */,
				811A9CBF175FE2C400B42612 /* AcceptGiftViewController.m */,
				81517B4717FB7F060020A688 /* ActivateCodeViewController.h */,
				81517B4817FB7F070020A688 /* ActivateCodeViewController.m */,
				81BD126917870F4E00AF7475 /* DealOfferTableViewController.h */,
				81BD126A17870F4E00AF7475 /* DealOfferTableViewController.m */,
				81BD12A8178F37B200AF7475 /* DealTableViewController.h */,
				81BD12A9178F37B200AF7475 /* DealTableViewController.m */,
				81BD12C21791BB4000AF7475 /* Deal Layouts */,
			);
			name = "Action Views";
			sourceTree = "<group>";
		};
		8146D1861774A0F80035F589 /* Customer Account */ = {
			isa = PBXGroup;
			children = (
				9168A4D9170496CC00E53EB1 /* SettingsTableViewController.h */,
				9168A4DA170496CC00E53EB1 /* SettingsTableViewController.m */,
				91986F0A16DA88F800D1CA96 /* RegistrationViewController.h */,
				91986F0B16DA88F800D1CA96 /* RegistrationViewController.m */,
				914B1EBE16E3029A00C88B59 /* WelcomeViewController.h */,
				914B1EBF16E3029A00C88B59 /* WelcomeViewController.m */,
				81E5505017F9FB58000BF3A5 /* LoginViewController.h */,
				81E5505117F9FB58000BF3A5 /* LoginViewController.m */,
				819FA957177CC563006A819B /* TaloolMobileWebViewController.h */,
				819FA958177CC563006A819B /* TaloolMobileWebViewController.m */,
				81A57C8A17ECEAA400A68B71 /* SendPasswordResetViewController.h */,
				81A57C8B17ECEAA400A68B71 /* SendPasswordResetViewController.m */,
				81E3AA5E17EB5E5F00B5EE5A /* ResetPasswordViewController.h */,
				81E3AA5F17EB5E5F00B5EE5A /* ResetPasswordViewController.m */,
				81FBEC591815ACC600751F3A /* EmailViewController.h */,
				81FBEC5A1815ACC600751F3A /* EmailViewController.m */,
			);
			name = "Customer Account";
			sourceTree = "<group>";
		};
		81AE6DEC17A2B5DA000596E8 /* Deal Offer */ = {
			isa = PBXGroup;
			children = (
				8145C45D177A1CE800880294 /* DealCell.h */,
				8145C45E177A1CE800880294 /* DealCell.m */,
				81BD12761787575A00AF7475 /* OfferSummaryCell.h */,
				81BD12771787575A00AF7475 /* OfferSummaryCell.m */,
				81BD12791787602A00AF7475 /* MapCell.h */,
				81BD127A1787602A00AF7475 /* MapCell.m */,
			);
			name = "Deal Offer";
			sourceTree = "<group>";
		};
		81AE6DED17A2B833000596E8 /* Deal and Gift */ = {
			isa = PBXGroup;
			children = (
				81BD12B1178F453B00AF7475 /* DealDetailCell.h */,
				81BD12B2178F453C00AF7475 /* DealDetailCell.m */,
				81BD12B7178F457600AF7475 /* BarCodeCell.h */,
				81BD12B8178F457700AF7475 /* BarCodeCell.m */,
				819B26BC179B1DA400744C04 /* DealLocationCell.h */,
				819B26BD179B1DA400744C04 /* DealLocationCell.m */,
				819B26BF179B203200744C04 /* DealOfferLogoCell.h */,
				819B26C0179B203200744C04 /* DealOfferLogoCell.m */,
				81AE6DD617A1CE09000596E8 /* GiftDetailCell.h */,
				81AE6DD717A1CE09000596E8 /* GiftDetailCell.m */,
			);
			name = "Deal and Gift";
			sourceTree = "<group>";
		};
		81AE6DEE17A2BCE7000596E8 /* Table Headers */ = {
			isa = PBXGroup;
			children = (
				81A869AB17750B810043ACE8 /* MerchantSearchView.h */,
				81A869AC17750B810043ACE8 /* MerchantSearchView.m */,
				81A869B117750BA30043ACE8 /* MerchantSearchView.xib */,
				81A869B61777822E0043ACE8 /* ActivityFilterView.h */,
				81A869B71777822E0043ACE8 /* ActivityFilterView.m */,
				81A869B91777824B0043ACE8 /* ActivityFilterView.xib */,
				81BD127117872ACF00AF7475 /* OfferActionView.h */,
				81BD127217872AD000AF7475 /* OfferActionView.m */,
				81BD127417872AEB00AF7475 /* OfferActionView.xib */,
				8186417A179904B500DE0C2E /* DealActionBar3View.h */,
				8186417B179904B500DE0C2E /* DealActionBar3View.m */,
				818641701798FED100DE0C2E /* DealActionBar3View.xib */,
				819B26D5179B8A8100744C04 /* MerchantActionBar3View.h */,
				819B26D6179B8A8200744C04 /* MerchantActionBar3View.m */,
				819B26D8179B8AA100744C04 /* MerchantActionBar3View.xib */,
				81AE6DCB17A1BB78000596E8 /* GiftActionBar2View.h */,
				81AE6DCC17A1BB78000596E8 /* GiftActionBar2View.m */,
				81AE6DD117A1BB99000596E8 /* GiftActionBar2View.xib */,
			);
			name = "Table Headers";
			sourceTree = "<group>";
		};
		81BD12C21791BB4000AF7475 /* Deal Layouts */ = {
			isa = PBXGroup;
			children = (
				81BD12C31791BCA300AF7475 /* DealLayoutState.h */,
				81BD12C41791BCA300AF7475 /* DealLayoutState.m */,
				81BD12BF1791B9C900AF7475 /* DefaultDealLayoutState.h */,
				81BD12C01791B9CA00AF7475 /* DefaultDealLayoutState.m */,
				81AE6DD317A1BE75000596E8 /* DefaultGiftLayoutState.h */,
				81AE6DD417A1BE75000596E8 /* DefaultGiftLayoutState.m */,
			);
			name = "Deal Layouts";
			sourceTree = "<group>";
		};
		9103110016D1E53800CEE814 = {
			isa = PBXGroup;
			children = (
				9103111216D1E53800CEE814 /* mobile */,
				9103114116D1E53900CEE814 /* mobileTests */,
				9103110B16D1E53800CEE814 /* Frameworks */,
				9103110A16D1E53800CEE814 /* Products */,
				2C02141BBEA44D77AC6B30E9 /* Pods.xcconfig */,
			);
			sourceTree = "<group>";
		};
		9103110A16D1E53800CEE814 /* Products */ = {
			isa = PBXGroup;
			children = (
				9103110916D1E53800CEE814 /* Talool.app */,
			);
			name = Products;
			sourceTree = "<group>";
		};
		9103110B16D1E53800CEE814 /* Frameworks */ = {
			isa = PBXGroup;
			children = (
				8151CBA4179452F0007894B2 /* SystemConfiguration.framework */,
				817E53841770CE180049434A /* StoreKit.framework */,
				916B1166175D69590024A037 /* Security.framework */,
				81F24B021750280D003A3A1A /* AddressBookUI.framework */,
				91490D301745DBD000622A85 /* CoreText.framework */,
				919A3310174510A90093FAC4 /* MapKit.framework */,
				9197F97A170CB50500BDAA58 /* SDWebImage.framework */,
				9183F4D6170350BB00ED4844 /* ZXingObjC.framework */,
				9183F4CC170342E100ED4844 /* QuartzCore.framework */,
				9183F4CA170342D500ED4844 /* ImageIO.framework */,
				9183F4C8170342C800ED4844 /* CoreVideo.framework */,
				9183F4C4170342B000ED4844 /* AVFoundation.framework */,
				9183F4C5170342B000ED4844 /* CoreMedia.framework */,
				9161488216EADC1A001C546C /* AdSupport.framework */,
				9161487A16EAD783001C546C /* AddressBook.framework */,
				9161487816EAD76F001C546C /* Accounts.framework */,
				9161487516EAD758001C546C /* Social.framework */,
				917F0FD716DC66AB008A56E3 /* CoreData.framework */,
				917F0FD816DC66AB008A56E3 /* CoreLocation.framework */,
				9103110C16D1E53800CEE814 /* UIKit.framework */,
				9103110E16D1E53800CEE814 /* Foundation.framework */,
				9103111016D1E53800CEE814 /* CoreGraphics.framework */,
				9103113B16D1E53800CEE814 /* SenTestingKit.framework */,
				5749444CD6524D9DB18E06E3 /* libPods.a */,
			);
			name = Frameworks;
			sourceTree = "<group>";
		};
		9103111216D1E53800CEE814 /* mobile */ = {
			isa = PBXGroup;
			children = (
				916148D016ED1C18001C546C /* Helpers */,
				81AE6DEE17A2BCE7000596E8 /* Table Headers */,
				9103117A16D467AE00CEE814 /* Table Cells */,
				91490D7A1747BE7400622A85 /* Components */,
				9103117B16D467C500CEE814 /* View Controllers */,
				9103116A16D3271D00CEE814 /* Resources */,
				9103111B16D1E53800CEE814 /* AppDelegate.h */,
				9103111C16D1E53800CEE814 /* AppDelegate.m */,
				9103112416D1E53800CEE814 /* MainStoryboard.storyboard */,
				9103111316D1E53800CEE814 /* Supporting Files */,
			);
			path = mobile;
			sourceTree = "<group>";
		};
		9103111316D1E53800CEE814 /* Supporting Files */ = {
			isa = PBXGroup;
			children = (
				819092CB17FCB2CF00699C39 /* Default-568h@2x.png */,
				819092CC17FCB2CF00699C39 /* Default.png */,
				819092CD17FCB2CF00699C39 /* Default@2x.png */,
				8157F8D217CC0DA400061B62 /* Icon_29.png */,
				8157F8D317CC0DA400061B62 /* Icon_58.png */,
				8157F8D417CC0DA400061B62 /* Icon_80.png */,
				8157F8D117CC0D8000061B62 /* Icon_120.png */,
				81AE459317A379D300F5643E /* Icon.png */,
				81AE459417A379D300F5643E /* Icon@2x.png */,
				9103111416D1E53800CEE814 /* Talool-Info.plist */,
				9103111516D1E53800CEE814 /* InfoPlist.strings */,
				9103111816D1E53800CEE814 /* main.m */,
				9103111A16D1E53800CEE814 /* Talool-Prefix.pch */,
			);
			name = "Supporting Files";
			sourceTree = "<group>";
		};
		9103114116D1E53900CEE814 /* mobileTests */ = {
			isa = PBXGroup;
			children = (
				9103114716D1E53900CEE814 /* mobileTests.h */,
				9103114816D1E53900CEE814 /* mobileTests.m */,
				9103114216D1E53900CEE814 /* Supporting Files */,
			);
			path = mobileTests;
			sourceTree = "<group>";
		};
		9103114216D1E53900CEE814 /* Supporting Files */ = {
			isa = PBXGroup;
			children = (
				9103114316D1E53900CEE814 /* TaloolTests-Info.plist */,
				9103114416D1E53900CEE814 /* InfoPlist.strings */,
			);
			name = "Supporting Files";
			sourceTree = "<group>";
		};
		9103116A16D3271D00CEE814 /* Resources */ = {
			isa = PBXGroup;
			children = (
				819A0E20183D0653008D43C8 /* DealOfferIcon.png */,
				819A0E24183D19E9008D43C8 /* DealOfferBG.png */,
				819092D117FCCB0800699C39 /* compass.png */,
				819092D317FCCB3B00699C39 /* no-wifi-icon.png */,
				81517B4C17FBB5470020A688 /* hero-568h@2x.png */,
				81517B4D17FBB5470020A688 /* hero@2x.png */,
				81E5504E17F9EB1C000BF3A5 /* TaloolLogoIcon2.png */,
				81A57C8617EBA57A00A68B71 /* TaloolLogoAndIcon.png */,
				81058AF817B70D1900BDD260 /* HelpDealOffers-568h@2x.png */,
				81058AF917B70D1900BDD260 /* HelpDealOffers.png */,
				81058AFA17B70D1900BDD260 /* HelpDealOffers@2x.png */,
				81AE6DD917A1D938000596E8 /* ribbonbadge.png */,
				81AE6DDA17A1D938000596E8 /* ribbonbadge@2x.png */,
				81AE6DAA179F77CF000596E8 /* HelpBuyDealsWithCode-568h@2x.png */,
				81AE6DAB179F77CF000596E8 /* HelpBuyDealsWithCode.png */,
				81AE6DAC179F77CF000596E8 /* HelpBuyDealsWithCode@2x.png */,
				81937B1A176A38BB002DDCA8 /* 000.png */,
			);
			name = Resources;
			sourceTree = "<group>";
		};
		9103117A16D467AE00CEE814 /* Table Cells */ = {
			isa = PBXGroup;
			children = (
				9103115C16D3179E00CEE814 /* MerchantCell.h */,
				9103115D16D3179E00CEE814 /* MerchantCell.m */,
				9103115F16D317E800CEE814 /* FavoriteMerchantCell.h */,
				9103116016D317E800CEE814 /* FavoriteMerchantCell.m */,
				91986EFA16D7150400D1CA96 /* DealAcquireCell.h */,
				91986EFB16D7150400D1CA96 /* DealAcquireCell.m */,
				919A331517452F1B0093FAC4 /* LocationCell.h */,
				919A331617452F1B0093FAC4 /* LocationCell.m */,
				8146D167177274450035F589 /* ActivityCell.h */,
				8146D168177274450035F589 /* ActivityCell.m */,
				8108CBB61836D032006E39EC /* DealOfferCell.h */,
				8108CBB71836D032006E39EC /* DealOfferCell.m */,
				81AE6DEC17A2B5DA000596E8 /* Deal Offer */,
				81AE6DED17A2B833000596E8 /* Deal and Gift */,
				819B26E7179C6F5E00744C04 /* FooterPromptCell.h */,
				819B26E8179C6F5E00744C04 /* FooterPromptCell.m */,
				81AE6DB317A0823A000596E8 /* HeaderPromptCell.h */,
				81AE6DB417A0823B000596E8 /* HeaderPromptCell.m */,
			);
			name = "Table Cells";
			sourceTree = "<group>";
		};
		9103117B16D467C500CEE814 /* View Controllers */ = {
			isa = PBXGroup;
			children = (
				81471F3D179F0B3800C6DAB8 /* SplashViewController.h */,
				81471F3E179F0B3800C6DAB8 /* SplashViewController.m */,
				91986F0D16DA9E8900D1CA96 /* TaloolTabBarController.h */,
				91986F0E16DA9E8900D1CA96 /* TaloolTabBarController.m */,
				810BB7441781FFCF00C65540 /* Help Controllers */,
				8146D1831774A00A0035F589 /* Navigation Controllers */,
				8146D18217749F440035F589 /* Merchant Detail */,
				8146D1841774A0480035F589 /* Action Views */,
				8146D1861774A0F80035F589 /* Customer Account */,
			);
			name = "View Controllers";
			sourceTree = "<group>";
		};
		91490D7A1747BE7400622A85 /* Components */ = {
			isa = PBXGroup;
			children = (
				919A3312174516610093FAC4 /* MerchantLocationAnnotation.h */,
				919A3313174516610093FAC4 /* MerchantLocationAnnotation.m */,
				91490D3E1746805400622A85 /* MerchantFilterControl.h */,
				91490D3F1746805400622A85 /* MerchantFilterControl.m */,
				819FA954177BA2CE006A819B /* ActivityFilterControl.h */,
				819FA955177BA2CE006A819B /* ActivityFilterControl.m */,
				81F24B181754433A003A3A1A /* GradientButton.h */,
				81F24B191754433A003A3A1A /* GradientButton.m */,
				81F24B041752E9D6003A3A1A /* TaloolUIButton.h */,
				81F24B051752E9D6003A3A1A /* TaloolUIButton.m */,
				81F24B22175950C9003A3A1A /* TaloolIconButton.h */,
				81F24B23175950C9003A3A1A /* TaloolIconButton.m */,
				810BB75D1783295500C65540 /* KeyboardAccessoryView.h */,
				810BB75E1783295500C65540 /* KeyboardAccessoryView.m */,
				810BB7601783296D00C65540 /* KeyboardAccessoryView.xib */,
				81517B5017FC62650020A688 /* TaloolTextField.h */,
				81517B5117FC62650020A688 /* TaloolTextField.m */,
			);
			name = Components;
			sourceTree = "<group>";
		};
		916148D016ED1C18001C546C /* Helpers */ = {
			isa = PBXGroup;
			children = (
				81BB9143181ABB3A00C4D2CF /* BraintreeHelper.h */,
				81F24B25175ABA66003A3A1A /* TaloolProtocols.h */,
				916148CD16ED1C03001C546C /* CustomerHelper.h */,
				916148CE16ED1C04001C546C /* CustomerHelper.m */,
				91CC60BD16F5222C00647AEC /* FacebookHelper.h */,
				91CC60BE16F5222C00647AEC /* FacebookHelper.m */,
				9197F98C170F157200BDAA58 /* TaloolColor.h */,
				9197F98D170F157200BDAA58 /* TaloolColor.m */,
				91490D7E174810A600622A85 /* CategoryHelper.h */,
				91490D7F174810A600622A85 /* CategoryHelper.m */,
				81937B2A176B6B1E002DDCA8 /* TextureHelper.h */,
				81937B2B176B6B1E002DDCA8 /* TextureHelper.m */,
				81A869B3177633220043ACE8 /* MerchantSearchHelper.h */,
				81A869B4177633220043ACE8 /* MerchantSearchHelper.m */,
				81A869BB177792CB0043ACE8 /* ActivityStreamHelper.h */,
				81A869BC177792CB0043ACE8 /* ActivityStreamHelper.m */,
				819FA951177B99DD006A819B /* IconHelper.h */,
				819FA952177B99DD006A819B /* IconHelper.m */,
				81AE6DB017A02053000596E8 /* UIImage+H568.h */,
				81AE6DB117A02053000596E8 /* UIImage+H568.m */,
				81E3AA6117EB71D100B5EE5A /* TaloolAppCall.h */,
				81E3AA6217EB71D100B5EE5A /* TaloolAppCall.m */,
			);
			name = Helpers;
			sourceTree = "<group>";
		};
/* End PBXGroup section */

/* Begin PBXNativeTarget section */
		9103110816D1E53800CEE814 /* Talool */ = {
			isa = PBXNativeTarget;
			buildConfigurationList = 9103114C16D1E53900CEE814 /* Build configuration list for PBXNativeTarget "Talool" */;
			buildPhases = (
				CA0F455FCD9744A4B2147823 /* Check Pods Manifest.lock */,
				9103110516D1E53800CEE814 /* Sources */,
				9103110616D1E53800CEE814 /* Frameworks */,
				9103110716D1E53800CEE814 /* Resources */,
				E1C8E4AD2E734CCCB3B1E811 /* Copy Pods Resources */,
			);
			buildRules = (
			);
			dependencies = (
			);
			name = Talool;
			productName = mobile;
			productReference = 9103110916D1E53800CEE814 /* Talool.app */;
			productType = "com.apple.product-type.application";
		};
/* End PBXNativeTarget section */

/* Begin PBXProject section */
		9103110116D1E53800CEE814 /* Project object */ = {
			isa = PBXProject;
			attributes = {
				LastUpgradeCheck = 0460;
				ORGANIZATIONNAME = "Douglas McCuen";
				TargetAttributes = {
					9103110816D1E53800CEE814 = {
						DevelopmentTeam = JWR4CXD4VG;
					};
				};
			};
			buildConfigurationList = 9103110416D1E53800CEE814 /* Build configuration list for PBXProject "Talool" */;
			compatibilityVersion = "Xcode 3.2";
			developmentRegion = English;
			hasScannedForEncodings = 0;
			knownRegions = (
				en,
			);
			mainGroup = 9103110016D1E53800CEE814;
			productRefGroup = 9103110A16D1E53800CEE814 /* Products */;
			projectDirPath = "";
			projectRoot = "";
			targets = (
				9103110816D1E53800CEE814 /* Talool */,
			);
		};
/* End PBXProject section */

/* Begin PBXResourcesBuildPhase section */
		9103110716D1E53800CEE814 /* Resources */ = {
			isa = PBXResourcesBuildPhase;
			buildActionMask = 2147483647;
			files = (
				81867EC817CFEC7A0069EC9E /* Icon_120.png in Resources */,
				9103111716D1E53800CEE814 /* InfoPlist.strings in Resources */,
				9103112616D1E53800CEE814 /* MainStoryboard.storyboard in Resources */,
				81517B4F17FBB5470020A688 /* hero@2x.png in Resources */,
				81937B1B176A38BB002DDCA8 /* 000.png in Resources */,
				81A869B217750BA30043ACE8 /* MerchantSearchView.xib in Resources */,
				81A869BA1777824B0043ACE8 /* ActivityFilterView.xib in Resources */,
				810BB7611783296D00C65540 /* KeyboardAccessoryView.xib in Resources */,
				81BD127517872AEB00AF7475 /* OfferActionView.xib in Resources */,
				818641711798FED100DE0C2E /* DealActionBar3View.xib in Resources */,
				81A57C8717EBA57A00A68B71 /* TaloolLogoAndIcon.png in Resources */,
				819B26D9179B8AA200744C04 /* MerchantActionBar3View.xib in Resources */,
				81517B4E17FBB5470020A688 /* hero-568h@2x.png in Resources */,
				8157F8D517CC0DA400061B62 /* Icon_29.png in Resources */,
				81AE6DAD179F77CF000596E8 /* HelpBuyDealsWithCode-568h@2x.png in Resources */,
				81AE6DAE179F77CF000596E8 /* HelpBuyDealsWithCode.png in Resources */,
				8157F8D617CC0DA400061B62 /* Icon_58.png in Resources */,
				81AE6DAF179F77CF000596E8 /* HelpBuyDealsWithCode@2x.png in Resources */,
				819092CE17FCB2CF00699C39 /* Default-568h@2x.png in Resources */,
				8157F8D717CC0DA400061B62 /* Icon_80.png in Resources */,
				81AE6DD217A1BB99000596E8 /* GiftActionBar2View.xib in Resources */,
				81AE6DDB17A1D938000596E8 /* ribbonbadge.png in Resources */,
				819A0E21183D0653008D43C8 /* DealOfferIcon.png in Resources */,
				819092D417FCCB3B00699C39 /* no-wifi-icon.png in Resources */,
				81AE6DDC17A1D938000596E8 /* ribbonbadge@2x.png in Resources */,
				81AE459517A379D300F5643E /* Icon.png in Resources */,
				81AE459617A379D300F5643E /* Icon@2x.png in Resources */,
				81058AFB17B70D1900BDD260 /* HelpDealOffers-568h@2x.png in Resources */,
				81058AFC17B70D1900BDD260 /* HelpDealOffers.png in Resources */,
				819092CF17FCB2CF00699C39 /* Default.png in Resources */,
				819092D017FCB2CF00699C39 /* Default@2x.png in Resources */,
				819A0E25183D19E9008D43C8 /* DealOfferBG.png in Resources */,
				81058AFD17B70D1900BDD260 /* HelpDealOffers@2x.png in Resources */,
				81E5504F17F9EB1C000BF3A5 /* TaloolLogoIcon2.png in Resources */,
				819092D217FCCB0800699C39 /* compass.png in Resources */,
			);
			runOnlyForDeploymentPostprocessing = 0;
		};
/* End PBXResourcesBuildPhase section */

/* Begin PBXShellScriptBuildPhase section */
		CA0F455FCD9744A4B2147823 /* Check Pods Manifest.lock */ = {
			isa = PBXShellScriptBuildPhase;
			buildActionMask = 2147483647;
			files = (
			);
			inputPaths = (
			);
			name = "Check Pods Manifest.lock";
			outputPaths = (
			);
			runOnlyForDeploymentPostprocessing = 0;
			shellPath = /bin/sh;
			shellScript = "diff \"${PODS_ROOT}/../Podfile.lock\" \"${PODS_ROOT}/Manifest.lock\" > /dev/null\nif [[ $? != 0 ]] ; then\n    cat << EOM\nerror: The sandbox is not in sync with the Podfile.lock. Run 'pod install' or update your CocoaPods installation.\nEOM\n    exit 1\nfi\n";
			showEnvVarsInLog = 0;
		};
		E1C8E4AD2E734CCCB3B1E811 /* Copy Pods Resources */ = {
			isa = PBXShellScriptBuildPhase;
			buildActionMask = 2147483647;
			files = (
			);
			inputPaths = (
			);
			name = "Copy Pods Resources";
			outputPaths = (
			);
			runOnlyForDeploymentPostprocessing = 0;
			shellPath = /bin/sh;
			shellScript = "\"${SRCROOT}/Pods/Pods-resources.sh\"\n";
			showEnvVarsInLog = 0;
		};
/* End PBXShellScriptBuildPhase section */

/* Begin PBXSourcesBuildPhase section */
		9103110516D1E53800CEE814 /* Sources */ = {
			isa = PBXSourcesBuildPhase;
			buildActionMask = 2147483647;
			files = (
				81E5505217F9FB58000BF3A5 /* LoginViewController.m in Sources */,
				919A331917453B120093FAC4 /* LocationCell.m in Sources */,
				919A331B17453B120093FAC4 /* MerchantLocationAnnotation.m in Sources */,
				919A331817453AF70093FAC4 /* MerchantLocationViewController.m in Sources */,
				9103111916D1E53800CEE814 /* main.m in Sources */,
				9103111D16D1E53800CEE814 /* AppDelegate.m in Sources */,
				81A57C8C17ECEAA400A68B71 /* SendPasswordResetViewController.m in Sources */,
				9103115E16D3179E00CEE814 /* MerchantCell.m in Sources */,
				81517B5217FC62650020A688 /* TaloolTextField.m in Sources */,
				9103116116D317E800CEE814 /* FavoriteMerchantCell.m in Sources */,
				91986EFC16D7150400D1CA96 /* DealAcquireCell.m in Sources */,
				91986F0C16DA88F900D1CA96 /* RegistrationViewController.m in Sources */,
				8108CBBB1836D065006E39EC /* FindDealsTableViewController.m in Sources */,
				91986F0F16DA9E8B00D1CA96 /* TaloolTabBarController.m in Sources */,
				914B1EC016E3029A00C88B59 /* WelcomeViewController.m in Sources */,
				916148CF16ED1C04001C546C /* CustomerHelper.m in Sources */,
				81517B4917FB7F070020A688 /* ActivateCodeViewController.m in Sources */,
				91CC60BF16F5222C00647AEC /* FacebookHelper.m in Sources */,
				81E3AA6017EB5E5F00B5EE5A /* ResetPasswordViewController.m in Sources */,
				9168A4DB170496CC00E53EB1 /* SettingsTableViewController.m in Sources */,
				9197F98E170F157200BDAA58 /* TaloolColor.m in Sources */,
				91490D401746805400622A85 /* MerchantFilterControl.m in Sources */,
				91490D80174810A600622A85 /* CategoryHelper.m in Sources */,
				81F24B061752E9D6003A3A1A /* TaloolUIButton.m in Sources */,
				81F24B1A1754433A003A3A1A /* GradientButton.m in Sources */,
				81F24B24175950CA003A3A1A /* TaloolIconButton.m in Sources */,
				811A9CC0175FE2C400B42612 /* AcceptGiftViewController.m in Sources */,
				81937B2C176B6B1E002DDCA8 /* TextureHelper.m in Sources */,
				8146D169177274450035F589 /* ActivityCell.m in Sources */,
				8146D175177394BD0035F589 /* MyDealsViewController.m in Sources */,
				8146D1781773EF140035F589 /* ActivityViewController.m in Sources */,
				81A869AD17750B810043ACE8 /* MerchantSearchView.m in Sources */,
				81A869B5177633220043ACE8 /* MerchantSearchHelper.m in Sources */,
				81A869B81777822E0043ACE8 /* ActivityFilterView.m in Sources */,
				81A869BD177792CB0043ACE8 /* ActivityStreamHelper.m in Sources */,
				8145C45F177A1CE800880294 /* DealCell.m in Sources */,
				819FA953177B99DE006A819B /* IconHelper.m in Sources */,
				819FA956177BA2CF006A819B /* ActivityFilterControl.m in Sources */,
				81FBEC5B1815ACC600751F3A /* EmailViewController.m in Sources */,
				819FA959177CC564006A819B /* TaloolMobileWebViewController.m in Sources */,
				810BB75F1783295600C65540 /* KeyboardAccessoryView.m in Sources */,
				81BD126B17870F4E00AF7475 /* DealOfferTableViewController.m in Sources */,
				81BD127317872AD000AF7475 /* OfferActionView.m in Sources */,
				81BD12781787575A00AF7475 /* OfferSummaryCell.m in Sources */,
				81BD127B1787602A00AF7475 /* MapCell.m in Sources */,
				8108CBB81836D032006E39EC /* DealOfferCell.m in Sources */,
				81BD12A0178F117700AF7475 /* MerchantTableViewController.m in Sources */,
				81BD12AA178F37B200AF7475 /* DealTableViewController.m in Sources */,
				81BD12B3178F453D00AF7475 /* DealDetailCell.m in Sources */,
				81BD12B9178F457800AF7475 /* BarCodeCell.m in Sources */,
				81BD12C11791B9CC00AF7475 /* DefaultDealLayoutState.m in Sources */,
				81BD12C51791BCA400AF7475 /* DealLayoutState.m in Sources */,
				817914AC1798D34300576CDD /* HelpNetworkFailureViewController.m in Sources */,
				8186417C179904B500DE0C2E /* DealActionBar3View.m in Sources */,
				819B26BE179B1DA400744C04 /* DealLocationCell.m in Sources */,
				819B26C1179B203200744C04 /* DealOfferLogoCell.m in Sources */,
				819B26D7179B8A8200744C04 /* MerchantActionBar3View.m in Sources */,
				81E3AA6317EB71D100B5EE5A /* TaloolAppCall.m in Sources */,
				819B26E9179C6F5F00744C04 /* FooterPromptCell.m in Sources */,
				81471F3F179F0B3900C6DAB8 /* SplashViewController.m in Sources */,
				81AE6DB217A02053000596E8 /* UIImage+H568.m in Sources */,
				81AE6DB517A0823B000596E8 /* HeaderPromptCell.m in Sources */,
				81AE6DCD17A1BB78000596E8 /* GiftActionBar2View.m in Sources */,
				81AE6DD517A1BE75000596E8 /* DefaultGiftLayoutState.m in Sources */,
				81AE6DD817A1CE0A000596E8 /* GiftDetailCell.m in Sources */,
			);
			runOnlyForDeploymentPostprocessing = 0;
		};
/* End PBXSourcesBuildPhase section */

/* Begin PBXVariantGroup section */
		9103111516D1E53800CEE814 /* InfoPlist.strings */ = {
			isa = PBXVariantGroup;
			children = (
				9103111616D1E53800CEE814 /* en */,
			);
			name = InfoPlist.strings;
			sourceTree = "<group>";
		};
		9103112416D1E53800CEE814 /* MainStoryboard.storyboard */ = {
			isa = PBXVariantGroup;
			children = (
				9103112516D1E53800CEE814 /* en */,
			);
			name = MainStoryboard.storyboard;
			sourceTree = "<group>";
		};
		9103114416D1E53900CEE814 /* InfoPlist.strings */ = {
			isa = PBXVariantGroup;
			children = (
				9103114516D1E53900CEE814 /* en */,
			);
			name = InfoPlist.strings;
			sourceTree = "<group>";
		};
/* End PBXVariantGroup section */

/* Begin XCBuildConfiguration section */
		9103114A16D1E53900CEE814 /* Debug */ = {
			isa = XCBuildConfiguration;
			buildSettings = {
				ALWAYS_SEARCH_USER_PATHS = NO;
				CLANG_CXX_LANGUAGE_STANDARD = "gnu++0x";
				CLANG_CXX_LIBRARY = "libc++";
				CLANG_ENABLE_OBJC_ARC = YES;
				CLANG_WARN_CONSTANT_CONVERSION = YES;
				CLANG_WARN_EMPTY_BODY = YES;
				CLANG_WARN_ENUM_CONVERSION = YES;
				CLANG_WARN_INT_CONVERSION = YES;
				CLANG_WARN__DUPLICATE_METHOD_MATCH = YES;
				"CODE_SIGN_IDENTITY[sdk=iphoneos*]" = "iPhone Developer";
				COPY_PHASE_STRIP = NO;
				GCC_C_LANGUAGE_STANDARD = gnu99;
				GCC_DYNAMIC_NO_PIC = NO;
				GCC_OPTIMIZATION_LEVEL = 0;
				GCC_PREPROCESSOR_DEFINITIONS = (
					"DEBUG=1",
					"$(inherited)",
				);
				GCC_SYMBOLS_PRIVATE_EXTERN = NO;
				GCC_WARN_ABOUT_RETURN_TYPE = YES;
				GCC_WARN_UNINITIALIZED_AUTOS = YES;
				GCC_WARN_UNUSED_VARIABLE = YES;
				IPHONEOS_DEPLOYMENT_TARGET = 7.0;
				ONLY_ACTIVE_ARCH = YES;
				OTHER_LDFLAGS = "${inherited}";
				PRODUCT_NAME = Talool;
				SDKROOT = iphoneos;
			};
			name = Debug;
		};
		9103114B16D1E53900CEE814 /* Release */ = {
			isa = XCBuildConfiguration;
			buildSettings = {
				ALWAYS_SEARCH_USER_PATHS = NO;
				CLANG_CXX_LANGUAGE_STANDARD = "gnu++0x";
				CLANG_CXX_LIBRARY = "libc++";
				CLANG_ENABLE_OBJC_ARC = YES;
				CLANG_WARN_CONSTANT_CONVERSION = YES;
				CLANG_WARN_EMPTY_BODY = YES;
				CLANG_WARN_ENUM_CONVERSION = YES;
				CLANG_WARN_INT_CONVERSION = YES;
				CLANG_WARN__DUPLICATE_METHOD_MATCH = YES;
				"CODE_SIGN_IDENTITY[sdk=iphoneos*]" = "iPhone Developer";
				COPY_PHASE_STRIP = YES;
				GCC_C_LANGUAGE_STANDARD = gnu99;
				GCC_WARN_ABOUT_RETURN_TYPE = YES;
				GCC_WARN_UNINITIALIZED_AUTOS = YES;
				GCC_WARN_UNUSED_VARIABLE = YES;
				IPHONEOS_DEPLOYMENT_TARGET = 7.0;
				OTHER_CFLAGS = "-DNS_BLOCK_ASSERTIONS=1";
				OTHER_LDFLAGS = "${inherited}";
				PRODUCT_NAME = Talool;
				SDKROOT = iphoneos;
				VALIDATE_PRODUCT = YES;
			};
			name = Release;
		};
		9103114D16D1E53900CEE814 /* Debug */ = {
			isa = XCBuildConfiguration;
			baseConfigurationReference = 2C02141BBEA44D77AC6B30E9 /* Pods.xcconfig */;
			buildSettings = {
				ALWAYS_SEARCH_USER_PATHS = YES;
				CODE_SIGN_IDENTITY = "iPhone Developer";
				"CODE_SIGN_IDENTITY[sdk=iphoneos*]" = "iPhone Developer";
				FRAMEWORK_SEARCH_PATHS = (
					"$(inherited)",
					"$(SRCROOT)",
					"$(DEVELOPER_FRAMEWORKS_DIR)",
				);
				GCC_PRECOMPILE_PREFIX_HEADER = YES;
				GCC_PREFIX_HEADER = "mobile/Talool-Prefix.pch";
				HEADER_SEARCH_PATHS = (
					"\"$(OBJROOT)/UninstalledProducts/include\"",
					"\"$(TARGET_BUILD_DIR)/usr/local/lib/include\"",
					"$(inherited)",
				);
				INFOPLIST_FILE = "mobile/Talool-Info.plist";
				LIBRARY_SEARCH_PATHS = (
					"$(inherited)",
					"\"$(SRCROOT)\"",
				);
				OTHER_LDFLAGS = (
					"-lsqlite3.0",
					"$(inherited)",
				);
				PRODUCT_NAME = Talool;
				PROVISIONING_PROFILE = "";
				"PROVISIONING_PROFILE[sdk=iphoneos*]" = "";
				WRAPPER_EXTENSION = app;
			};
			name = Debug;
		};
		9103114E16D1E53900CEE814 /* Release */ = {
			isa = XCBuildConfiguration;
			baseConfigurationReference = 2C02141BBEA44D77AC6B30E9 /* Pods.xcconfig */;
			buildSettings = {
				ALWAYS_SEARCH_USER_PATHS = YES;
				CODE_SIGN_IDENTITY = "iPhone Developer";
				"CODE_SIGN_IDENTITY[sdk=iphoneos*]" = "iPhone Developer";
				FRAMEWORK_SEARCH_PATHS = (
					"$(inherited)",
					"$(SRCROOT)",
					"$(DEVELOPER_FRAMEWORKS_DIR)",
				);
				GCC_PRECOMPILE_PREFIX_HEADER = YES;
				GCC_PREFIX_HEADER = "mobile/Talool-Prefix.pch";
				HEADER_SEARCH_PATHS = (
					"\"$(OBJROOT)/UninstalledProducts/include\"",
					"\"$(TARGET_BUILD_DIR)/usr/local/lib/include\"",
					"$(inherited)",
				);
				INFOPLIST_FILE = "mobile/Talool-Info.plist";
				LIBRARY_SEARCH_PATHS = (
					"$(inherited)",
					"\"$(SRCROOT)\"",
				);
				OTHER_LDFLAGS = (
					"-lsqlite3.0",
					"$(inherited)",
				);
				PRODUCT_NAME = Talool;
				PROVISIONING_PROFILE = "";
				"PROVISIONING_PROFILE[sdk=iphoneos*]" = "";
				WRAPPER_EXTENSION = app;
			};
			name = Release;
		};
/* End XCBuildConfiguration section */

/* Begin XCConfigurationList section */
		9103110416D1E53800CEE814 /* Build configuration list for PBXProject "Talool" */ = {
			isa = XCConfigurationList;
			buildConfigurations = (
				9103114A16D1E53900CEE814 /* Debug */,
				9103114B16D1E53900CEE814 /* Release */,
			);
			defaultConfigurationIsVisible = 0;
			defaultConfigurationName = Release;
		};
		9103114C16D1E53900CEE814 /* Build configuration list for PBXNativeTarget "Talool" */ = {
			isa = XCConfigurationList;
			buildConfigurations = (
				9103114D16D1E53900CEE814 /* Debug */,
				9103114E16D1E53900CEE814 /* Release */,
			);
			defaultConfigurationIsVisible = 0;
			defaultConfigurationName = Release;
		};
/* End XCConfigurationList section */
	};
	rootObject = 9103110116D1E53800CEE814 /* Project object */;
}
