PODS:
  - Braintree (2.1.2)
  - Facebook-iOS-SDK (3.8.0)
  - FontAwesomeKit (1.1.4)
  - GoogleAnalytics-iOS-SDK (3.0.1)
  - Talool-API (1.0.17):
    - GoogleAnalytics-iOS-SDK (~> 3.0.1)
  - TestFlightSDK (2.0.2)

DEPENDENCIES:
  - Braintree (from `https://github.com/braintree/braintree_ios.git`, tag `2.1.2`)
  - Facebook-iOS-SDK (~> 3.8)
  - FontAwesomeKit (~> 1.1.3)
  - GoogleAnalytics-iOS-SDK (~> 3.0.1)
  - Talool-API (from `https://github.com/talool/talool-api-ios.git`, tag `v1.0.17`)
  - TestFlightSDK (~> 2.0.2)

EXTERNAL SOURCES:
  Braintree:
    :git: https://github.com/braintree/braintree_ios.git
    :tag: 2.1.2
  Talool-API:
    :git: https://github.com/talool/talool-api-ios.git
    :tag: v1.0.17

SPEC CHECKSUMS:
  Braintree: e65cee4227df4dfc6ec396c969a1caeac4a2b039
  Facebook-iOS-SDK: 55a22fe8bcaacd638cde9014af6b3ee85f4d71fb
  FontAwesomeKit: 5898a51ceadcdb05d72b04991ecf04469332b20c
  GoogleAnalytics-iOS-SDK: 4a788a66154b395717a31bfec1050f8c47b6d122
  Talool-API: 6633090bb63bfeb065c812c8ed620a3a0783e043
  TestFlightSDK: 0811097c1f831afb71f68ccd07ae71325cb90f43

COCOAPODS: 0.26.2
